Microsoft Visual Studio Solution File, Format Version 8.00
Project("{8BC9CEB8-8B4A-11D0-8D11-00A0C91BC942}") = "Sketchbook", "Sketchbook.vcproj", "{377C59B2-FE45-4C44-84A5-43BD8CBBCCD7}"
	ProjectSection(ProjectDependencies) = postProject
	EndProjectSection
EndProject
Global
	GlobalSection(SolutionConfiguration) = preSolution
		Debug = Debug
		Debug Unicode = Debug Unicode
		Release = Release
		Release Unicode = Release Unicode
	EndGlobalSection
	GlobalSection(ProjectConfiguration) = postSolution
		{377C59B2-FE45-4C44-84A5-43BD8CBBCCD7}.Debug.ActiveCfg = Debug|Win32
		{377C59B2-FE45-4C44-84A5-43BD8CBBCCD7}.Debug.Build.0 = Debug|Win32
		{377C59B2-FE45-4C44-84A5-43BD8CBBCCD7}.Debug Unicode.ActiveCfg = Debug Unicode|Win32
		{377C59B2-FE45-4C44-84A5-43BD8CBBCCD7}.Debug Unicode.Build.0 = Debug Unicode|Win32
		{377C59B2-FE45-4C44-84A5-43BD8CBBCCD7}.Release.ActiveCfg = Release|Win32
		{377C59B2-FE45-4C44-84A5-43BD8CBBCCD7}.Release.Build.0 = Release|Win32
		{377C59B2-FE45-4C44-84A5-43BD8CBBCCD7}.Release Unicode.ActiveCfg = Release Unicode|Win32
		{377C59B2-FE45-4C44-84A5-43BD8CBBCCD7}.Release Unicode.Build.0 = Release Unicode|Win32
	EndGlobalSection
	GlobalSection(ExtensibilityGlobals) = postSolution
	EndGlobalSection
	GlobalSection(ExtensibilityAddIns) = postSolution
	EndGlobalSection
EndGlobal
