Microsoft Visual Studio Solution File, Format Version 8.00
Project("{8BC9CEB8-8B4A-11D0-8D11-00A0C91BC942}") = "CD1", "CD1.vcproj", "{12104DDB-0F43-407A-85D4-7D9A3678A5DE}"
	ProjectSection(ProjectDependencies) = postProject
	EndProjectSection
EndProject
Global
	GlobalSection(DPCodeReviewSolutionGUID) = preSolution
		DPCodeReviewSolutionGUID = {00000000-0000-0000-0000-000000000000}
	EndGlobalSection
	GlobalSection(SolutionConfiguration) = preSolution
		Debug = Debug
		Release = Release
	EndGlobalSection
	GlobalSection(ProjectConfiguration) = postSolution
		{12104DDB-0F43-407A-85D4-7D9A3678A5DE}.Debug.ActiveCfg = Debug|Win32
		{12104DDB-0F43-407A-85D4-7D9A3678A5DE}.Debug.Build.0 = Debug|Win32
		{12104DDB-0F43-407A-85D4-7D9A3678A5DE}.Release.ActiveCfg = Release|Win32
		{12104DDB-0F43-407A-85D4-7D9A3678A5DE}.Release.Build.0 = Release|Win32
	EndGlobalSection
	GlobalSection(ExtensibilityGlobals) = postSolution
	EndGlobalSection
	GlobalSection(ExtensibilityAddIns) = postSolution
	EndGlobalSection
EndGlobal
