Microsoft Visual Studio Solution File, Format Version 8.00
Project("{8BC9CEB8-8B4A-11D0-8D11-00A0C91BC942}") = "avScanTask", "avScanTask.vcproj", "{0D11FA43-6F25-43CD-A334-8B5498A13E6E}"
	ProjectSection(ProjectDependencies) = postProject
	EndProjectSection
EndProject
Project("{8BC9CEB8-8B4A-11D0-8D11-00A0C91BC942}") = "avScanTaskUnit", "UnitTest\avScanTaskUnit\avScanTaskUnit.vcproj", "{BBF92061-CC83-4C4F-B23C-6B283B4B640B}"
	ProjectSection(ProjectDependencies) = postProject
	EndProjectSection
EndProject
Project("{8BC9CEB8-8B4A-11D0-8D11-00A0C91BC942}") = "avScanTaskRes", "..\avScanTaskRes\avScanTaskRes.vcproj", "{A996501A-7F1B-43FE-B342-8E663A621C91}"
	ProjectSection(ProjectDependencies) = postProject
	EndProjectSection
EndProject
Project("{8BC9CEB8-8B4A-11D0-8D11-00A0C91BC942}") = "NAVTaskWizard", "..\NAVTaskWizard\NAVTaskWizard.vcproj", "{01D1273A-1835-4D17-A4FD-1D9DBB520E2D}"
	ProjectSection(ProjectDependencies) = postProject
	EndProjectSection
EndProject
Global
	GlobalSection(SolutionConfiguration) = preSolution
		Debug = Debug
		Release = Release
	EndGlobalSection
	GlobalSection(ProjectConfiguration) = postSolution
		{0D11FA43-6F25-43CD-A334-8B5498A13E6E}.Debug.ActiveCfg = Debug|Win32
		{0D11FA43-6F25-43CD-A334-8B5498A13E6E}.Debug.Build.0 = Debug|Win32
		{0D11FA43-6F25-43CD-A334-8B5498A13E6E}.Release.ActiveCfg = Release|Win32
		{0D11FA43-6F25-43CD-A334-8B5498A13E6E}.Release.Build.0 = Release|Win32
		{BBF92061-CC83-4C4F-B23C-6B283B4B640B}.Debug.ActiveCfg = Debug|Win32
		{BBF92061-CC83-4C4F-B23C-6B283B4B640B}.Debug.Build.0 = Debug|Win32
		{BBF92061-CC83-4C4F-B23C-6B283B4B640B}.Release.ActiveCfg = Release|Win32
		{BBF92061-CC83-4C4F-B23C-6B283B4B640B}.Release.Build.0 = Release|Win32
		{A996501A-7F1B-43FE-B342-8E663A621C91}.Debug.ActiveCfg = Debug|Win32
		{A996501A-7F1B-43FE-B342-8E663A621C91}.Debug.Build.0 = Debug|Win32
		{A996501A-7F1B-43FE-B342-8E663A621C91}.Release.ActiveCfg = Release|Win32
		{A996501A-7F1B-43FE-B342-8E663A621C91}.Release.Build.0 = Release|Win32
		{01D1273A-1835-4D17-A4FD-1D9DBB520E2D}.Debug.ActiveCfg = Debug|Win32
		{01D1273A-1835-4D17-A4FD-1D9DBB520E2D}.Debug.Build.0 = Debug|Win32
		{01D1273A-1835-4D17-A4FD-1D9DBB520E2D}.Release.ActiveCfg = Release|Win32
		{01D1273A-1835-4D17-A4FD-1D9DBB520E2D}.Release.Build.0 = Release|Win32
	EndGlobalSection
	GlobalSection(ExtensibilityGlobals) = postSolution
	EndGlobalSection
	GlobalSection(ExtensibilityAddIns) = postSolution
	EndGlobalSection
EndGlobal
