Microsoft Visual Studio Solution File, Format Version 8.00
Project("{8BC9CEB8-8B4A-11D0-8D11-00A0C91BC942}") = "NavErrorRes", "Engine\NavErrorRes\NavErrorRes.vcproj", "{5CCA9E1A-8C20-45A5-A840-6B86354C0A2C}"
	ProjectSection(ProjectDependencies) = postProject
	EndProjectSection
EndProject
Project("{8BC9CEB8-8B4A-11D0-8D11-00A0C91BC942}") = "DefAlertRes", "UI\DefAlertRes\DefAlertRes.vcproj", "{8E265390-7DAE-4E2D-B9AB-DBB779A1A7E1}"
	ProjectSection(ProjectDependencies) = postProject
	EndProjectSection
EndProject
Project("{8BC9CEB8-8B4A-11D0-8D11-00A0C91BC942}") = "NAVLogVRes", "UI\NAVLogVRes\NAVLogVRes.vcproj", "{5CA723E5-A6B2-4278-86E4-E7618250169C}"
	ProjectSection(ProjectDependencies) = postProject
	EndProjectSection
EndProject
Project("{8BC9CEB8-8B4A-11D0-8D11-00A0C91BC942}") = "NAVLUCbkRes", "Engine\NAVLUCbkRes\NAVLUCbkRes.vcproj", "{88EAFAB7-9483-4B44-AB08-070DE7C5E1DB}"
	ProjectSection(ProjectDependencies) = postProject
	EndProjectSection
EndProject
Project("{8BC9CEB8-8B4A-11D0-8D11-00A0C91BC942}") = "NavOptionsRes", "UI\NavOptionsRes\NavOptionsRes.vcproj", "{35957F74-A959-48E9-933E-FB2063B33F36}"
	ProjectSection(ProjectDependencies) = postProject
	EndProjectSection
EndProject
Project("{8BC9CEB8-8B4A-11D0-8D11-00A0C91BC942}") = "CDStartRes", "Install\CDStartRes\CDStartRes.vcproj", "{BFFE8090-4E74-46AC-9097-435F4A8FFDCA}"
	ProjectSection(ProjectDependencies) = postProject
	EndProjectSection
EndProject
Project("{8BC9CEB8-8B4A-11D0-8D11-00A0C91BC942}") = "IWPLogRes", "UI\SNLogRes\SNLogRes.vcproj", "{CCAE0B89-4B3A-4926-B0C5-98D57F15CF88}"
	ProjectSection(ProjectDependencies) = postProject
	EndProjectSection
EndProject
Project("{8BC9CEB8-8B4A-11D0-8D11-00A0C91BC942}") = "NAVComUIRes", "UI\NavComUIRes\NAVComUIRes.vcproj", "{0FAE8BE8-C03B-45C8-8420-658C5E9E15F5}"
	ProjectSection(ProjectDependencies) = postProject
	EndProjectSection
EndProject
Project("{8BC9CEB8-8B4A-11D0-8D11-00A0C91BC942}") = "NavOptionsStubRes", "UI\NavOptionsStubRes\NavOptionsStubRes.vcproj", "{2B94006B-0129-4BC8-A0D2-C145E6FB740D}"
	ProjectSection(ProjectDependencies) = postProject
	EndProjectSection
EndProject
Project("{8BC9CEB8-8B4A-11D0-8D11-00A0C91BC942}") = "NavProdRes", "Engine\NavProdRes\NavProdRes.vcproj", "{E4D7E859-C60D-4E47-B69C-041219237036}"
	ProjectSection(ProjectDependencies) = postProject
	EndProjectSection
EndProject
Project("{8BC9CEB8-8B4A-11D0-8D11-00A0C91BC942}") = "Navw32Res", "Engine\Navw32Res\Navw32Res.vcproj", "{FC0D964E-FFFE-4318-BD2A-B6CE6A2776B9}"
	ProjectSection(ProjectDependencies) = postProject
	EndProjectSection
EndProject
Project("{8BC9CEB8-8B4A-11D0-8D11-00A0C91BC942}") = "OfficeAVRes", "Engine\OfficeAVRes\OfficeAVRes.vcproj", "{0FAE8BE8-C03B-45C8-8420-658C5E9E15F5}"
	ProjectSection(ProjectDependencies) = postProject
	EndProjectSection
EndProject
Project("{8BC9CEB8-8B4A-11D0-8D11-00A0C91BC942}") = "NavSetupRes", "Install\SymSetupRes\NAVSetupRes.vcproj", "{AB4BBD0A-55A5-416E-AB5A-CB49F4292E7C}"
	ProjectSection(ProjectDependencies) = postProject
	EndProjectSection
EndProject
Project("{8BC9CEB8-8B4A-11D0-8D11-00A0C91BC942}") = "AvProdAppRes", "UI\AvProdAppRes\AvProdAppRes.vcproj", "{509C3687-8AC1-450D-B649-374F12AF969E}"
	ProjectSection(ProjectDependencies) = postProject
	EndProjectSection
EndProject
Project("{8BC9CEB8-8B4A-11D0-8D11-00A0C91BC942}") = "AvProdServiceRes", "Engine\AvProdServiceRes\AvProdServiceRes.vcproj", "{6DA35C42-3C69-4D93-9C6F-DE30806C31AF}"
	ProjectSection(ProjectDependencies) = postProject
	EndProjectSection
EndProject
Project("{8BC9CEB8-8B4A-11D0-8D11-00A0C91BC942}") = "avScanTaskRes", "UI\avScanTaskRes\avScanTaskRes.vcproj", "{A996501A-7F1B-43FE-B342-8E663A621C91}"
	ProjectSection(ProjectDependencies) = postProject
	EndProjectSection
EndProject
Project("{8BC9CEB8-8B4A-11D0-8D11-00A0C91BC942}") = "AVSubmitRes", "Engine\AVSubmitRes\AVSubmitRes.vcproj", "{B4FCB84A-E337-4D11-9112-3739700695A8}"
	ProjectSection(ProjectDependencies) = postProject
	EndProjectSection
EndProject
Project("{8BC9CEB8-8B4A-11D0-8D11-00A0C91BC942}") = "NAVUIHTM", "UI\NAVUIHTM\NAVUIHTM.vcproj", "{6E1825B3-E967-4389-8013-80066793F65F}"
	ProjectSection(ProjectDependencies) = postProject
	EndProjectSection
EndProject
Project("{8BC9CEB8-8B4A-11D0-8D11-00A0C91BC942}") = "NavTaskWizardRes", "UI\NavTaskWizardRes\NavTaskWizardRes.vcproj", "{9A5F23EB-976D-42F1-B374-A9B11E988F6A}"
	ProjectSection(ProjectDependencies) = postProject
	EndProjectSection
EndProject
Project("{8BC9CEB8-8B4A-11D0-8D11-00A0C91BC942}") = "avScanUIRes", "UI\avScanUIRes\avScanUIRes.vcproj", "{A996501A-7F1B-43FE-B342-8E663A621C91}"
	ProjectSection(ProjectDependencies) = postProject
	EndProjectSection
EndProject
Project("{8BC9CEB8-8B4A-11D0-8D11-00A0C91BC942}") = "AvScannerRes", "Install\AvScannerRes\AvScannerRes.vcproj", "{A06BF152-A54F-49F0-90B8-22178ED67701}"
	ProjectSection(ProjectDependencies) = postProject
	EndProjectSection
EndProject
Project("{8BC9CEB8-8B4A-11D0-8D11-00A0C91BC942}") = "NavShellExtExRes", "UI\NavShellExtExRes\NavShellExtExRes.vcproj", "{03255F17-D4F4-4FE8-8B57-07DBD51BF864}"
	ProjectSection(ProjectDependencies) = postProject
	EndProjectSection
EndProject
Global
	GlobalSection(SolutionConfiguration) = preSolution
		Debug = Debug
		Release = Release
	EndGlobalSection
	GlobalSection(ProjectConfiguration) = postSolution
		{5CCA9E1A-8C20-45A5-A840-6B86354C0A2C}.Debug.ActiveCfg = Debug|Win32
		{5CCA9E1A-8C20-45A5-A840-6B86354C0A2C}.Debug.Build.0 = Debug|Win32
		{5CCA9E1A-8C20-45A5-A840-6B86354C0A2C}.Release.ActiveCfg = Release|Win32
		{5CCA9E1A-8C20-45A5-A840-6B86354C0A2C}.Release.Build.0 = Release|Win32
		{8E265390-7DAE-4E2D-B9AB-DBB779A1A7E1}.Debug.ActiveCfg = Debug|Win32
		{8E265390-7DAE-4E2D-B9AB-DBB779A1A7E1}.Debug.Build.0 = Debug|Win32
		{8E265390-7DAE-4E2D-B9AB-DBB779A1A7E1}.Release.ActiveCfg = Release|Win32
		{8E265390-7DAE-4E2D-B9AB-DBB779A1A7E1}.Release.Build.0 = Release|Win32
		{5CA723E5-A6B2-4278-86E4-E7618250169C}.Debug.ActiveCfg = Debug|Win32
		{5CA723E5-A6B2-4278-86E4-E7618250169C}.Debug.Build.0 = Debug|Win32
		{5CA723E5-A6B2-4278-86E4-E7618250169C}.Release.ActiveCfg = Release|Win32
		{5CA723E5-A6B2-4278-86E4-E7618250169C}.Release.Build.0 = Release|Win32
		{88EAFAB7-9483-4B44-AB08-070DE7C5E1DB}.Debug.ActiveCfg = Debug|Win32
		{88EAFAB7-9483-4B44-AB08-070DE7C5E1DB}.Debug.Build.0 = Debug|Win32
		{88EAFAB7-9483-4B44-AB08-070DE7C5E1DB}.Release.ActiveCfg = Release|Win32
		{88EAFAB7-9483-4B44-AB08-070DE7C5E1DB}.Release.Build.0 = Release|Win32
		{35957F74-A959-48E9-933E-FB2063B33F36}.Debug.ActiveCfg = Debug|Win32
		{35957F74-A959-48E9-933E-FB2063B33F36}.Debug.Build.0 = Debug|Win32
		{35957F74-A959-48E9-933E-FB2063B33F36}.Release.ActiveCfg = Release|Win32
		{35957F74-A959-48E9-933E-FB2063B33F36}.Release.Build.0 = Release|Win32
		{BFFE8090-4E74-46AC-9097-435F4A8FFDCA}.Debug.ActiveCfg = Debug|Win32
		{BFFE8090-4E74-46AC-9097-435F4A8FFDCA}.Debug.Build.0 = Debug|Win32
		{BFFE8090-4E74-46AC-9097-435F4A8FFDCA}.Release.ActiveCfg = Release|Win32
		{BFFE8090-4E74-46AC-9097-435F4A8FFDCA}.Release.Build.0 = Release|Win32
		{CCAE0B89-4B3A-4926-B0C5-98D57F15CF88}.Debug.ActiveCfg = Debug|Win32
		{CCAE0B89-4B3A-4926-B0C5-98D57F15CF88}.Debug.Build.0 = Debug|Win32
		{CCAE0B89-4B3A-4926-B0C5-98D57F15CF88}.Release.ActiveCfg = Release|Win32
		{CCAE0B89-4B3A-4926-B0C5-98D57F15CF88}.Release.Build.0 = Release|Win32
		{0FAE8BE8-C03B-45C8-8420-658C5E9E15F5}.Debug.ActiveCfg = Debug|Win32
		{0FAE8BE8-C03B-45C8-8420-658C5E9E15F5}.Debug.Build.0 = Debug|Win32
		{0FAE8BE8-C03B-45C8-8420-658C5E9E15F5}.Release.ActiveCfg = Release|Win32
		{0FAE8BE8-C03B-45C8-8420-658C5E9E15F5}.Release.Build.0 = Release|Win32
		{2B94006B-0129-4BC8-A0D2-C145E6FB740D}.Debug.ActiveCfg = Debug|Win32
		{2B94006B-0129-4BC8-A0D2-C145E6FB740D}.Debug.Build.0 = Debug|Win32
		{2B94006B-0129-4BC8-A0D2-C145E6FB740D}.Release.ActiveCfg = Release|Win32
		{2B94006B-0129-4BC8-A0D2-C145E6FB740D}.Release.Build.0 = Release|Win32
		{E4D7E859-C60D-4E47-B69C-041219237036}.Debug.ActiveCfg = Debug|Win32
		{E4D7E859-C60D-4E47-B69C-041219237036}.Debug.Build.0 = Debug|Win32
		{E4D7E859-C60D-4E47-B69C-041219237036}.Release.ActiveCfg = Release|Win32
		{E4D7E859-C60D-4E47-B69C-041219237036}.Release.Build.0 = Release|Win32
		{FC0D964E-FFFE-4318-BD2A-B6CE6A2776B9}.Debug.ActiveCfg = Debug|Win32
		{FC0D964E-FFFE-4318-BD2A-B6CE6A2776B9}.Debug.Build.0 = Debug|Win32
		{FC0D964E-FFFE-4318-BD2A-B6CE6A2776B9}.Release.ActiveCfg = Release|Win32
		{FC0D964E-FFFE-4318-BD2A-B6CE6A2776B9}.Release.Build.0 = Release|Win32
		{0FAE8BE8-C03B-45C8-8420-658C5E9E15F5}.Debug.ActiveCfg = Debug|Win32
		{0FAE8BE8-C03B-45C8-8420-658C5E9E15F5}.Debug.Build.0 = Debug|Win32
		{0FAE8BE8-C03B-45C8-8420-658C5E9E15F5}.Release.ActiveCfg = Release|Win32
		{0FAE8BE8-C03B-45C8-8420-658C5E9E15F5}.Release.Build.0 = Release|Win32
		{AB4BBD0A-55A5-416E-AB5A-CB49F4292E7C}.Debug.ActiveCfg = Debug|Win32
		{AB4BBD0A-55A5-416E-AB5A-CB49F4292E7C}.Debug.Build.0 = Debug|Win32
		{AB4BBD0A-55A5-416E-AB5A-CB49F4292E7C}.Release.ActiveCfg = Release|Win32
		{AB4BBD0A-55A5-416E-AB5A-CB49F4292E7C}.Release.Build.0 = Release|Win32
		{509C3687-8AC1-450D-B649-374F12AF969E}.Debug.ActiveCfg = Debug|Win32
		{509C3687-8AC1-450D-B649-374F12AF969E}.Debug.Build.0 = Debug|Win32
		{509C3687-8AC1-450D-B649-374F12AF969E}.Release.ActiveCfg = Release|Win32
		{509C3687-8AC1-450D-B649-374F12AF969E}.Release.Build.0 = Release|Win32
		{6DA35C42-3C69-4D93-9C6F-DE30806C31AF}.Debug.ActiveCfg = Debug|Win32
		{6DA35C42-3C69-4D93-9C6F-DE30806C31AF}.Debug.Build.0 = Debug|Win32
		{6DA35C42-3C69-4D93-9C6F-DE30806C31AF}.Release.ActiveCfg = Release|Win32
		{6DA35C42-3C69-4D93-9C6F-DE30806C31AF}.Release.Build.0 = Release|Win32
		{A996501A-7F1B-43FE-B342-8E663A621C91}.Debug.ActiveCfg = Debug|Win32
		{A996501A-7F1B-43FE-B342-8E663A621C91}.Debug.Build.0 = Debug|Win32
		{A996501A-7F1B-43FE-B342-8E663A621C91}.Release.ActiveCfg = Release|Win32
		{A996501A-7F1B-43FE-B342-8E663A621C91}.Release.Build.0 = Release|Win32
		{B4FCB84A-E337-4D11-9112-3739700695A8}.Debug.ActiveCfg = Debug|Win32
		{B4FCB84A-E337-4D11-9112-3739700695A8}.Debug.Build.0 = Debug|Win32
		{B4FCB84A-E337-4D11-9112-3739700695A8}.Release.ActiveCfg = Release|Win32
		{B4FCB84A-E337-4D11-9112-3739700695A8}.Release.Build.0 = Release|Win32
		{6E1825B3-E967-4389-8013-80066793F65F}.Debug.ActiveCfg = Debug|Win32
		{6E1825B3-E967-4389-8013-80066793F65F}.Debug.Build.0 = Debug|Win32
		{6E1825B3-E967-4389-8013-80066793F65F}.Release.ActiveCfg = Release|Win32
		{6E1825B3-E967-4389-8013-80066793F65F}.Release.Build.0 = Release|Win32
		{9A5F23EB-976D-42F1-B374-A9B11E988F6A}.Debug.ActiveCfg = Debug|Win32
		{9A5F23EB-976D-42F1-B374-A9B11E988F6A}.Debug.Build.0 = Debug|Win32
		{9A5F23EB-976D-42F1-B374-A9B11E988F6A}.Release.ActiveCfg = Release|Win32
		{9A5F23EB-976D-42F1-B374-A9B11E988F6A}.Release.Build.0 = Release|Win32
		{A996501A-7F1B-43FE-B342-8E663A621C91}.Debug.ActiveCfg = Debug|Win32
		{A996501A-7F1B-43FE-B342-8E663A621C91}.Debug.Build.0 = Debug|Win32
		{A996501A-7F1B-43FE-B342-8E663A621C91}.Release.ActiveCfg = Release|Win32
		{A996501A-7F1B-43FE-B342-8E663A621C91}.Release.Build.0 = Release|Win32
		{A06BF152-A54F-49F0-90B8-22178ED67701}.Debug.ActiveCfg = Debug|Win32
		{A06BF152-A54F-49F0-90B8-22178ED67701}.Debug.Build.0 = Debug|Win32
		{A06BF152-A54F-49F0-90B8-22178ED67701}.Release.ActiveCfg = Release|Win32
		{A06BF152-A54F-49F0-90B8-22178ED67701}.Release.Build.0 = Release|Win32
		{03255F17-D4F4-4FE8-8B57-07DBD51BF864}.Debug.ActiveCfg = Debug|Win32
		{03255F17-D4F4-4FE8-8B57-07DBD51BF864}.Debug.Build.0 = Debug|Win32
		{03255F17-D4F4-4FE8-8B57-07DBD51BF864}.Release.ActiveCfg = Release|Win32
		{03255F17-D4F4-4FE8-8B57-07DBD51BF864}.Release.Build.0 = Release|Win32
	EndGlobalSection
	GlobalSection(ExtensibilityGlobals) = postSolution
	EndGlobalSection
	GlobalSection(ExtensibilityAddIns) = postSolution
	EndGlobalSection
	GlobalSection(DPCodeReviewSolutionGUID) = preSolution
		DPCodeReviewSolutionGUID = {00000000-0000-0000-0000-000000000000}
	EndGlobalSection
EndGlobal
