Microsoft Visual Studio Solution File, Format Version 8.00
Project("{8BC9CEB8-8B4A-11D0-8D11-00A0C91BC942}") = "HomePageConfig", "HomePageConfig\HomePageConfig.vcproj", "{CB6343D1-CA3F-4854-AF88-5D9182A31D6F}"
	ProjectSection(ProjectDependencies) = postProject
	EndProjectSection
EndProject
Global
	GlobalSection(SolutionConfiguration) = preSolution
		Debug = Debug
		Release = Release
	EndGlobalSection
	GlobalSection(ProjectConfiguration) = postSolution
		{CB6343D1-CA3F-4854-AF88-5D9182A31D6F}.Debug.ActiveCfg = Debug|Win32
		{CB6343D1-CA3F-4854-AF88-5D9182A31D6F}.Debug.Build.0 = Debug|Win32
		{CB6343D1-CA3F-4854-AF88-5D9182A31D6F}.Release.ActiveCfg = Release|Win32
		{CB6343D1-CA3F-4854-AF88-5D9182A31D6F}.Release.Build.0 = Release|Win32
	EndGlobalSection
	GlobalSection(ExtensibilityGlobals) = postSolution
	EndGlobalSection
	GlobalSection(ExtensibilityAddIns) = postSolution
	EndGlobalSection
EndGlobal
