Microsoft Visual Studio Solution File, Format Version 9.00
# Visual Studio 2005
Project("{8BC9CEB8-8B4A-11D0-8D11-00A0C91BC942}") = "WProtect32Res", "Vpc32\res\WProtect32Res\WProtect32Res.vcproj", "{131CF7CE-8407-4641-81EA-046154993105}"
EndProject
Project("{8BC9CEB8-8B4A-11D0-8D11-00A0C91BC942}") = "LDVPCtlsRes", "..\..\..\..\Core_Technology\LDVP_Shared\src\Common\Controls\LDVPCtls\Res\LDVPCtlsRes\LDVPCtlsRes.vcproj", "{F035304B-C743-4828-8269-0159892845CE}"
	ProjectSection(ProjectDependencies) = postProject
		{08C39A0E-F41E-4423-B919-502D2463E16A} = {08C39A0E-F41E-4423-B919-502D2463E16A}
	EndProjectSection
EndProject
Project("{8BC9CEB8-8B4A-11D0-8D11-00A0C91BC942}") = "ExchngUIRes", "..\..\..\..\Core_Technology\LDVP_Shared\src\Common\Controls\MSExchangeUI\res\MSExchangeUIRes\ExchngUIRes.vcproj", "{4FE15044-0CE4-4BAB-A425-0DAF1A5B11F3}"
EndProject
Project("{8BC9CEB8-8B4A-11D0-8D11-00A0C91BC942}") = "ScanDlgsRes", "ScanDlgs\res\ScanDlgsRes\ScanDlgsRes.vcproj", "{3442082F-D687-4317-A653-4E9D4633D7CB}"
EndProject
Project("{8BC9CEB8-8B4A-11D0-8D11-00A0C91BC942}") = "LDVPDlgsRes", "..\..\..\..\Core_Technology\LDVP_Shared\src\Common\Controls\LDVPDlgs\res\LDVPDlgsRes\LDVPDlgsRes.vcproj", "{9EFA5A99-4141-4A48-A81D-61FB37867E6A}"
	ProjectSection(ProjectDependencies) = postProject
		{08C39A0E-F41E-4423-B919-502D2463E16A} = {08C39A0E-F41E-4423-B919-502D2463E16A}
	EndProjectSection
EndProject
Project("{8BC9CEB8-8B4A-11D0-8D11-00A0C91BC942}") = "LDVPUIRes", "..\..\..\..\Core_Technology\LDVP_Shared\src\Common\Controls\CLDVPUI\res\CLDVPUIRes\LDVPUIRes.vcproj", "{C948D6BA-31A8-4D34-AF5D-8C9987265D82}"
EndProject
Project("{8BC9CEB8-8B4A-11D0-8D11-00A0C91BC942}") = "LDVPTaskFSRes", "LDVPTaskFS\res\LDVPTaskFSRes\LDVPTaskFSRes.vcproj", "{E1C9A2A6-B575-4695-8B00-F1AF832C8C66}"
EndProject
Project("{8BC9CEB8-8B4A-11D0-8D11-00A0C91BC942}") = "LDVPViewRes", "LDVPView\res\LDVPViewRes\LDVPViewRes.vcproj", "{65831954-995B-406E-9A57-D1E623612594}"
EndProject
Project("{8BC9CEB8-8B4A-11D0-8D11-00A0C91BC942}") = "SavRoamRes", "extras\SavRoam\res\SavRoamRes\SavRoamRes.vcproj", "{15D4A3A0-08A4-4E21-9575-5C1F34D53C18}"
EndProject
Project("{8BC9CEB8-8B4A-11D0-8D11-00A0C91BC942}") = "VpTrayRes", "Vptray\res\VpTrayRes\VpTrayRes.vcproj", "{9812BA74-A3C5-4D26-A222-E1BAB2BAB9CD}"
EndProject
Project("{8BC9CEB8-8B4A-11D0-8D11-00A0C91BC942}") = "InetMailUIRes", "..\..\..\..\Core_Technology\LDVP_Shared\src\Common\Controls\InetMailUI\res\InetMailUIRes\InetMailUIRes.vcproj", "{4449F2B5-6745-4169-8B33-8E061F2C29CB}"
EndProject
Project("{8BC9CEB8-8B4A-11D0-8D11-00A0C91BC942}") = "LotNotesUIRes", "..\..\..\..\Core_Technology\LDVP_Shared\src\Common\Controls\LotNotesUI\res\LotNotesUIRes\LotNotesUIRes.vcproj", "{FDD8246F-AE4A-49B4-AE7D-D94FBF5E95A6}"
EndProject
Project("{8BC9CEB8-8B4A-11D0-8D11-00A0C91BC942}") = "SymProtectUIRes", "..\..\..\..\Core_Technology\LDVP_Shared\src\Common\Controls\SymProtectUI\res\SymProtectUIRes\SymProtectUIRes.vcproj", "{89BA5594-812C-4F86-9D6A-3A0FAF3AC571}"
EndProject
Project("{8BC9CEB8-8B4A-11D0-8D11-00A0C91BC942}") = "GRCCreatorRes", "..\..\..\..\Norton_System_Center\src\extras\GRCCreator\res\GRCCreatorRes\GRCCreatorRes.vcproj", "{A07BEE93-A65F-43DD-95C4-C4F436434AFC}"
EndProject
Project("{8BC9CEB8-8B4A-11D0-8D11-00A0C91BC942}") = "SLICWrapRes", "..\..\..\..\Core_Technology\LDVP_Shared\src\Common\SLICWrap\res\SLICWrapRes\SLICWrapRes.vcproj", "{17D04C0B-91E7-47C4-937F-A0E73FB42FBF}"
EndProject
Project("{8BC9CEB8-8B4A-11D0-8D11-00A0C91BC942}") = "LDDateTimeRes", "..\..\..\..\Core_Technology\LDVP_Shared\src\Common\Controls\LDDateTime\res\LDDateTimeRes\LDDateTimeRes.vcproj", "{43DD8BCE-4DEB-43D9-9AEB-88E97F8C087F}"
EndProject
Project("{8BC9CEB8-8B4A-11D0-8D11-00A0C91BC942}") = "PScanRes", "..\..\Common\src\PScan\res\PScanRes\PScanRes.vcproj", "{7BCDFC87-B277-4E3E-AB71-62C38A50C0A5}"
EndProject
Project("{8BC9CEB8-8B4A-11D0-8D11-00A0C91BC942}") = "Acta", "Pscan\Acta\Acta.vcproj", "{9C44938F-21AE-4B44-8C6F-2FF03A66D6F7}"
	ProjectSection(ProjectDependencies) = postProject
		{08C39A0E-F41E-4423-B919-502D2463E16A} = {08C39A0E-F41E-4423-B919-502D2463E16A}
	EndProjectSection
EndProject
Project("{8BC9CEB8-8B4A-11D0-8D11-00A0C91BC942}") = "DWHWizrdRes", "DefWatchHandler\DWHWizrd\res\DWHWizrdRes\DWHWizrdRes.vcproj", "{EA7B410E-52CF-40E9-8160-D38CF3B1F299}"
EndProject
Project("{8BC9CEB8-8B4A-11D0-8D11-00A0C91BC942}") = "DefWatchRes", "Defwatch\res\DefWatchRes\DefWatchRes.vcproj", "{FD8B9625-2F9A-4051-9365-71E9C4900EA4}"
EndProject
Project("{8BC9CEB8-8B4A-11D0-8D11-00A0C91BC942}") = "DefRBRes", "extras\DefRB\res\DefRBRes\DefRBRes.vcproj", "{46BCBD31-01FA-40AF-BC04-DC6A49EB98FA}"
EndProject
Project("{8BC9CEB8-8B4A-11D0-8D11-00A0C91BC942}") = "SetupRes", "..\..\..\..\Norton_System_Center\src\Setup32\Setup\RES\SetupRes\SetupRes.vcproj", "{8C5773C4-B0A2-4376-A8A6-3F5C80BF9F91}"
EndProject
Project("{8BC9CEB8-8B4A-11D0-8D11-00A0C91BC942}") = "SymProtectManifestUpdaterRes", "extras\SymProtectManifestUpdater\res\SymProtectManifestUpdaterRes\SymProtectManifestUpdaterRes.vcproj", "{F5D02D09-9D6F-4D85-82B0-B45214FECBDF}"
EndProject
Project("{8BC9CEB8-8B4A-11D0-8D11-00A0C91BC942}") = "SymProtectStorageRes", "Pscan\SymProtectStorage\Res\SymProtectStorageRes\SymProtectStorageRes.vcproj", "{520F467F-9A41-4F9D-A908-08E9DD14ABD6}"
EndProject
Project("{8BC9CEB8-8B4A-11D0-8D11-00A0C91BC942}") = "Vpdn_LURes", "Vpdn_LU\Res\Vpdn_LURes\Vpdn_LURes.vcproj", "{AEFB0204-5C9E-4CD5-8A17-E8870C0065DD}"
EndProject
Project("{8BC9CEB8-8B4A-11D0-8D11-00A0C91BC942}") = "VpmSeceRes", "EMailScanners\Exchange\exchext\res\VpmSeceRes\VpmSeceRes.vcproj", "{BC992A90-D188-402B-A625-AF33D5108764}"
EndProject
Project("{8BC9CEB8-8B4A-11D0-8D11-00A0C91BC942}") = "VpshellRes", "Vpshell\res\VpshellRes\VpshellRes.vcproj", "{74C1EF71-E07F-409C-AC45-72B3B0D4A818}"
EndProject
Project("{8BC9CEB8-8B4A-11D0-8D11-00A0C91BC942}") = "WebInstRes", "..\..\..\..\Norton_System_Center\src\Setup32\WebInst\res\WebInstRes\WebInstRes.vcproj", "{E7ED0E0D-7C98-4296-A9C0-697D9AE130F9}"
EndProject
Project("{8BC9CEB8-8B4A-11D0-8D11-00A0C91BC942}") = "WebShellRes", "..\..\..\..\Core_Technology\LDVP_Shared\src\Common\ShelSel2\res\WebShellRes\WebShellRes.vcproj", "{D317007A-86C7-41A3-B14B-21211BDE1F82}"
EndProject
Project("{8BC9CEB8-8B4A-11D0-8D11-00A0C91BC942}") = "ConsoleRes", "Jettison\res\ConsoleRes\ConsoleRes.vcproj", "{10CF5DEB-D716-4C86-AAE9-46978AB02432}"
EndProject
Project("{8BC9CEB8-8B4A-11D0-8D11-00A0C91BC942}") = "NavLURes", "NavLU\res\NavLURes\NavLURes.vcproj", "{275D7004-7AEB-4E1C-82DE-B78632A45AC4}"
EndProject
Project("{8BC9CEB8-8B4A-11D0-8D11-00A0C91BC942}") = "ScsPassManRes", "ScsPassMan\res\ScsPassManRes\ScsPassManRes.vcproj", "{05A48704-82A5-489B-BE97-2BB77D35CFEF}"
EndProject
Project("{8BC9CEB8-8B4A-11D0-8D11-00A0C91BC942}") = "notesextRes", "EMailScanners\Notes\notesext\res\notesextRes\notesextRes.vcproj", "{08085568-A2D1-4555-88AF-427C4DED6C80}"
EndProject
Project("{8BC9CEB8-8B4A-11D0-8D11-00A0C91BC942}") = "RtvBootStrapRes", "Pscan\RtvBootStrap\res\RtvBootStrapRes\RtvBootStrapRes.vcproj", "{50608B8E-1D92-46C6-B8A5-48D415778C61}"
EndProject
Project("{8BC9CEB8-8B4A-11D0-8D11-00A0C91BC942}") = "LdvpDistRes", "..\..\..\..\Norton_System_Center\src\Setup32\LdvpDist\RES\LdvpDistRes\LdvpDistRes.vcproj", "{A9755495-AC05-4CDB-A07E-B191AEDFCA6F}"
EndProject
Project("{8BC9CEB8-8B4A-11D0-8D11-00A0C91BC942}") = "VpLoginRes", "extras\VpLogin\res\VpLoginRes\VpLoginRes.vcproj", "{F0A6D517-5A12-4610-9714-9EFC1AFE9638}"
EndProject
Project("{8BC9CEB8-8B4A-11D0-8D11-00A0C91BC942}") = "cliutilres", "..\..\..\..\Norton_System_Center\src\Setup32\NTRemote\RES\NTRemoteRes\cliutilres.vcproj", "{A08BAC2F-A658-43CF-A3B1-91C4F607D8D1}"
EndProject
Project("{8BC9CEB8-8B4A-11D0-8D11-00A0C91BC942}") = "OEMConfigWizardRes", "..\..\..\..\Core_Technology\LDVP_Shared\src\Common\OEM\OEMConfigWizard\res\OEMConfigWizardRes\OEMConfigWizardRes.vcproj", "{F7F7B7F5-4032-457C-A028-91FC469E7BA2}"
EndProject
Project("{8BC9CEB8-8B4A-11D0-8D11-00A0C91BC942}") = "OEMConfigWizardCoreRes", "..\..\..\..\Core_Technology\LDVP_Shared\src\Common\OEM\OEMConfigWizardCore\Res\OEMConfigWizardCoreRes\OEMConfigWizardCoreRes.vcproj", "{BF092B80-847A-4342-AAF6-586A5E542939}"
EndProject
Project("{8BC9CEB8-8B4A-11D0-8D11-00A0C91BC942}") = "IMailRes", "EMailScanners\InternetMail\IMail\Res\IMailRes\IMailRes.vcproj", "{3C96BD19-878C-402B-B17A-13E90C0364B5}"
EndProject
Project("{8BC9CEB8-8B4A-11D0-8D11-00A0C91BC942}") = "CompileActa", "Pscan\CompileActa\CompileActa.vcproj", "{08C39A0E-F41E-4423-B919-502D2463E16A}"
EndProject
Global
	GlobalSection(SolutionConfigurationPlatforms) = preSolution
		Debug|Win32 = Debug|Win32
		Release|Win32 = Release|Win32
	EndGlobalSection
	GlobalSection(ProjectConfigurationPlatforms) = postSolution
		{131CF7CE-8407-4641-81EA-046154993105}.Debug|Win32.ActiveCfg = Debug|Win32
		{131CF7CE-8407-4641-81EA-046154993105}.Debug|Win32.Build.0 = Debug|Win32
		{131CF7CE-8407-4641-81EA-046154993105}.Release|Win32.ActiveCfg = Release|Win32
		{131CF7CE-8407-4641-81EA-046154993105}.Release|Win32.Build.0 = Release|Win32
		{F035304B-C743-4828-8269-0159892845CE}.Debug|Win32.ActiveCfg = Debug|Win32
		{F035304B-C743-4828-8269-0159892845CE}.Debug|Win32.Build.0 = Debug|Win32
		{F035304B-C743-4828-8269-0159892845CE}.Release|Win32.ActiveCfg = Release|Win32
		{F035304B-C743-4828-8269-0159892845CE}.Release|Win32.Build.0 = Release|Win32
		{4FE15044-0CE4-4BAB-A425-0DAF1A5B11F3}.Debug|Win32.ActiveCfg = Debug|Win32
		{4FE15044-0CE4-4BAB-A425-0DAF1A5B11F3}.Debug|Win32.Build.0 = Debug|Win32
		{4FE15044-0CE4-4BAB-A425-0DAF1A5B11F3}.Release|Win32.ActiveCfg = Release|Win32
		{4FE15044-0CE4-4BAB-A425-0DAF1A5B11F3}.Release|Win32.Build.0 = Release|Win32
		{3442082F-D687-4317-A653-4E9D4633D7CB}.Debug|Win32.ActiveCfg = Debug|Win32
		{3442082F-D687-4317-A653-4E9D4633D7CB}.Debug|Win32.Build.0 = Debug|Win32
		{3442082F-D687-4317-A653-4E9D4633D7CB}.Release|Win32.ActiveCfg = Release|Win32
		{3442082F-D687-4317-A653-4E9D4633D7CB}.Release|Win32.Build.0 = Release|Win32
		{9EFA5A99-4141-4A48-A81D-61FB37867E6A}.Debug|Win32.ActiveCfg = Debug|Win32
		{9EFA5A99-4141-4A48-A81D-61FB37867E6A}.Debug|Win32.Build.0 = Debug|Win32
		{9EFA5A99-4141-4A48-A81D-61FB37867E6A}.Release|Win32.ActiveCfg = Release|Win32
		{9EFA5A99-4141-4A48-A81D-61FB37867E6A}.Release|Win32.Build.0 = Release|Win32
		{C948D6BA-31A8-4D34-AF5D-8C9987265D82}.Debug|Win32.ActiveCfg = Debug|Win32
		{C948D6BA-31A8-4D34-AF5D-8C9987265D82}.Debug|Win32.Build.0 = Debug|Win32
		{C948D6BA-31A8-4D34-AF5D-8C9987265D82}.Release|Win32.ActiveCfg = Release|Win32
		{C948D6BA-31A8-4D34-AF5D-8C9987265D82}.Release|Win32.Build.0 = Release|Win32
		{E1C9A2A6-B575-4695-8B00-F1AF832C8C66}.Debug|Win32.ActiveCfg = Debug|Win32
		{E1C9A2A6-B575-4695-8B00-F1AF832C8C66}.Debug|Win32.Build.0 = Debug|Win32
		{E1C9A2A6-B575-4695-8B00-F1AF832C8C66}.Release|Win32.ActiveCfg = Release|Win32
		{E1C9A2A6-B575-4695-8B00-F1AF832C8C66}.Release|Win32.Build.0 = Release|Win32
		{65831954-995B-406E-9A57-D1E623612594}.Debug|Win32.ActiveCfg = Debug|Win32
		{65831954-995B-406E-9A57-D1E623612594}.Debug|Win32.Build.0 = Debug|Win32
		{65831954-995B-406E-9A57-D1E623612594}.Release|Win32.ActiveCfg = Release|Win32
		{65831954-995B-406E-9A57-D1E623612594}.Release|Win32.Build.0 = Release|Win32
		{15D4A3A0-08A4-4E21-9575-5C1F34D53C18}.Debug|Win32.ActiveCfg = Debug|Win32
		{15D4A3A0-08A4-4E21-9575-5C1F34D53C18}.Debug|Win32.Build.0 = Debug|Win32
		{15D4A3A0-08A4-4E21-9575-5C1F34D53C18}.Release|Win32.ActiveCfg = Release|Win32
		{15D4A3A0-08A4-4E21-9575-5C1F34D53C18}.Release|Win32.Build.0 = Release|Win32
		{9812BA74-A3C5-4D26-A222-E1BAB2BAB9CD}.Debug|Win32.ActiveCfg = Debug|Win32
		{9812BA74-A3C5-4D26-A222-E1BAB2BAB9CD}.Debug|Win32.Build.0 = Debug|Win32
		{9812BA74-A3C5-4D26-A222-E1BAB2BAB9CD}.Release|Win32.ActiveCfg = Release|Win32
		{9812BA74-A3C5-4D26-A222-E1BAB2BAB9CD}.Release|Win32.Build.0 = Release|Win32
		{4449F2B5-6745-4169-8B33-8E061F2C29CB}.Debug|Win32.ActiveCfg = Debug|Win32
		{4449F2B5-6745-4169-8B33-8E061F2C29CB}.Debug|Win32.Build.0 = Debug|Win32
		{4449F2B5-6745-4169-8B33-8E061F2C29CB}.Release|Win32.ActiveCfg = Release|Win32
		{4449F2B5-6745-4169-8B33-8E061F2C29CB}.Release|Win32.Build.0 = Release|Win32
		{FDD8246F-AE4A-49B4-AE7D-D94FBF5E95A6}.Debug|Win32.ActiveCfg = Debug|Win32
		{FDD8246F-AE4A-49B4-AE7D-D94FBF5E95A6}.Debug|Win32.Build.0 = Debug|Win32
		{FDD8246F-AE4A-49B4-AE7D-D94FBF5E95A6}.Release|Win32.ActiveCfg = Release|Win32
		{FDD8246F-AE4A-49B4-AE7D-D94FBF5E95A6}.Release|Win32.Build.0 = Release|Win32
		{89BA5594-812C-4F86-9D6A-3A0FAF3AC571}.Debug|Win32.ActiveCfg = Debug|Win32
		{89BA5594-812C-4F86-9D6A-3A0FAF3AC571}.Debug|Win32.Build.0 = Debug|Win32
		{89BA5594-812C-4F86-9D6A-3A0FAF3AC571}.Release|Win32.ActiveCfg = Release|Win32
		{89BA5594-812C-4F86-9D6A-3A0FAF3AC571}.Release|Win32.Build.0 = Release|Win32
		{A07BEE93-A65F-43DD-95C4-C4F436434AFC}.Debug|Win32.ActiveCfg = Debug|Win32
		{A07BEE93-A65F-43DD-95C4-C4F436434AFC}.Debug|Win32.Build.0 = Debug|Win32
		{A07BEE93-A65F-43DD-95C4-C4F436434AFC}.Release|Win32.ActiveCfg = Release|Win32
		{A07BEE93-A65F-43DD-95C4-C4F436434AFC}.Release|Win32.Build.0 = Release|Win32
		{17D04C0B-91E7-47C4-937F-A0E73FB42FBF}.Debug|Win32.ActiveCfg = Debug|Win32
		{17D04C0B-91E7-47C4-937F-A0E73FB42FBF}.Debug|Win32.Build.0 = Debug|Win32
		{17D04C0B-91E7-47C4-937F-A0E73FB42FBF}.Release|Win32.ActiveCfg = Release|Win32
		{17D04C0B-91E7-47C4-937F-A0E73FB42FBF}.Release|Win32.Build.0 = Release|Win32
		{43DD8BCE-4DEB-43D9-9AEB-88E97F8C087F}.Debug|Win32.ActiveCfg = Debug|Win32
		{43DD8BCE-4DEB-43D9-9AEB-88E97F8C087F}.Debug|Win32.Build.0 = Debug|Win32
		{43DD8BCE-4DEB-43D9-9AEB-88E97F8C087F}.Release|Win32.ActiveCfg = Release|Win32
		{43DD8BCE-4DEB-43D9-9AEB-88E97F8C087F}.Release|Win32.Build.0 = Release|Win32
		{7BCDFC87-B277-4E3E-AB71-62C38A50C0A5}.Debug|Win32.ActiveCfg = Debug|Win32
		{7BCDFC87-B277-4E3E-AB71-62C38A50C0A5}.Debug|Win32.Build.0 = Debug|Win32
		{7BCDFC87-B277-4E3E-AB71-62C38A50C0A5}.Release|Win32.ActiveCfg = Release|Win32
		{7BCDFC87-B277-4E3E-AB71-62C38A50C0A5}.Release|Win32.Build.0 = Release|Win32
		{9C44938F-21AE-4B44-8C6F-2FF03A66D6F7}.Debug|Win32.ActiveCfg = Debug|Win32
		{9C44938F-21AE-4B44-8C6F-2FF03A66D6F7}.Debug|Win32.Build.0 = Debug|Win32
		{9C44938F-21AE-4B44-8C6F-2FF03A66D6F7}.Release|Win32.ActiveCfg = Release|Win32
		{9C44938F-21AE-4B44-8C6F-2FF03A66D6F7}.Release|Win32.Build.0 = Release|Win32
		{EA7B410E-52CF-40E9-8160-D38CF3B1F299}.Debug|Win32.ActiveCfg = Debug|Win32
		{EA7B410E-52CF-40E9-8160-D38CF3B1F299}.Debug|Win32.Build.0 = Debug|Win32
		{EA7B410E-52CF-40E9-8160-D38CF3B1F299}.Release|Win32.ActiveCfg = Release|Win32
		{EA7B410E-52CF-40E9-8160-D38CF3B1F299}.Release|Win32.Build.0 = Release|Win32
		{FD8B9625-2F9A-4051-9365-71E9C4900EA4}.Debug|Win32.ActiveCfg = Debug|Win32
		{FD8B9625-2F9A-4051-9365-71E9C4900EA4}.Debug|Win32.Build.0 = Debug|Win32
		{FD8B9625-2F9A-4051-9365-71E9C4900EA4}.Release|Win32.ActiveCfg = Release|Win32
		{FD8B9625-2F9A-4051-9365-71E9C4900EA4}.Release|Win32.Build.0 = Release|Win32
		{46BCBD31-01FA-40AF-BC04-DC6A49EB98FA}.Debug|Win32.ActiveCfg = Debug|Win32
		{46BCBD31-01FA-40AF-BC04-DC6A49EB98FA}.Debug|Win32.Build.0 = Debug|Win32
		{46BCBD31-01FA-40AF-BC04-DC6A49EB98FA}.Release|Win32.ActiveCfg = Release|Win32
		{46BCBD31-01FA-40AF-BC04-DC6A49EB98FA}.Release|Win32.Build.0 = Release|Win32
		{8C5773C4-B0A2-4376-A8A6-3F5C80BF9F91}.Debug|Win32.ActiveCfg = Debug|Win32
		{8C5773C4-B0A2-4376-A8A6-3F5C80BF9F91}.Debug|Win32.Build.0 = Debug|Win32
		{8C5773C4-B0A2-4376-A8A6-3F5C80BF9F91}.Release|Win32.ActiveCfg = Release|Win32
		{8C5773C4-B0A2-4376-A8A6-3F5C80BF9F91}.Release|Win32.Build.0 = Release|Win32
		{F5D02D09-9D6F-4D85-82B0-B45214FECBDF}.Debug|Win32.ActiveCfg = Debug|Win32
		{F5D02D09-9D6F-4D85-82B0-B45214FECBDF}.Debug|Win32.Build.0 = Debug|Win32
		{F5D02D09-9D6F-4D85-82B0-B45214FECBDF}.Release|Win32.ActiveCfg = Release|Win32
		{F5D02D09-9D6F-4D85-82B0-B45214FECBDF}.Release|Win32.Build.0 = Release|Win32
		{520F467F-9A41-4F9D-A908-08E9DD14ABD6}.Debug|Win32.ActiveCfg = Debug|Win32
		{520F467F-9A41-4F9D-A908-08E9DD14ABD6}.Debug|Win32.Build.0 = Debug|Win32
		{520F467F-9A41-4F9D-A908-08E9DD14ABD6}.Release|Win32.ActiveCfg = Release|Win32
		{520F467F-9A41-4F9D-A908-08E9DD14ABD6}.Release|Win32.Build.0 = Release|Win32
		{AEFB0204-5C9E-4CD5-8A17-E8870C0065DD}.Debug|Win32.ActiveCfg = Debug|Win32
		{AEFB0204-5C9E-4CD5-8A17-E8870C0065DD}.Debug|Win32.Build.0 = Debug|Win32
		{AEFB0204-5C9E-4CD5-8A17-E8870C0065DD}.Release|Win32.ActiveCfg = Release|Win32
		{AEFB0204-5C9E-4CD5-8A17-E8870C0065DD}.Release|Win32.Build.0 = Release|Win32
		{BC992A90-D188-402B-A625-AF33D5108764}.Debug|Win32.ActiveCfg = Debug|Win32
		{BC992A90-D188-402B-A625-AF33D5108764}.Debug|Win32.Build.0 = Debug|Win32
		{BC992A90-D188-402B-A625-AF33D5108764}.Release|Win32.ActiveCfg = Release|Win32
		{BC992A90-D188-402B-A625-AF33D5108764}.Release|Win32.Build.0 = Release|Win32
		{74C1EF71-E07F-409C-AC45-72B3B0D4A818}.Debug|Win32.ActiveCfg = Debug|Win32
		{74C1EF71-E07F-409C-AC45-72B3B0D4A818}.Debug|Win32.Build.0 = Debug|Win32
		{74C1EF71-E07F-409C-AC45-72B3B0D4A818}.Release|Win32.ActiveCfg = Release|Win32
		{74C1EF71-E07F-409C-AC45-72B3B0D4A818}.Release|Win32.Build.0 = Release|Win32
		{E7ED0E0D-7C98-4296-A9C0-697D9AE130F9}.Debug|Win32.ActiveCfg = Debug|Win32
		{E7ED0E0D-7C98-4296-A9C0-697D9AE130F9}.Debug|Win32.Build.0 = Debug|Win32
		{E7ED0E0D-7C98-4296-A9C0-697D9AE130F9}.Release|Win32.ActiveCfg = Release|Win32
		{E7ED0E0D-7C98-4296-A9C0-697D9AE130F9}.Release|Win32.Build.0 = Release|Win32
		{D317007A-86C7-41A3-B14B-21211BDE1F82}.Debug|Win32.ActiveCfg = Debug|Win32
		{D317007A-86C7-41A3-B14B-21211BDE1F82}.Debug|Win32.Build.0 = Debug|Win32
		{D317007A-86C7-41A3-B14B-21211BDE1F82}.Release|Win32.ActiveCfg = Release|Win32
		{D317007A-86C7-41A3-B14B-21211BDE1F82}.Release|Win32.Build.0 = Release|Win32
		{10CF5DEB-D716-4C86-AAE9-46978AB02432}.Debug|Win32.ActiveCfg = Debug|Win32
		{10CF5DEB-D716-4C86-AAE9-46978AB02432}.Debug|Win32.Build.0 = Debug|Win32
		{10CF5DEB-D716-4C86-AAE9-46978AB02432}.Release|Win32.ActiveCfg = Release|Win32
		{10CF5DEB-D716-4C86-AAE9-46978AB02432}.Release|Win32.Build.0 = Release|Win32
		{275D7004-7AEB-4E1C-82DE-B78632A45AC4}.Debug|Win32.ActiveCfg = Debug|Win32
		{275D7004-7AEB-4E1C-82DE-B78632A45AC4}.Debug|Win32.Build.0 = Debug|Win32
		{275D7004-7AEB-4E1C-82DE-B78632A45AC4}.Release|Win32.ActiveCfg = Release|Win32
		{275D7004-7AEB-4E1C-82DE-B78632A45AC4}.Release|Win32.Build.0 = Release|Win32
		{05A48704-82A5-489B-BE97-2BB77D35CFEF}.Debug|Win32.ActiveCfg = Debug|Win32
		{05A48704-82A5-489B-BE97-2BB77D35CFEF}.Debug|Win32.Build.0 = Debug|Win32
		{05A48704-82A5-489B-BE97-2BB77D35CFEF}.Release|Win32.ActiveCfg = Release|Win32
		{05A48704-82A5-489B-BE97-2BB77D35CFEF}.Release|Win32.Build.0 = Release|Win32
		{08085568-A2D1-4555-88AF-427C4DED6C80}.Debug|Win32.ActiveCfg = Debug|Win32
		{08085568-A2D1-4555-88AF-427C4DED6C80}.Debug|Win32.Build.0 = Debug|Win32
		{08085568-A2D1-4555-88AF-427C4DED6C80}.Release|Win32.ActiveCfg = Release|Win32
		{08085568-A2D1-4555-88AF-427C4DED6C80}.Release|Win32.Build.0 = Release|Win32
		{50608B8E-1D92-46C6-B8A5-48D415778C61}.Debug|Win32.ActiveCfg = Debug|Win32
		{50608B8E-1D92-46C6-B8A5-48D415778C61}.Debug|Win32.Build.0 = Debug|Win32
		{50608B8E-1D92-46C6-B8A5-48D415778C61}.Release|Win32.ActiveCfg = Release|Win32
		{50608B8E-1D92-46C6-B8A5-48D415778C61}.Release|Win32.Build.0 = Release|Win32
		{A9755495-AC05-4CDB-A07E-B191AEDFCA6F}.Debug|Win32.ActiveCfg = Debug|Win32
		{A9755495-AC05-4CDB-A07E-B191AEDFCA6F}.Debug|Win32.Build.0 = Debug|Win32
		{A9755495-AC05-4CDB-A07E-B191AEDFCA6F}.Release|Win32.ActiveCfg = Release|Win32
		{A9755495-AC05-4CDB-A07E-B191AEDFCA6F}.Release|Win32.Build.0 = Release|Win32
		{F0A6D517-5A12-4610-9714-9EFC1AFE9638}.Debug|Win32.ActiveCfg = Debug|Win32
		{F0A6D517-5A12-4610-9714-9EFC1AFE9638}.Debug|Win32.Build.0 = Debug|Win32
		{F0A6D517-5A12-4610-9714-9EFC1AFE9638}.Release|Win32.ActiveCfg = Release|Win32
		{F0A6D517-5A12-4610-9714-9EFC1AFE9638}.Release|Win32.Build.0 = Release|Win32
		{A08BAC2F-A658-43CF-A3B1-91C4F607D8D1}.Debug|Win32.ActiveCfg = Debug|Win32
		{A08BAC2F-A658-43CF-A3B1-91C4F607D8D1}.Debug|Win32.Build.0 = Debug|Win32
		{A08BAC2F-A658-43CF-A3B1-91C4F607D8D1}.Release|Win32.ActiveCfg = Release|Win32
		{A08BAC2F-A658-43CF-A3B1-91C4F607D8D1}.Release|Win32.Build.0 = Release|Win32
		{F7F7B7F5-4032-457C-A028-91FC469E7BA2}.Debug|Win32.ActiveCfg = Debug|Win32
		{F7F7B7F5-4032-457C-A028-91FC469E7BA2}.Debug|Win32.Build.0 = Debug|Win32
		{F7F7B7F5-4032-457C-A028-91FC469E7BA2}.Release|Win32.ActiveCfg = Release|Win32
		{F7F7B7F5-4032-457C-A028-91FC469E7BA2}.Release|Win32.Build.0 = Release|Win32
		{BF092B80-847A-4342-AAF6-586A5E542939}.Debug|Win32.ActiveCfg = Debug|Win32
		{BF092B80-847A-4342-AAF6-586A5E542939}.Debug|Win32.Build.0 = Debug|Win32
		{BF092B80-847A-4342-AAF6-586A5E542939}.Release|Win32.ActiveCfg = Release|Win32
		{BF092B80-847A-4342-AAF6-586A5E542939}.Release|Win32.Build.0 = Release|Win32
		{3C96BD19-878C-402B-B17A-13E90C0364B5}.Debug|Win32.ActiveCfg = Debug|Win32
		{3C96BD19-878C-402B-B17A-13E90C0364B5}.Debug|Win32.Build.0 = Debug|Win32
		{3C96BD19-878C-402B-B17A-13E90C0364B5}.Release|Win32.ActiveCfg = Release|Win32
		{3C96BD19-878C-402B-B17A-13E90C0364B5}.Release|Win32.Build.0 = Release|Win32
		{08C39A0E-F41E-4423-B919-502D2463E16A}.Debug|Win32.ActiveCfg = Debug|Win32
		{08C39A0E-F41E-4423-B919-502D2463E16A}.Debug|Win32.Build.0 = Debug|Win32
		{08C39A0E-F41E-4423-B919-502D2463E16A}.Release|Win32.ActiveCfg = Release|Win32
		{08C39A0E-F41E-4423-B919-502D2463E16A}.Release|Win32.Build.0 = Release|Win32
	EndGlobalSection
	GlobalSection(SolutionProperties) = preSolution
		HideSolutionNode = FALSE
	EndGlobalSection
EndGlobal
