Microsoft Visual Studio Solution File, Format Version 8.00
Project("{8BC9CEB8-8B4A-11D0-8D11-00A0C91BC942}") = "NAVOptions", "NAVOptions.vcproj", "{5B543601-6598-448E-B781-15ABFE277BD0}"
	ProjectSection(ProjectDependencies) = postProject
	EndProjectSection
EndProject
Project("{8BC9CEB8-8B4A-11D0-8D11-00A0C91BC942}") = "NavOptionsRes", "..\NavOptionsRes\NavOptionsRes.vcproj", "{35957F74-A959-48E9-933E-FB2063B33F36}"
	ProjectSection(ProjectDependencies) = postProject
	EndProjectSection
EndProject
Global
	GlobalSection(SourceCodeControl) = preSolution
		SccNumberOfProjects = 1
		SccProjectUniqueName0 = NAVOptions.vcproj
		SccProjectName0 = Perforce\u0020Project
		SccLocalPath0 = .
		SccProvider0 = MSSCCI:Perforce\u0020SCM
	EndGlobalSection
	GlobalSection(SolutionConfiguration) = preSolution
		Debug = Debug
		Release = Release
	EndGlobalSection
	GlobalSection(ProjectConfiguration) = postSolution
		{5B543601-6598-448E-B781-15ABFE277BD0}.Debug.ActiveCfg = Debug|Win32
		{5B543601-6598-448E-B781-15ABFE277BD0}.Debug.Build.0 = Debug|Win32
		{5B543601-6598-448E-B781-15ABFE277BD0}.Release.ActiveCfg = Release|Win32
		{5B543601-6598-448E-B781-15ABFE277BD0}.Release.Build.0 = Release|Win32
		{35957F74-A959-48E9-933E-FB2063B33F36}.Debug.ActiveCfg = Debug|Win32
		{35957F74-A959-48E9-933E-FB2063B33F36}.Debug.Build.0 = Debug|Win32
		{35957F74-A959-48E9-933E-FB2063B33F36}.Release.ActiveCfg = Release|Win32
		{35957F74-A959-48E9-933E-FB2063B33F36}.Release.Build.0 = Release|Win32
	EndGlobalSection
	GlobalSection(ExtensibilityGlobals) = postSolution
	EndGlobalSection
	GlobalSection(ExtensibilityAddIns) = postSolution
	EndGlobalSection
EndGlobal
