Microsoft Visual Studio Solution File, Format Version 9.00
# Visual Studio 2005
Project("{8BC9CEB8-8B4A-11D0-8D11-00A0C91BC942}") = "DJSMAR00", "..\..\..\..\DJSMAR00\DJSMAR00.vcproj", "{2C10B022-B955-46C3-B625-A5DCF058354C}"
EndProject
Project("{8BC9CEB8-8B4A-11D0-8D11-00A0C91BC942}") = "OEMConfigWizardCore", "..\..\..\..\Core_Technology\LDVP_Shared\src\Common\OEM\OEMConfigWizardCore\OEMConfigWizardCore.vcproj", "{1FF1578D-F9D4-4996-B3C7-3439FA47E722}"
EndProject
Project("{8BC9CEB8-8B4A-11D0-8D11-00A0C91BC942}") = "OEMConfigWizard", "..\..\..\..\Core_Technology\LDVP_Shared\src\Common\OEM\OEMConfigWizard\OEMConfigWizard.vcproj", "{2278C4A8-5A64-4165-8CA6-B8E25030EAE3}"
	ProjectSection(ProjectDependencies) = postProject
		{1FF1578D-F9D4-4996-B3C7-3439FA47E722} = {1FF1578D-F9D4-4996-B3C7-3439FA47E722}
	EndProjectSection
EndProject
Project("{8BC9CEB8-8B4A-11D0-8D11-00A0C91BC942}") = "OEMConfigWizardRes", "..\..\..\..\Core_Technology\LDVP_Shared\src\Common\OEM\OEMConfigWizard\res\OEMConfigWizardRes\OEMConfigWizardRes.vcproj", "{F7F7B7F5-4032-457C-A028-91FC469E7BA2}"
EndProject
Project("{8BC9CEB8-8B4A-11D0-8D11-00A0C91BC942}") = "OEMConfigWizardCoreRes", "..\..\..\..\Core_Technology\LDVP_Shared\src\Common\OEM\OEMConfigWizardCore\Res\OEMConfigWizardCoreRes\OEMConfigWizardCoreRes.vcproj", "{BF092B80-847A-4342-AAF6-586A5E542939}"
EndProject
Project("{8BC9CEB8-8B4A-11D0-8D11-00A0C91BC942}") = "PScanRes", "..\..\Common\src\PScan\res\PScanRes\PScanRes.vcproj", "{7BCDFC87-B277-4E3E-AB71-62C38A50C0A5}"
EndProject
Project("{8BC9CEB8-8B4A-11D0-8D11-00A0C91BC942}") = "Acta", "Pscan\Acta\Acta.vcproj", "{9C44938F-21AE-4B44-8C6F-2FF03A66D6F7}"
	ProjectSection(ProjectDependencies) = postProject
		{08C39A0E-F41E-4423-B919-502D2463E16A} = {08C39A0E-F41E-4423-B919-502D2463E16A}
	EndProjectSection
EndProject
Project("{8BC9CEB8-8B4A-11D0-8D11-00A0C91BC942}") = "CompileActa", "Pscan\CompileActa\CompileActa.vcproj", "{08C39A0E-F41E-4423-B919-502D2463E16A}"
EndProject
Project("{8BC9CEB8-8B4A-11D0-8D11-00A0C91BC942}") = "Rtvscan", "Pscan\RTVScan\RTVScan.vcproj", "{3710A483-9DC2-4AD9-BF47-ED0582FD0AB9}"
	ProjectSection(ProjectDependencies) = postProject
		{08C39A0E-F41E-4423-B919-502D2463E16A} = {08C39A0E-F41E-4423-B919-502D2463E16A}
		{9C44938F-21AE-4B44-8C6F-2FF03A66D6F7} = {9C44938F-21AE-4B44-8C6F-2FF03A66D6F7}
	EndProjectSection
EndProject
Global
	GlobalSection(SolutionConfigurationPlatforms) = preSolution
		Debug|Win32 = Debug|Win32
		DebugLic|Win32 = DebugLic|Win32
		DebugScalability|Win32 = DebugScalability|Win32
		Release MinDependency|Win32 = Release MinDependency|Win32
		Release MinSize|Win32 = Release MinSize|Win32
		Release|Win32 = Release|Win32
		ReleaseLic|Win32 = ReleaseLic|Win32
		ReleaseMD Unlicensed with LiveSubscribe|Win32 = ReleaseMD Unlicensed with LiveSubscribe|Win32
		ReleaseScalability|Win32 = ReleaseScalability|Win32
		Unicode Debug|Win32 = Unicode Debug|Win32
		Unicode Release MinDependency|Win32 = Unicode Release MinDependency|Win32
		Unicode Release MinSize|Win32 = Unicode Release MinSize|Win32
	EndGlobalSection
	GlobalSection(ProjectConfigurationPlatforms) = postSolution
		{2C10B022-B955-46C3-B625-A5DCF058354C}.Debug|Win32.ActiveCfg = DebugMD Unlicensed With LiveSubscribe|Win32
		{2C10B022-B955-46C3-B625-A5DCF058354C}.Debug|Win32.Build.0 = DebugMD Unlicensed With LiveSubscribe|Win32
		{2C10B022-B955-46C3-B625-A5DCF058354C}.DebugLic|Win32.ActiveCfg = DebugMD Unlicensed With LiveSubscribe|Win32
		{2C10B022-B955-46C3-B625-A5DCF058354C}.DebugLic|Win32.Build.0 = DebugMD Unlicensed With LiveSubscribe|Win32
		{2C10B022-B955-46C3-B625-A5DCF058354C}.DebugScalability|Win32.ActiveCfg = DebugMD Unlicensed With LiveSubscribe|Win32
		{2C10B022-B955-46C3-B625-A5DCF058354C}.Release MinDependency|Win32.ActiveCfg = ReleaseMD Unlicensed with LiveSubscribe|Win32
		{2C10B022-B955-46C3-B625-A5DCF058354C}.Release MinDependency|Win32.Build.0 = ReleaseMD Unlicensed with LiveSubscribe|Win32
		{2C10B022-B955-46C3-B625-A5DCF058354C}.Release MinSize|Win32.ActiveCfg = ReleaseMD Unlicensed with LiveSubscribe|Win32
		{2C10B022-B955-46C3-B625-A5DCF058354C}.Release MinSize|Win32.Build.0 = ReleaseMD Unlicensed with LiveSubscribe|Win32
		{2C10B022-B955-46C3-B625-A5DCF058354C}.Release|Win32.ActiveCfg = ReleaseMD Unlicensed with LiveSubscribe|Win32
		{2C10B022-B955-46C3-B625-A5DCF058354C}.Release|Win32.Build.0 = ReleaseMD Unlicensed with LiveSubscribe|Win32
		{2C10B022-B955-46C3-B625-A5DCF058354C}.ReleaseLic|Win32.ActiveCfg = ReleaseMD Unlicensed with LiveSubscribe|Win32
		{2C10B022-B955-46C3-B625-A5DCF058354C}.ReleaseLic|Win32.Build.0 = ReleaseMD Unlicensed with LiveSubscribe|Win32
		{2C10B022-B955-46C3-B625-A5DCF058354C}.ReleaseMD Unlicensed with LiveSubscribe|Win32.ActiveCfg = ReleaseMD Unlicensed with LiveSubscribe|Win32
		{2C10B022-B955-46C3-B625-A5DCF058354C}.ReleaseMD Unlicensed with LiveSubscribe|Win32.Build.0 = ReleaseMD Unlicensed with LiveSubscribe|Win32
		{2C10B022-B955-46C3-B625-A5DCF058354C}.ReleaseScalability|Win32.ActiveCfg = ReleaseMD Unlicensed with LiveSubscribe|Win32
		{2C10B022-B955-46C3-B625-A5DCF058354C}.Unicode Debug|Win32.ActiveCfg = ReleaseMD Unlicensed with LiveSubscribe|Win32
		{2C10B022-B955-46C3-B625-A5DCF058354C}.Unicode Debug|Win32.Build.0 = ReleaseMD Unlicensed with LiveSubscribe|Win32
		{2C10B022-B955-46C3-B625-A5DCF058354C}.Unicode Release MinDependency|Win32.ActiveCfg = ReleaseMD Unlicensed with LiveSubscribe|Win32
		{2C10B022-B955-46C3-B625-A5DCF058354C}.Unicode Release MinDependency|Win32.Build.0 = ReleaseMD Unlicensed with LiveSubscribe|Win32
		{2C10B022-B955-46C3-B625-A5DCF058354C}.Unicode Release MinSize|Win32.ActiveCfg = ReleaseMD Unlicensed with LiveSubscribe|Win32
		{2C10B022-B955-46C3-B625-A5DCF058354C}.Unicode Release MinSize|Win32.Build.0 = ReleaseMD Unlicensed with LiveSubscribe|Win32
		{1FF1578D-F9D4-4996-B3C7-3439FA47E722}.Debug|Win32.ActiveCfg = Debug|Win32
		{1FF1578D-F9D4-4996-B3C7-3439FA47E722}.Debug|Win32.Build.0 = Debug|Win32
		{1FF1578D-F9D4-4996-B3C7-3439FA47E722}.DebugLic|Win32.ActiveCfg = Debug|Win32
		{1FF1578D-F9D4-4996-B3C7-3439FA47E722}.DebugLic|Win32.Build.0 = Debug|Win32
		{1FF1578D-F9D4-4996-B3C7-3439FA47E722}.DebugScalability|Win32.ActiveCfg = Debug|Win32
		{1FF1578D-F9D4-4996-B3C7-3439FA47E722}.Release MinDependency|Win32.ActiveCfg = Release MinDependency|Win32
		{1FF1578D-F9D4-4996-B3C7-3439FA47E722}.Release MinDependency|Win32.Build.0 = Release MinDependency|Win32
		{1FF1578D-F9D4-4996-B3C7-3439FA47E722}.Release MinSize|Win32.ActiveCfg = Release MinSize|Win32
		{1FF1578D-F9D4-4996-B3C7-3439FA47E722}.Release MinSize|Win32.Build.0 = Release MinSize|Win32
		{1FF1578D-F9D4-4996-B3C7-3439FA47E722}.Release|Win32.ActiveCfg = Release MinSize|Win32
		{1FF1578D-F9D4-4996-B3C7-3439FA47E722}.Release|Win32.Build.0 = Release MinSize|Win32
		{1FF1578D-F9D4-4996-B3C7-3439FA47E722}.ReleaseLic|Win32.ActiveCfg = Release MinDependency|Win32
		{1FF1578D-F9D4-4996-B3C7-3439FA47E722}.ReleaseLic|Win32.Build.0 = Release MinDependency|Win32
		{1FF1578D-F9D4-4996-B3C7-3439FA47E722}.ReleaseMD Unlicensed with LiveSubscribe|Win32.ActiveCfg = Release MinDependency|Win32
		{1FF1578D-F9D4-4996-B3C7-3439FA47E722}.ReleaseMD Unlicensed with LiveSubscribe|Win32.Build.0 = Release MinDependency|Win32
		{1FF1578D-F9D4-4996-B3C7-3439FA47E722}.ReleaseScalability|Win32.ActiveCfg = Release MinDependency|Win32
		{1FF1578D-F9D4-4996-B3C7-3439FA47E722}.Unicode Debug|Win32.ActiveCfg = Unicode Debug|Win32
		{1FF1578D-F9D4-4996-B3C7-3439FA47E722}.Unicode Debug|Win32.Build.0 = Unicode Debug|Win32
		{1FF1578D-F9D4-4996-B3C7-3439FA47E722}.Unicode Release MinDependency|Win32.ActiveCfg = Unicode Release MinDependency|Win32
		{1FF1578D-F9D4-4996-B3C7-3439FA47E722}.Unicode Release MinDependency|Win32.Build.0 = Unicode Release MinDependency|Win32
		{1FF1578D-F9D4-4996-B3C7-3439FA47E722}.Unicode Release MinSize|Win32.ActiveCfg = Unicode Release MinSize|Win32
		{1FF1578D-F9D4-4996-B3C7-3439FA47E722}.Unicode Release MinSize|Win32.Build.0 = Unicode Release MinSize|Win32
		{2278C4A8-5A64-4165-8CA6-B8E25030EAE3}.Debug|Win32.ActiveCfg = Debug|Win32
		{2278C4A8-5A64-4165-8CA6-B8E25030EAE3}.Debug|Win32.Build.0 = Debug|Win32
		{2278C4A8-5A64-4165-8CA6-B8E25030EAE3}.DebugLic|Win32.ActiveCfg = Debug|Win32
		{2278C4A8-5A64-4165-8CA6-B8E25030EAE3}.DebugLic|Win32.Build.0 = Debug|Win32
		{2278C4A8-5A64-4165-8CA6-B8E25030EAE3}.DebugScalability|Win32.ActiveCfg = Debug|Win32
		{2278C4A8-5A64-4165-8CA6-B8E25030EAE3}.Release MinDependency|Win32.ActiveCfg = Release|Win32
		{2278C4A8-5A64-4165-8CA6-B8E25030EAE3}.Release MinDependency|Win32.Build.0 = Release|Win32
		{2278C4A8-5A64-4165-8CA6-B8E25030EAE3}.Release MinSize|Win32.ActiveCfg = Release|Win32
		{2278C4A8-5A64-4165-8CA6-B8E25030EAE3}.Release MinSize|Win32.Build.0 = Release|Win32
		{2278C4A8-5A64-4165-8CA6-B8E25030EAE3}.Release|Win32.ActiveCfg = Release|Win32
		{2278C4A8-5A64-4165-8CA6-B8E25030EAE3}.Release|Win32.Build.0 = Release|Win32
		{2278C4A8-5A64-4165-8CA6-B8E25030EAE3}.ReleaseLic|Win32.ActiveCfg = Release|Win32
		{2278C4A8-5A64-4165-8CA6-B8E25030EAE3}.ReleaseLic|Win32.Build.0 = Release|Win32
		{2278C4A8-5A64-4165-8CA6-B8E25030EAE3}.ReleaseMD Unlicensed with LiveSubscribe|Win32.ActiveCfg = Release|Win32
		{2278C4A8-5A64-4165-8CA6-B8E25030EAE3}.ReleaseMD Unlicensed with LiveSubscribe|Win32.Build.0 = Release|Win32
		{2278C4A8-5A64-4165-8CA6-B8E25030EAE3}.ReleaseScalability|Win32.ActiveCfg = Release|Win32
		{2278C4A8-5A64-4165-8CA6-B8E25030EAE3}.Unicode Debug|Win32.ActiveCfg = Debug|Win32
		{2278C4A8-5A64-4165-8CA6-B8E25030EAE3}.Unicode Debug|Win32.Build.0 = Debug|Win32
		{2278C4A8-5A64-4165-8CA6-B8E25030EAE3}.Unicode Release MinDependency|Win32.ActiveCfg = Release|Win32
		{2278C4A8-5A64-4165-8CA6-B8E25030EAE3}.Unicode Release MinDependency|Win32.Build.0 = Release|Win32
		{2278C4A8-5A64-4165-8CA6-B8E25030EAE3}.Unicode Release MinSize|Win32.ActiveCfg = Release|Win32
		{2278C4A8-5A64-4165-8CA6-B8E25030EAE3}.Unicode Release MinSize|Win32.Build.0 = Release|Win32
		{F7F7B7F5-4032-457C-A028-91FC469E7BA2}.Debug|Win32.ActiveCfg = Debug|Win32
		{F7F7B7F5-4032-457C-A028-91FC469E7BA2}.Debug|Win32.Build.0 = Debug|Win32
		{F7F7B7F5-4032-457C-A028-91FC469E7BA2}.DebugLic|Win32.ActiveCfg = Debug|Win32
		{F7F7B7F5-4032-457C-A028-91FC469E7BA2}.DebugLic|Win32.Build.0 = Debug|Win32
		{F7F7B7F5-4032-457C-A028-91FC469E7BA2}.DebugScalability|Win32.ActiveCfg = Debug|Win32
		{F7F7B7F5-4032-457C-A028-91FC469E7BA2}.DebugScalability|Win32.Build.0 = Debug|Win32
		{F7F7B7F5-4032-457C-A028-91FC469E7BA2}.Release MinDependency|Win32.ActiveCfg = Release|Win32
		{F7F7B7F5-4032-457C-A028-91FC469E7BA2}.Release MinDependency|Win32.Build.0 = Release|Win32
		{F7F7B7F5-4032-457C-A028-91FC469E7BA2}.Release MinSize|Win32.ActiveCfg = Release|Win32
		{F7F7B7F5-4032-457C-A028-91FC469E7BA2}.Release MinSize|Win32.Build.0 = Release|Win32
		{F7F7B7F5-4032-457C-A028-91FC469E7BA2}.Release|Win32.ActiveCfg = Release|Win32
		{F7F7B7F5-4032-457C-A028-91FC469E7BA2}.Release|Win32.Build.0 = Release|Win32
		{F7F7B7F5-4032-457C-A028-91FC469E7BA2}.ReleaseLic|Win32.ActiveCfg = Release|Win32
		{F7F7B7F5-4032-457C-A028-91FC469E7BA2}.ReleaseLic|Win32.Build.0 = Release|Win32
		{F7F7B7F5-4032-457C-A028-91FC469E7BA2}.ReleaseMD Unlicensed with LiveSubscribe|Win32.ActiveCfg = Release|Win32
		{F7F7B7F5-4032-457C-A028-91FC469E7BA2}.ReleaseMD Unlicensed with LiveSubscribe|Win32.Build.0 = Release|Win32
		{F7F7B7F5-4032-457C-A028-91FC469E7BA2}.ReleaseScalability|Win32.ActiveCfg = Release|Win32
		{F7F7B7F5-4032-457C-A028-91FC469E7BA2}.ReleaseScalability|Win32.Build.0 = Release|Win32
		{F7F7B7F5-4032-457C-A028-91FC469E7BA2}.Unicode Debug|Win32.ActiveCfg = Debug|Win32
		{F7F7B7F5-4032-457C-A028-91FC469E7BA2}.Unicode Debug|Win32.Build.0 = Debug|Win32
		{F7F7B7F5-4032-457C-A028-91FC469E7BA2}.Unicode Release MinDependency|Win32.ActiveCfg = Release|Win32
		{F7F7B7F5-4032-457C-A028-91FC469E7BA2}.Unicode Release MinDependency|Win32.Build.0 = Release|Win32
		{F7F7B7F5-4032-457C-A028-91FC469E7BA2}.Unicode Release MinSize|Win32.ActiveCfg = Release|Win32
		{F7F7B7F5-4032-457C-A028-91FC469E7BA2}.Unicode Release MinSize|Win32.Build.0 = Release|Win32
		{BF092B80-847A-4342-AAF6-586A5E542939}.Debug|Win32.ActiveCfg = Debug|Win32
		{BF092B80-847A-4342-AAF6-586A5E542939}.Debug|Win32.Build.0 = Debug|Win32
		{BF092B80-847A-4342-AAF6-586A5E542939}.DebugLic|Win32.ActiveCfg = Debug|Win32
		{BF092B80-847A-4342-AAF6-586A5E542939}.DebugLic|Win32.Build.0 = Debug|Win32
		{BF092B80-847A-4342-AAF6-586A5E542939}.DebugScalability|Win32.ActiveCfg = Debug|Win32
		{BF092B80-847A-4342-AAF6-586A5E542939}.DebugScalability|Win32.Build.0 = Debug|Win32
		{BF092B80-847A-4342-AAF6-586A5E542939}.Release MinDependency|Win32.ActiveCfg = Release|Win32
		{BF092B80-847A-4342-AAF6-586A5E542939}.Release MinDependency|Win32.Build.0 = Release|Win32
		{BF092B80-847A-4342-AAF6-586A5E542939}.Release MinSize|Win32.ActiveCfg = Release|Win32
		{BF092B80-847A-4342-AAF6-586A5E542939}.Release MinSize|Win32.Build.0 = Release|Win32
		{BF092B80-847A-4342-AAF6-586A5E542939}.Release|Win32.ActiveCfg = Release|Win32
		{BF092B80-847A-4342-AAF6-586A5E542939}.Release|Win32.Build.0 = Release|Win32
		{BF092B80-847A-4342-AAF6-586A5E542939}.ReleaseLic|Win32.ActiveCfg = Release|Win32
		{BF092B80-847A-4342-AAF6-586A5E542939}.ReleaseLic|Win32.Build.0 = Release|Win32
		{BF092B80-847A-4342-AAF6-586A5E542939}.ReleaseMD Unlicensed with LiveSubscribe|Win32.ActiveCfg = Release|Win32
		{BF092B80-847A-4342-AAF6-586A5E542939}.ReleaseMD Unlicensed with LiveSubscribe|Win32.Build.0 = Release|Win32
		{BF092B80-847A-4342-AAF6-586A5E542939}.ReleaseScalability|Win32.ActiveCfg = Release|Win32
		{BF092B80-847A-4342-AAF6-586A5E542939}.ReleaseScalability|Win32.Build.0 = Release|Win32
		{BF092B80-847A-4342-AAF6-586A5E542939}.Unicode Debug|Win32.ActiveCfg = Debug|Win32
		{BF092B80-847A-4342-AAF6-586A5E542939}.Unicode Debug|Win32.Build.0 = Debug|Win32
		{BF092B80-847A-4342-AAF6-586A5E542939}.Unicode Release MinDependency|Win32.ActiveCfg = Release|Win32
		{BF092B80-847A-4342-AAF6-586A5E542939}.Unicode Release MinDependency|Win32.Build.0 = Release|Win32
		{BF092B80-847A-4342-AAF6-586A5E542939}.Unicode Release MinSize|Win32.ActiveCfg = Release|Win32
		{BF092B80-847A-4342-AAF6-586A5E542939}.Unicode Release MinSize|Win32.Build.0 = Release|Win32
		{7BCDFC87-B277-4E3E-AB71-62C38A50C0A5}.Debug|Win32.ActiveCfg = Debug|Win32
		{7BCDFC87-B277-4E3E-AB71-62C38A50C0A5}.Debug|Win32.Build.0 = Debug|Win32
		{7BCDFC87-B277-4E3E-AB71-62C38A50C0A5}.DebugLic|Win32.ActiveCfg = Debug|Win32
		{7BCDFC87-B277-4E3E-AB71-62C38A50C0A5}.DebugLic|Win32.Build.0 = Debug|Win32
		{7BCDFC87-B277-4E3E-AB71-62C38A50C0A5}.DebugScalability|Win32.ActiveCfg = Debug|Win32
		{7BCDFC87-B277-4E3E-AB71-62C38A50C0A5}.DebugScalability|Win32.Build.0 = Debug|Win32
		{7BCDFC87-B277-4E3E-AB71-62C38A50C0A5}.Release MinDependency|Win32.ActiveCfg = Release|Win32
		{7BCDFC87-B277-4E3E-AB71-62C38A50C0A5}.Release MinDependency|Win32.Build.0 = Release|Win32
		{7BCDFC87-B277-4E3E-AB71-62C38A50C0A5}.Release MinSize|Win32.ActiveCfg = Release|Win32
		{7BCDFC87-B277-4E3E-AB71-62C38A50C0A5}.Release MinSize|Win32.Build.0 = Release|Win32
		{7BCDFC87-B277-4E3E-AB71-62C38A50C0A5}.Release|Win32.ActiveCfg = Release|Win32
		{7BCDFC87-B277-4E3E-AB71-62C38A50C0A5}.Release|Win32.Build.0 = Release|Win32
		{7BCDFC87-B277-4E3E-AB71-62C38A50C0A5}.ReleaseLic|Win32.ActiveCfg = Release|Win32
		{7BCDFC87-B277-4E3E-AB71-62C38A50C0A5}.ReleaseLic|Win32.Build.0 = Release|Win32
		{7BCDFC87-B277-4E3E-AB71-62C38A50C0A5}.ReleaseMD Unlicensed with LiveSubscribe|Win32.ActiveCfg = Release|Win32
		{7BCDFC87-B277-4E3E-AB71-62C38A50C0A5}.ReleaseMD Unlicensed with LiveSubscribe|Win32.Build.0 = Release|Win32
		{7BCDFC87-B277-4E3E-AB71-62C38A50C0A5}.ReleaseScalability|Win32.ActiveCfg = Release|Win32
		{7BCDFC87-B277-4E3E-AB71-62C38A50C0A5}.ReleaseScalability|Win32.Build.0 = Release|Win32
		{7BCDFC87-B277-4E3E-AB71-62C38A50C0A5}.Unicode Debug|Win32.ActiveCfg = Debug|Win32
		{7BCDFC87-B277-4E3E-AB71-62C38A50C0A5}.Unicode Debug|Win32.Build.0 = Debug|Win32
		{7BCDFC87-B277-4E3E-AB71-62C38A50C0A5}.Unicode Release MinDependency|Win32.ActiveCfg = Release|Win32
		{7BCDFC87-B277-4E3E-AB71-62C38A50C0A5}.Unicode Release MinDependency|Win32.Build.0 = Release|Win32
		{7BCDFC87-B277-4E3E-AB71-62C38A50C0A5}.Unicode Release MinSize|Win32.ActiveCfg = Release|Win32
		{7BCDFC87-B277-4E3E-AB71-62C38A50C0A5}.Unicode Release MinSize|Win32.Build.0 = Release|Win32
		{9C44938F-21AE-4B44-8C6F-2FF03A66D6F7}.Debug|Win32.ActiveCfg = Debug|Win32
		{9C44938F-21AE-4B44-8C6F-2FF03A66D6F7}.Debug|Win32.Build.0 = Debug|Win32
		{9C44938F-21AE-4B44-8C6F-2FF03A66D6F7}.DebugLic|Win32.ActiveCfg = Debug|Win32
		{9C44938F-21AE-4B44-8C6F-2FF03A66D6F7}.DebugLic|Win32.Build.0 = Debug|Win32
		{9C44938F-21AE-4B44-8C6F-2FF03A66D6F7}.DebugScalability|Win32.ActiveCfg = Debug|Win32
		{9C44938F-21AE-4B44-8C6F-2FF03A66D6F7}.DebugScalability|Win32.Build.0 = Debug|Win32
		{9C44938F-21AE-4B44-8C6F-2FF03A66D6F7}.Release MinDependency|Win32.ActiveCfg = Release|Win32
		{9C44938F-21AE-4B44-8C6F-2FF03A66D6F7}.Release MinDependency|Win32.Build.0 = Release|Win32
		{9C44938F-21AE-4B44-8C6F-2FF03A66D6F7}.Release MinSize|Win32.ActiveCfg = Release|Win32
		{9C44938F-21AE-4B44-8C6F-2FF03A66D6F7}.Release MinSize|Win32.Build.0 = Release|Win32
		{9C44938F-21AE-4B44-8C6F-2FF03A66D6F7}.Release|Win32.ActiveCfg = Release|Win32
		{9C44938F-21AE-4B44-8C6F-2FF03A66D6F7}.Release|Win32.Build.0 = Release|Win32
		{9C44938F-21AE-4B44-8C6F-2FF03A66D6F7}.ReleaseLic|Win32.ActiveCfg = Release|Win32
		{9C44938F-21AE-4B44-8C6F-2FF03A66D6F7}.ReleaseLic|Win32.Build.0 = Release|Win32
		{9C44938F-21AE-4B44-8C6F-2FF03A66D6F7}.ReleaseMD Unlicensed with LiveSubscribe|Win32.ActiveCfg = Release|Win32
		{9C44938F-21AE-4B44-8C6F-2FF03A66D6F7}.ReleaseMD Unlicensed with LiveSubscribe|Win32.Build.0 = Release|Win32
		{9C44938F-21AE-4B44-8C6F-2FF03A66D6F7}.ReleaseScalability|Win32.ActiveCfg = Release|Win32
		{9C44938F-21AE-4B44-8C6F-2FF03A66D6F7}.ReleaseScalability|Win32.Build.0 = Release|Win32
		{9C44938F-21AE-4B44-8C6F-2FF03A66D6F7}.Unicode Debug|Win32.ActiveCfg = Debug|Win32
		{9C44938F-21AE-4B44-8C6F-2FF03A66D6F7}.Unicode Debug|Win32.Build.0 = Debug|Win32
		{9C44938F-21AE-4B44-8C6F-2FF03A66D6F7}.Unicode Release MinDependency|Win32.ActiveCfg = Release|Win32
		{9C44938F-21AE-4B44-8C6F-2FF03A66D6F7}.Unicode Release MinDependency|Win32.Build.0 = Release|Win32
		{9C44938F-21AE-4B44-8C6F-2FF03A66D6F7}.Unicode Release MinSize|Win32.ActiveCfg = Release|Win32
		{9C44938F-21AE-4B44-8C6F-2FF03A66D6F7}.Unicode Release MinSize|Win32.Build.0 = Release|Win32
		{08C39A0E-F41E-4423-B919-502D2463E16A}.Debug|Win32.ActiveCfg = Debug|Win32
		{08C39A0E-F41E-4423-B919-502D2463E16A}.Debug|Win32.Build.0 = Debug|Win32
		{08C39A0E-F41E-4423-B919-502D2463E16A}.DebugLic|Win32.ActiveCfg = Debug|Win32
		{08C39A0E-F41E-4423-B919-502D2463E16A}.DebugLic|Win32.Build.0 = Debug|Win32
		{08C39A0E-F41E-4423-B919-502D2463E16A}.DebugScalability|Win32.ActiveCfg = Debug|Win32
		{08C39A0E-F41E-4423-B919-502D2463E16A}.DebugScalability|Win32.Build.0 = Debug|Win32
		{08C39A0E-F41E-4423-B919-502D2463E16A}.Release MinDependency|Win32.ActiveCfg = Release|Win32
		{08C39A0E-F41E-4423-B919-502D2463E16A}.Release MinDependency|Win32.Build.0 = Release|Win32
		{08C39A0E-F41E-4423-B919-502D2463E16A}.Release MinSize|Win32.ActiveCfg = Release|Win32
		{08C39A0E-F41E-4423-B919-502D2463E16A}.Release MinSize|Win32.Build.0 = Release|Win32
		{08C39A0E-F41E-4423-B919-502D2463E16A}.Release|Win32.ActiveCfg = Release|Win32
		{08C39A0E-F41E-4423-B919-502D2463E16A}.Release|Win32.Build.0 = Release|Win32
		{08C39A0E-F41E-4423-B919-502D2463E16A}.ReleaseLic|Win32.ActiveCfg = Release|Win32
		{08C39A0E-F41E-4423-B919-502D2463E16A}.ReleaseLic|Win32.Build.0 = Release|Win32
		{08C39A0E-F41E-4423-B919-502D2463E16A}.ReleaseMD Unlicensed with LiveSubscribe|Win32.ActiveCfg = Release|Win32
		{08C39A0E-F41E-4423-B919-502D2463E16A}.ReleaseMD Unlicensed with LiveSubscribe|Win32.Build.0 = Release|Win32
		{08C39A0E-F41E-4423-B919-502D2463E16A}.ReleaseScalability|Win32.ActiveCfg = Release|Win32
		{08C39A0E-F41E-4423-B919-502D2463E16A}.ReleaseScalability|Win32.Build.0 = Release|Win32
		{08C39A0E-F41E-4423-B919-502D2463E16A}.Unicode Debug|Win32.ActiveCfg = Debug|Win32
		{08C39A0E-F41E-4423-B919-502D2463E16A}.Unicode Debug|Win32.Build.0 = Debug|Win32
		{08C39A0E-F41E-4423-B919-502D2463E16A}.Unicode Release MinDependency|Win32.ActiveCfg = Release|Win32
		{08C39A0E-F41E-4423-B919-502D2463E16A}.Unicode Release MinDependency|Win32.Build.0 = Release|Win32
		{08C39A0E-F41E-4423-B919-502D2463E16A}.Unicode Release MinSize|Win32.ActiveCfg = Release|Win32
		{08C39A0E-F41E-4423-B919-502D2463E16A}.Unicode Release MinSize|Win32.Build.0 = Release|Win32
		{3710A483-9DC2-4AD9-BF47-ED0582FD0AB9}.Debug|Win32.ActiveCfg = Debug|Win32
		{3710A483-9DC2-4AD9-BF47-ED0582FD0AB9}.Debug|Win32.Build.0 = Debug|Win32
		{3710A483-9DC2-4AD9-BF47-ED0582FD0AB9}.DebugLic|Win32.ActiveCfg = DebugLic|Win32
		{3710A483-9DC2-4AD9-BF47-ED0582FD0AB9}.DebugLic|Win32.Build.0 = DebugLic|Win32
		{3710A483-9DC2-4AD9-BF47-ED0582FD0AB9}.DebugScalability|Win32.ActiveCfg = DebugScalability|Win32
		{3710A483-9DC2-4AD9-BF47-ED0582FD0AB9}.DebugScalability|Win32.Build.0 = DebugScalability|Win32
		{3710A483-9DC2-4AD9-BF47-ED0582FD0AB9}.Release MinDependency|Win32.ActiveCfg = Release|Win32
		{3710A483-9DC2-4AD9-BF47-ED0582FD0AB9}.Release MinDependency|Win32.Build.0 = Release|Win32
		{3710A483-9DC2-4AD9-BF47-ED0582FD0AB9}.Release MinSize|Win32.ActiveCfg = Release|Win32
		{3710A483-9DC2-4AD9-BF47-ED0582FD0AB9}.Release MinSize|Win32.Build.0 = Release|Win32
		{3710A483-9DC2-4AD9-BF47-ED0582FD0AB9}.Release|Win32.ActiveCfg = Release|Win32
		{3710A483-9DC2-4AD9-BF47-ED0582FD0AB9}.Release|Win32.Build.0 = Release|Win32
		{3710A483-9DC2-4AD9-BF47-ED0582FD0AB9}.ReleaseLic|Win32.ActiveCfg = ReleaseLic|Win32
		{3710A483-9DC2-4AD9-BF47-ED0582FD0AB9}.ReleaseLic|Win32.Build.0 = ReleaseLic|Win32
		{3710A483-9DC2-4AD9-BF47-ED0582FD0AB9}.ReleaseMD Unlicensed with LiveSubscribe|Win32.ActiveCfg = Release|Win32
		{3710A483-9DC2-4AD9-BF47-ED0582FD0AB9}.ReleaseMD Unlicensed with LiveSubscribe|Win32.Build.0 = Release|Win32
		{3710A483-9DC2-4AD9-BF47-ED0582FD0AB9}.ReleaseScalability|Win32.ActiveCfg = Release|Win32
		{3710A483-9DC2-4AD9-BF47-ED0582FD0AB9}.ReleaseScalability|Win32.Build.0 = Release|Win32
		{3710A483-9DC2-4AD9-BF47-ED0582FD0AB9}.Unicode Debug|Win32.ActiveCfg = Debug|Win32
		{3710A483-9DC2-4AD9-BF47-ED0582FD0AB9}.Unicode Debug|Win32.Build.0 = Debug|Win32
		{3710A483-9DC2-4AD9-BF47-ED0582FD0AB9}.Unicode Release MinDependency|Win32.ActiveCfg = Release|Win32
		{3710A483-9DC2-4AD9-BF47-ED0582FD0AB9}.Unicode Release MinDependency|Win32.Build.0 = Release|Win32
		{3710A483-9DC2-4AD9-BF47-ED0582FD0AB9}.Unicode Release MinSize|Win32.ActiveCfg = Release|Win32
		{3710A483-9DC2-4AD9-BF47-ED0582FD0AB9}.Unicode Release MinSize|Win32.Build.0 = Release|Win32
	EndGlobalSection
	GlobalSection(SolutionProperties) = preSolution
		HideSolutionNode = FALSE
	EndGlobalSection
	GlobalSection(DPCodeReviewSolutionGUID) = preSolution
		DPCodeReviewSolutionGUID = {00000000-0000-0000-0000-000000000000}
	EndGlobalSection
EndGlobal
