Microsoft Visual Studio Solution File, Format Version 8.00
Project("{8BC9CEB8-8B4A-11D0-8D11-00A0C91BC942}") = "NAVUI", "NAVUI.vcproj", "{1B1390B0-6F7E-498B-AAF8-81DF510573F7}"
	ProjectSection(ProjectDependencies) = postProject
	EndProjectSection
EndProject
Project("{8BC9CEB8-8B4A-11D0-8D11-00A0C91BC942}") = "NavUIRes", "..\NavUIRes\NavUIRes.vcproj", "{6C1591B8-364E-438C-8016-ACCE33D9A810}"
	ProjectSection(ProjectDependencies) = postProject
	EndProjectSection
EndProject
Global
	GlobalSection(SourceCodeControl) = preSolution
		SccNumberOfProjects = 1
		SccProjectUniqueName0 = NAVUI.vcproj
		SccProjectName0 = NAVUI
		SccLocalPath0 = .
		SccProvider0 = MSSCCI:Perforce\u0020SCM
	EndGlobalSection
	GlobalSection(SolutionConfiguration) = preSolution
		Debug = Debug
		Release = Release
	EndGlobalSection
	GlobalSection(ProjectConfiguration) = postSolution
		{1B1390B0-6F7E-498B-AAF8-81DF510573F7}.Debug.ActiveCfg = Debug|Win32
		{1B1390B0-6F7E-498B-AAF8-81DF510573F7}.Debug.Build.0 = Debug|Win32
		{1B1390B0-6F7E-498B-AAF8-81DF510573F7}.Release.ActiveCfg = Release|Win32
		{1B1390B0-6F7E-498B-AAF8-81DF510573F7}.Release.Build.0 = Release|Win32
		{6C1591B8-364E-438C-8016-ACCE33D9A810}.Debug.ActiveCfg = Debug|Win32
		{6C1591B8-364E-438C-8016-ACCE33D9A810}.Debug.Build.0 = Debug|Win32
		{6C1591B8-364E-438C-8016-ACCE33D9A810}.Release.ActiveCfg = Release|Win32
		{6C1591B8-364E-438C-8016-ACCE33D9A810}.Release.Build.0 = Release|Win32
	EndGlobalSection
	GlobalSection(ExtensibilityGlobals) = postSolution
	EndGlobalSection
	GlobalSection(ExtensibilityAddIns) = postSolution
	EndGlobalSection
EndGlobal
