
Microsoft Visual Studio Solution File, Format Version 9.00
# Visual Studio 2005
Project("{8BC9CEB8-8B4A-11D0-8D11-00A0C91BC942}") = "SAVSubmitter", "SAVSubmitter.vcproj", "{F359AF75-E4E5-4C91-BE5C-E813EF4E1186}"
	ProjectSection(ProjectDependencies) = postProject
		{070BE523-B6AC-4480-9911-8D154333B103} = {070BE523-B6AC-4480-9911-8D154333B103}
	EndProjectSection
EndProject
Project("{8BC9CEB8-8B4A-11D0-8D11-00A0C91BC942}") = "SAVSubmitterTest", "SAVSubmitterTest\SAVSubmitterTest.vcproj", "{E2DDCC63-1707-41BA-AEB5-84B119A241F4}"
	ProjectSection(ProjectDependencies) = postProject
		{F359AF75-E4E5-4C91-BE5C-E813EF4E1186} = {F359AF75-E4E5-4C91-BE5C-E813EF4E1186}
	EndProjectSection
EndProject
Project("{8BC9CEB8-8B4A-11D0-8D11-00A0C91BC942}") = "SAVSubmitterRes", "res\SAVSubmitterRes\SAVSubmitterRes.vcproj", "{070BE523-B6AC-4480-9911-8D154333B103}"
EndProject
Global
	GlobalSection(SolutionConfigurationPlatforms) = preSolution
		Debug|Win32 = Debug|Win32
		Release|Win32 = Release|Win32
	EndGlobalSection
	GlobalSection(ProjectConfigurationPlatforms) = postSolution
		{F359AF75-E4E5-4C91-BE5C-E813EF4E1186}.Debug|Win32.ActiveCfg = Debug|Win32
		{F359AF75-E4E5-4C91-BE5C-E813EF4E1186}.Debug|Win32.Build.0 = Debug|Win32
		{F359AF75-E4E5-4C91-BE5C-E813EF4E1186}.Release|Win32.ActiveCfg = Release|Win32
		{F359AF75-E4E5-4C91-BE5C-E813EF4E1186}.Release|Win32.Build.0 = Release|Win32
		{E2DDCC63-1707-41BA-AEB5-84B119A241F4}.Debug|Win32.ActiveCfg = Debug|Win32
		{E2DDCC63-1707-41BA-AEB5-84B119A241F4}.Debug|Win32.Build.0 = Debug|Win32
		{E2DDCC63-1707-41BA-AEB5-84B119A241F4}.Release|Win32.ActiveCfg = Release|Win32
		{E2DDCC63-1707-41BA-AEB5-84B119A241F4}.Release|Win32.Build.0 = Release|Win32
		{070BE523-B6AC-4480-9911-8D154333B103}.Debug|Win32.ActiveCfg = Debug|Win32
		{070BE523-B6AC-4480-9911-8D154333B103}.Debug|Win32.Build.0 = Debug|Win32
		{070BE523-B6AC-4480-9911-8D154333B103}.Release|Win32.ActiveCfg = Release|Win32
		{070BE523-B6AC-4480-9911-8D154333B103}.Release|Win32.Build.0 = Release|Win32
	EndGlobalSection
	GlobalSection(SolutionProperties) = preSolution
		HideSolutionNode = FALSE
	EndGlobalSection
EndGlobal
