Microsoft Visual Studio Solution File, Format Version 8.00
Project("{8BC9CEB8-8B4A-11D0-8D11-00A0C91BC942}") = "AVSubmit", "AVSubmit.vcproj", "{A6EA37EF-92E8-4221-9ED6-913790373D72}"
	ProjectSection(ProjectDependencies) = postProject
	EndProjectSection
EndProject
Project("{8BC9CEB8-8B4A-11D0-8D11-00A0C91BC942}") = "AvSubmitUnit", "UnitTest\AvSubmitUnit\AvSubmitUnit.vcproj", "{DB1A0974-6855-4683-AA36-4B4C5E515CFF}"
	ProjectSection(ProjectDependencies) = postProject
	EndProjectSection
EndProject
Global
	GlobalSection(DPCodeReviewSolutionGUID) = preSolution
		DPCodeReviewSolutionGUID = {00000000-0000-0000-0000-000000000000}
	EndGlobalSection
	GlobalSection(SolutionConfiguration) = preSolution
		Debug = Debug
		Release = Release
	EndGlobalSection
	GlobalSection(ProjectConfiguration) = postSolution
		{A6EA37EF-92E8-4221-9ED6-913790373D72}.Debug.ActiveCfg = Debug|Win32
		{A6EA37EF-92E8-4221-9ED6-913790373D72}.Debug.Build.0 = Debug|Win32
		{A6EA37EF-92E8-4221-9ED6-913790373D72}.Release.ActiveCfg = Release|Win32
		{A6EA37EF-92E8-4221-9ED6-913790373D72}.Release.Build.0 = Release|Win32
		{DB1A0974-6855-4683-AA36-4B4C5E515CFF}.Debug.ActiveCfg = Debug|Win32
		{DB1A0974-6855-4683-AA36-4B4C5E515CFF}.Debug.Build.0 = Debug|Win32
		{DB1A0974-6855-4683-AA36-4B4C5E515CFF}.Release.ActiveCfg = Release|Win32
		{DB1A0974-6855-4683-AA36-4B4C5E515CFF}.Release.Build.0 = Release|Win32
	EndGlobalSection
	GlobalSection(ExtensibilityGlobals) = postSolution
	EndGlobalSection
	GlobalSection(ExtensibilityAddIns) = postSolution
	EndGlobalSection
EndGlobal
