Microsoft Visual Studio Solution File, Format Version 8.00
Project("{8BC9CEB8-8B4A-11D0-8D11-00A0C91BC942}") = "NAVAPSCR", "NAVAPSCR.vcproj", "{0353A113-1B33-46E5-AA6C-82BC280EDABD}"
	ProjectSection(ProjectDependencies) = postProject
	EndProjectSection
EndProject
Project("{8BC9CEB8-8B4A-11D0-8D11-00A0C91BC942}") = "NavapscrRes", "..\NavapscrRes\NavapscrRes.vcproj", "{10F48ECA-EAB3-4970-9E93-9CEEC9B99684}"
	ProjectSection(ProjectDependencies) = postProject
	EndProjectSection
EndProject
Global
	GlobalSection(SourceCodeControl) = preSolution
		SccNumberOfProjects = 1
		SccProjectUniqueName0 = NAVAPSCR.vcproj
		SccProjectName0 = NAVAPSCR
		SccLocalPath0 = .
		SccProvider0 = MSSCCI:Perforce\u0020SCM
	EndGlobalSection
	GlobalSection(SolutionConfiguration) = preSolution
		Debug = Debug
		Release = Release
	EndGlobalSection
	GlobalSection(ProjectConfiguration) = postSolution
		{0353A113-1B33-46E5-AA6C-82BC280EDABD}.Debug.ActiveCfg = Debug|Win32
		{0353A113-1B33-46E5-AA6C-82BC280EDABD}.Debug.Build.0 = Debug|Win32
		{0353A113-1B33-46E5-AA6C-82BC280EDABD}.Release.ActiveCfg = Release|Win32
		{0353A113-1B33-46E5-AA6C-82BC280EDABD}.Release.Build.0 = Release|Win32
		{10F48ECA-EAB3-4970-9E93-9CEEC9B99684}.Debug.ActiveCfg = Debug|Win32
		{10F48ECA-EAB3-4970-9E93-9CEEC9B99684}.Debug.Build.0 = Debug|Win32
		{10F48ECA-EAB3-4970-9E93-9CEEC9B99684}.Release.ActiveCfg = Release|Win32
		{10F48ECA-EAB3-4970-9E93-9CEEC9B99684}.Release.Build.0 = Release|Win32
	EndGlobalSection
	GlobalSection(ExtensibilityGlobals) = postSolution
	EndGlobalSection
	GlobalSection(ExtensibilityAddIns) = postSolution
	EndGlobalSection
EndGlobal
