Microsoft Visual Studio Solution File, Format Version 8.00
Project("{8BC9CEB8-8B4A-11D0-8D11-00A0C91BC942}") = "SP2tool", "SP2tool.vcproj", "{CB55DAFC-D98C-45E9-AC66-575B2B7EBD73}"
	ProjectSection(ProjectDependencies) = postProject
	EndProjectSection
EndProject
Global
	GlobalSection(SolutionConfiguration) = preSolution
		Debug = Debug
		Release = Release
	EndGlobalSection
	GlobalSection(ProjectConfiguration) = postSolution
		{CB55DAFC-D98C-45E9-AC66-575B2B7EBD73}.Debug.ActiveCfg = Debug|Win32
		{CB55DAFC-D98C-45E9-AC66-575B2B7EBD73}.Debug.Build.0 = Debug|Win32
		{CB55DAFC-D98C-45E9-AC66-575B2B7EBD73}.Release.ActiveCfg = Release|Win32
		{CB55DAFC-D98C-45E9-AC66-575B2B7EBD73}.Release.Build.0 = Release|Win32
	EndGlobalSection
	GlobalSection(ExtensibilityGlobals) = postSolution
	EndGlobalSection
	GlobalSection(ExtensibilityAddIns) = postSolution
	EndGlobalSection
EndGlobal
