Microsoft Visual Studio Solution File, Format Version 8.00
Project("{8BC9CEB8-8B4A-11D0-8D11-00A0C91BC942}") = "NAVComUI", "NAVComUI.vcproj", "{FCBA99BE-7D79-4779-878D-4C8C485D61CB}"
	ProjectSection(ProjectDependencies) = postProject
	EndProjectSection
EndProject
Project("{8BC9CEB8-8B4A-11D0-8D11-00A0C91BC942}") = "hammertime", "hammertime\hammertime.vcproj", "{FA5A6D6D-268B-4CFF-86F3-EDF40BEB9069}"
	ProjectSection(ProjectDependencies) = postProject
		{FCBA99BE-7D79-4779-878D-4C8C485D61CB} = {FCBA99BE-7D79-4779-878D-4C8C485D61CB}
	EndProjectSection
EndProject
Project("{8BC9CEB8-8B4A-11D0-8D11-00A0C91BC942}") = "NAVComUIRes", "..\NavComUIRes\NAVComUIRes.vcproj", "{0FAE8BE8-C03B-45C8-8420-658C5E9E15F5}"
	ProjectSection(ProjectDependencies) = postProject
	EndProjectSection
EndProject
Global
	GlobalSection(SolutionConfiguration) = preSolution
		Debug = Debug
		Release = Release
	EndGlobalSection
	GlobalSection(ProjectConfiguration) = postSolution
		{FCBA99BE-7D79-4779-878D-4C8C485D61CB}.Debug.ActiveCfg = Debug|Win32
		{FCBA99BE-7D79-4779-878D-4C8C485D61CB}.Debug.Build.0 = Debug|Win32
		{FCBA99BE-7D79-4779-878D-4C8C485D61CB}.Release.ActiveCfg = Release|Win32
		{FCBA99BE-7D79-4779-878D-4C8C485D61CB}.Release.Build.0 = Release|Win32
		{FA5A6D6D-268B-4CFF-86F3-EDF40BEB9069}.Debug.ActiveCfg = Debug|Win32
		{FA5A6D6D-268B-4CFF-86F3-EDF40BEB9069}.Debug.Build.0 = Debug|Win32
		{FA5A6D6D-268B-4CFF-86F3-EDF40BEB9069}.Release.ActiveCfg = Release|Win32
		{FA5A6D6D-268B-4CFF-86F3-EDF40BEB9069}.Release.Build.0 = Release|Win32
		{0FAE8BE8-C03B-45C8-8420-658C5E9E15F5}.Debug.ActiveCfg = Debug|Win32
		{0FAE8BE8-C03B-45C8-8420-658C5E9E15F5}.Debug.Build.0 = Debug|Win32
		{0FAE8BE8-C03B-45C8-8420-658C5E9E15F5}.Release.ActiveCfg = Release|Win32
		{0FAE8BE8-C03B-45C8-8420-658C5E9E15F5}.Release.Build.0 = Release|Win32
	EndGlobalSection
	GlobalSection(ExtensibilityGlobals) = postSolution
	EndGlobalSection
	GlobalSection(ExtensibilityAddIns) = postSolution
	EndGlobalSection
EndGlobal
