Microsoft Visual Studio Solution File, Format Version 8.00
Project("{8BC9CEB8-8B4A-11D0-8D11-00A0C91BC942}") = "InstallVerifier", "InstallVerifier.vcproj", "{9937DAAD-B4BB-4B80-B942-A2FE5931D60C}"
	ProjectSection(ProjectDependencies) = postProject
	EndProjectSection
EndProject
Global
	GlobalSection(SolutionConfiguration) = preSolution
		Debug = Debug
		Release = Release
	EndGlobalSection
	GlobalSection(ProjectConfiguration) = postSolution
		{9937DAAD-B4BB-4B80-B942-A2FE5931D60C}.Debug.ActiveCfg = Debug|Win32
		{9937DAAD-B4BB-4B80-B942-A2FE5931D60C}.Debug.Build.0 = Debug|Win32
		{9937DAAD-B4BB-4B80-B942-A2FE5931D60C}.Release.ActiveCfg = Release|Win32
		{9937DAAD-B4BB-4B80-B942-A2FE5931D60C}.Release.Build.0 = Release|Win32
	EndGlobalSection
	GlobalSection(ExtensibilityGlobals) = postSolution
	EndGlobalSection
	GlobalSection(ExtensibilityAddIns) = postSolution
	EndGlobalSection
EndGlobal
