Microsoft Visual Studio Solution File, Format Version 8.00
Project("{8BC9CEB8-8B4A-11D0-8D11-00A0C91BC942}") = "AvisConsole", "Bell\AvisConsole\AvisConsole.vcproj", "{EC6C04B3-229D-4A37-B80C-B68A0B94A5CF}"
	ProjectSection(ProjectDependencies) = postProject
		{6BDFFC32-7781-471C-A9E9-F0825E3A7E3C} = {6BDFFC32-7781-471C-A9E9-F0825E3A7E3C}
		{4C5A8E46-DC7F-4495-B39D-DE31C14D5EC6} = {4C5A8E46-DC7F-4495-B39D-DE31C14D5EC6}
		{44440AC7-C098-46E9-BF59-80DD47F310A9} = {44440AC7-C098-46E9-BF59-80DD47F310A9}
	EndProjectSection
EndProject
Project("{8BC9CEB8-8B4A-11D0-8D11-00A0C91BC942}") = "IcePackTokens", "Bell\IcePackTokens\IcePackTokens.vcproj", "{44440AC7-C098-46E9-BF59-80DD47F310A9}"
	ProjectSection(ProjectDependencies) = postProject
	EndProjectSection
EndProject
Project("{8BC9CEB8-8B4A-11D0-8D11-00A0C91BC942}") = "IntelSharedFiles", "..\..\Core_Technology\LDVP_Shared\src\IntelSharedFiles\IntelSharedFiles.vcproj", "{ABE1370A-F2B9-45B0-A8E1-2FC94BBAC2E9}"
	ProjectSection(ProjectDependencies) = postProject
	EndProjectSection
EndProject
Project("{8BC9CEB8-8B4A-11D0-8D11-00A0C91BC942}") = "QCInst", "Install\Console\QCInst\QCInst.vcproj", "{747EACA3-9920-4476-A180-AE46D5A9C802}"
	ProjectSection(ProjectDependencies) = postProject
	EndProjectSection
EndProject
Project("{8BC9CEB8-8B4A-11D0-8D11-00A0C91BC942}") = "qscon", "QsConsole\qscon.vcproj", "{6BDFFC32-7781-471C-A9E9-F0825E3A7E3C}"
	ProjectSection(ProjectDependencies) = postProject
		{4C5A8E46-DC7F-4495-B39D-DE31C14D5EC6} = {4C5A8E46-DC7F-4495-B39D-DE31C14D5EC6}
		{44440AC7-C098-46E9-BF59-80DD47F310A9} = {44440AC7-C098-46E9-BF59-80DD47F310A9}
	EndProjectSection
EndProject
Project("{8BC9CEB8-8B4A-11D0-8D11-00A0C91BC942}") = "qserver", "Qserver\qserver.vcproj", "{4C5A8E46-DC7F-4495-B39D-DE31C14D5EC6}"
	ProjectSection(ProjectDependencies) = postProject
		{44440AC7-C098-46E9-BF59-80DD47F310A9} = {44440AC7-C098-46E9-BF59-80DD47F310A9}
	EndProjectSection
EndProject
Project("{8BC9CEB8-8B4A-11D0-8D11-00A0C91BC942}") = "qsinst", "Install\Server\qsinst\qsinst.vcproj", "{6D17FB7B-4468-4B6D-B947-C649B09C23A5}"
	ProjectSection(ProjectDependencies) = postProject
		{ABE1370A-F2B9-45B0-A8E1-2FC94BBAC2E9} = {ABE1370A-F2B9-45B0-A8E1-2FC94BBAC2E9}
	EndProjectSection
EndProject
Global
	GlobalSection(SourceCodeControl) = preSolution
		SccNumberOfProjects = 7
		SccProjectUniqueName0 = Bell\\AvisConsole\\AvisConsole.vcproj
		SccProjectName0 = AvisConsole
		SccLocalPath0 = Bell\\AvisConsole
		SccProvider0 = MSSCCI:Perforce\u0020SCM
		SccProjectUniqueName1 = Bell\\IcePackTokens\\IcePackTokens.vcproj
		SccProjectName1 = IcePackTokens
		SccLocalPath1 = Bell\\IcePackTokens
		SccProvider1 = MSSCCI:Perforce\u0020SCM
		SccProjectUniqueName2 = ..\\..\\Core_Technology\\LDVP_Shared\\src\\IntelSharedFiles\\IntelSharedFiles.vcproj
		SccProjectName2 = Perforce\u0020Project
		SccLocalPath2 = ..\\..\\Core_Technology\\LDVP_Shared\\src
		SccProvider2 = MSSCCI:Perforce\u0020SCM
		SccProjectFilePathRelativizedFromConnection2 = IntelSharedFiles\\
		SccProjectUniqueName3 = Install\\Console\\QCInst\\QCInst.vcproj
		SccProjectName3 = QCInst
		SccLocalPath3 = Install\\Console\\QCInst
		SccProvider3 = MSSCCI:Perforce\u0020SCM
		SccProjectUniqueName4 = QsConsole\\qscon.vcproj
		SccProjectName4 = qscon
		SccLocalPath4 = QsConsole
		SccProvider4 = MSSCCI:Perforce\u0020SCM
		SccProjectUniqueName5 = Qserver\\qserver.vcproj
		SccProjectName5 = qserver
		SccLocalPath5 = Qserver
		SccProvider5 = MSSCCI:Perforce\u0020SCM
		SccProjectUniqueName6 = Install\\Server\\qsinst\\qsinst.vcproj
		SccProjectName6 = qsinst
		SccLocalPath6 = Install\\Server\\qsinst
		SccProvider6 = MSSCCI:Perforce\u0020SCM
	EndGlobalSection
	GlobalSection(SolutionConfiguration) = preSolution
		Debug = Debug
		Release = Release
		Unicode Debug = Unicode Debug
		Unicode Release = Unicode Release
		Unicode Release MinDependency = Unicode Release MinDependency
	EndGlobalSection
	GlobalSection(ProjectConfiguration) = postSolution
		{EC6C04B3-229D-4A37-B80C-B68A0B94A5CF}.Debug.ActiveCfg = Unicode Debug|Win32
		{EC6C04B3-229D-4A37-B80C-B68A0B94A5CF}.Debug.Build.0 = Unicode Debug|Win32
		{EC6C04B3-229D-4A37-B80C-B68A0B94A5CF}.Release.ActiveCfg = Unicode Release MinDependency|Win32
		{EC6C04B3-229D-4A37-B80C-B68A0B94A5CF}.Release.Build.0 = Unicode Release MinDependency|Win32
		{EC6C04B3-229D-4A37-B80C-B68A0B94A5CF}.Unicode Debug.ActiveCfg = Unicode Debug|Win32
		{EC6C04B3-229D-4A37-B80C-B68A0B94A5CF}.Unicode Debug.Build.0 = Unicode Debug|Win32
		{EC6C04B3-229D-4A37-B80C-B68A0B94A5CF}.Unicode Release.ActiveCfg = Unicode Release MinDependency|Win32
		{EC6C04B3-229D-4A37-B80C-B68A0B94A5CF}.Unicode Release.Build.0 = Unicode Release MinDependency|Win32
		{EC6C04B3-229D-4A37-B80C-B68A0B94A5CF}.Unicode Release MinDependency.ActiveCfg = Unicode Release MinDependency|Win32
		{EC6C04B3-229D-4A37-B80C-B68A0B94A5CF}.Unicode Release MinDependency.Build.0 = Unicode Release MinDependency|Win32
		{44440AC7-C098-46E9-BF59-80DD47F310A9}.Debug.ActiveCfg = Unicode Debug|Win32
		{44440AC7-C098-46E9-BF59-80DD47F310A9}.Debug.Build.0 = Unicode Debug|Win32
		{44440AC7-C098-46E9-BF59-80DD47F310A9}.Release.ActiveCfg = Unicode Release|Win32
		{44440AC7-C098-46E9-BF59-80DD47F310A9}.Release.Build.0 = Unicode Release|Win32
		{44440AC7-C098-46E9-BF59-80DD47F310A9}.Unicode Debug.ActiveCfg = Unicode Debug|Win32
		{44440AC7-C098-46E9-BF59-80DD47F310A9}.Unicode Debug.Build.0 = Unicode Debug|Win32
		{44440AC7-C098-46E9-BF59-80DD47F310A9}.Unicode Release.ActiveCfg = Unicode Release|Win32
		{44440AC7-C098-46E9-BF59-80DD47F310A9}.Unicode Release.Build.0 = Unicode Release|Win32
		{44440AC7-C098-46E9-BF59-80DD47F310A9}.Unicode Release MinDependency.ActiveCfg = Unicode Release|Win32
		{44440AC7-C098-46E9-BF59-80DD47F310A9}.Unicode Release MinDependency.Build.0 = Unicode Release|Win32
		{ABE1370A-F2B9-45B0-A8E1-2FC94BBAC2E9}.Debug.ActiveCfg = Debug|Win32
		{ABE1370A-F2B9-45B0-A8E1-2FC94BBAC2E9}.Debug.Build.0 = Debug|Win32
		{ABE1370A-F2B9-45B0-A8E1-2FC94BBAC2E9}.Release.ActiveCfg = Release|Win32
		{ABE1370A-F2B9-45B0-A8E1-2FC94BBAC2E9}.Release.Build.0 = Release|Win32
		{ABE1370A-F2B9-45B0-A8E1-2FC94BBAC2E9}.Unicode Debug.ActiveCfg = Debug|Win32
		{ABE1370A-F2B9-45B0-A8E1-2FC94BBAC2E9}.Unicode Debug.Build.0 = Debug|Win32
		{ABE1370A-F2B9-45B0-A8E1-2FC94BBAC2E9}.Unicode Release.ActiveCfg = Release|Win32
		{ABE1370A-F2B9-45B0-A8E1-2FC94BBAC2E9}.Unicode Release.Build.0 = Release|Win32
		{ABE1370A-F2B9-45B0-A8E1-2FC94BBAC2E9}.Unicode Release MinDependency.ActiveCfg = Release|Win32
		{ABE1370A-F2B9-45B0-A8E1-2FC94BBAC2E9}.Unicode Release MinDependency.Build.0 = Release|Win32
		{747EACA3-9920-4476-A180-AE46D5A9C802}.Debug.ActiveCfg = Debug|Win32
		{747EACA3-9920-4476-A180-AE46D5A9C802}.Debug.Build.0 = Debug|Win32
		{747EACA3-9920-4476-A180-AE46D5A9C802}.Release.ActiveCfg = Release|Win32
		{747EACA3-9920-4476-A180-AE46D5A9C802}.Release.Build.0 = Release|Win32
		{747EACA3-9920-4476-A180-AE46D5A9C802}.Unicode Debug.ActiveCfg = Debug|Win32
		{747EACA3-9920-4476-A180-AE46D5A9C802}.Unicode Debug.Build.0 = Debug|Win32
		{747EACA3-9920-4476-A180-AE46D5A9C802}.Unicode Release.ActiveCfg = Release|Win32
		{747EACA3-9920-4476-A180-AE46D5A9C802}.Unicode Release.Build.0 = Release|Win32
		{747EACA3-9920-4476-A180-AE46D5A9C802}.Unicode Release MinDependency.ActiveCfg = Release|Win32
		{747EACA3-9920-4476-A180-AE46D5A9C802}.Unicode Release MinDependency.Build.0 = Release|Win32
		{6BDFFC32-7781-471C-A9E9-F0825E3A7E3C}.Debug.ActiveCfg = Unicode Debug|Win32
		{6BDFFC32-7781-471C-A9E9-F0825E3A7E3C}.Debug.Build.0 = Unicode Debug|Win32
		{6BDFFC32-7781-471C-A9E9-F0825E3A7E3C}.Release.ActiveCfg = Unicode Release MinDependency|Win32
		{6BDFFC32-7781-471C-A9E9-F0825E3A7E3C}.Release.Build.0 = Unicode Release MinDependency|Win32
		{6BDFFC32-7781-471C-A9E9-F0825E3A7E3C}.Unicode Debug.ActiveCfg = Unicode Debug|Win32
		{6BDFFC32-7781-471C-A9E9-F0825E3A7E3C}.Unicode Debug.Build.0 = Unicode Debug|Win32
		{6BDFFC32-7781-471C-A9E9-F0825E3A7E3C}.Unicode Release.ActiveCfg = Unicode Release MinDependency|Win32
		{6BDFFC32-7781-471C-A9E9-F0825E3A7E3C}.Unicode Release.Build.0 = Unicode Release MinDependency|Win32
		{6BDFFC32-7781-471C-A9E9-F0825E3A7E3C}.Unicode Release MinDependency.ActiveCfg = Unicode Release MinDependency|Win32
		{6BDFFC32-7781-471C-A9E9-F0825E3A7E3C}.Unicode Release MinDependency.Build.0 = Unicode Release MinDependency|Win32
		{4C5A8E46-DC7F-4495-B39D-DE31C14D5EC6}.Debug.ActiveCfg = Unicode Debug|Win32
		{4C5A8E46-DC7F-4495-B39D-DE31C14D5EC6}.Debug.Build.0 = Unicode Debug|Win32
		{4C5A8E46-DC7F-4495-B39D-DE31C14D5EC6}.Release.ActiveCfg = Unicode Release|Win32
		{4C5A8E46-DC7F-4495-B39D-DE31C14D5EC6}.Release.Build.0 = Unicode Release|Win32
		{4C5A8E46-DC7F-4495-B39D-DE31C14D5EC6}.Unicode Debug.ActiveCfg = Unicode Debug|Win32
		{4C5A8E46-DC7F-4495-B39D-DE31C14D5EC6}.Unicode Debug.Build.0 = Unicode Debug|Win32
		{4C5A8E46-DC7F-4495-B39D-DE31C14D5EC6}.Unicode Release.ActiveCfg = Unicode Release|Win32
		{4C5A8E46-DC7F-4495-B39D-DE31C14D5EC6}.Unicode Release.Build.0 = Unicode Release|Win32
		{4C5A8E46-DC7F-4495-B39D-DE31C14D5EC6}.Unicode Release MinDependency.ActiveCfg = Unicode Release|Win32
		{4C5A8E46-DC7F-4495-B39D-DE31C14D5EC6}.Unicode Release MinDependency.Build.0 = Unicode Release|Win32
		{6D17FB7B-4468-4B6D-B947-C649B09C23A5}.Debug.ActiveCfg = Debug|Win32
		{6D17FB7B-4468-4B6D-B947-C649B09C23A5}.Debug.Build.0 = Debug|Win32
		{6D17FB7B-4468-4B6D-B947-C649B09C23A5}.Release.ActiveCfg = Release|Win32
		{6D17FB7B-4468-4B6D-B947-C649B09C23A5}.Release.Build.0 = Release|Win32
		{6D17FB7B-4468-4B6D-B947-C649B09C23A5}.Unicode Debug.ActiveCfg = Debug|Win32
		{6D17FB7B-4468-4B6D-B947-C649B09C23A5}.Unicode Debug.Build.0 = Debug|Win32
		{6D17FB7B-4468-4B6D-B947-C649B09C23A5}.Unicode Release.ActiveCfg = Release|Win32
		{6D17FB7B-4468-4B6D-B947-C649B09C23A5}.Unicode Release.Build.0 = Release|Win32
		{6D17FB7B-4468-4B6D-B947-C649B09C23A5}.Unicode Release MinDependency.ActiveCfg = Release|Win32
		{6D17FB7B-4468-4B6D-B947-C649B09C23A5}.Unicode Release MinDependency.Build.0 = Release|Win32
	EndGlobalSection
	GlobalSection(SolutionItems) = postSolution
		Quarantine Server Build.vsd = Quarantine Server Build.vsd
	EndGlobalSection
	GlobalSection(ExtensibilityGlobals) = postSolution
	EndGlobalSection
	GlobalSection(ExtensibilityAddIns) = postSolution
	EndGlobalSection
EndGlobal
