Microsoft Visual Studio Solution File, Format Version 8.00
Project("{8BC9CEB8-8B4A-11D0-8D11-00A0C91BC942}") = "apwui", "apwui.vcproj", "{BB39EC68-4442-4287-A44F-249D0F0AF0DD}"
	ProjectSection(ProjectDependencies) = postProject
	EndProjectSection
EndProject
Project("{8BC9CEB8-8B4A-11D0-8D11-00A0C91BC942}") = "ApwUIRes", "..\ApwUIRes\ApwUIRes.vcproj", "{7252EEF1-8DD4-4244-8973-1D21DC45CEEA}"
	ProjectSection(ProjectDependencies) = postProject
	EndProjectSection
EndProject
Global
	GlobalSection(SourceCodeControl) = preSolution
		SccNumberOfProjects = 1
		SccProjectUniqueName0 = apwui.vcproj
		SccProjectName0 = Perforce\u0020Project
		SccLocalPath0 = .
		SccProvider0 = MSSCCI:Perforce\u0020SCM
	EndGlobalSection
	GlobalSection(SolutionConfiguration) = preSolution
		Debug = Debug
		Release = Release
	EndGlobalSection
	GlobalSection(ProjectConfiguration) = postSolution
		{BB39EC68-4442-4287-A44F-249D0F0AF0DD}.Debug.ActiveCfg = Debug|Win32
		{BB39EC68-4442-4287-A44F-249D0F0AF0DD}.Debug.Build.0 = Debug|Win32
		{BB39EC68-4442-4287-A44F-249D0F0AF0DD}.Release.ActiveCfg = Release|Win32
		{BB39EC68-4442-4287-A44F-249D0F0AF0DD}.Release.Build.0 = Release|Win32
		{7252EEF1-8DD4-4244-8973-1D21DC45CEEA}.Debug.ActiveCfg = Debug|Win32
		{7252EEF1-8DD4-4244-8973-1D21DC45CEEA}.Debug.Build.0 = Debug|Win32
		{7252EEF1-8DD4-4244-8973-1D21DC45CEEA}.Release.ActiveCfg = Release|Win32
		{7252EEF1-8DD4-4244-8973-1D21DC45CEEA}.Release.Build.0 = Release|Win32
	EndGlobalSection
	GlobalSection(ExtensibilityGlobals) = postSolution
	EndGlobalSection
	GlobalSection(ExtensibilityAddIns) = postSolution
	EndGlobalSection
EndGlobal
