Microsoft Visual Studio Solution File, Format Version 8.00
Project("{8BC9CEB8-8B4A-11D0-8D11-00A0C91BC942}") = "QsInfo", "qsinfo\QsInfo.vcproj", "{FB3C5907-A1FB-4E89-BFD4-02B2A184AEC6}"
	ProjectSection(ProjectDependencies) = postProject
	EndProjectSection
EndProject
Project("{8BC9CEB8-8B4A-11D0-8D11-00A0C91BC942}") = "qscomm32", "qscomm32\qscomm32.vcproj", "{BCCAC30B-5505-4302-AE1D-B45250CA7591}"
	ProjectSection(ProjectDependencies) = postProject
	EndProjectSection
EndProject
Project("{8BC9CEB8-8B4A-11D0-8D11-00A0C91BC942}") = "qspak32", "qspak32\qspak32.vcproj", "{A2F03A8F-4136-4410-ABF5-4E3EB8BCAC3A}"
	ProjectSection(ProjectDependencies) = postProject
	EndProjectSection
EndProject
Global
	GlobalSection(SolutionConfiguration) = preSolution
		Debug = Debug
		Release = Release
	EndGlobalSection
	GlobalSection(ProjectConfiguration) = postSolution
		{FB3C5907-A1FB-4E89-BFD4-02B2A184AEC6}.Debug.ActiveCfg = Debug|Win32
		{FB3C5907-A1FB-4E89-BFD4-02B2A184AEC6}.Debug.Build.0 = Debug|Win32
		{FB3C5907-A1FB-4E89-BFD4-02B2A184AEC6}.Release.ActiveCfg = Release|Win32
		{FB3C5907-A1FB-4E89-BFD4-02B2A184AEC6}.Release.Build.0 = Release|Win32
		{BCCAC30B-5505-4302-AE1D-B45250CA7591}.Debug.ActiveCfg = Debug|Win32
		{BCCAC30B-5505-4302-AE1D-B45250CA7591}.Debug.Build.0 = Debug|Win32
		{BCCAC30B-5505-4302-AE1D-B45250CA7591}.Release.ActiveCfg = Release|Win32
		{BCCAC30B-5505-4302-AE1D-B45250CA7591}.Release.Build.0 = Release|Win32
		{A2F03A8F-4136-4410-ABF5-4E3EB8BCAC3A}.Debug.ActiveCfg = Debug|Win32
		{A2F03A8F-4136-4410-ABF5-4E3EB8BCAC3A}.Debug.Build.0 = Debug|Win32
		{A2F03A8F-4136-4410-ABF5-4E3EB8BCAC3A}.Release.ActiveCfg = Release|Win32
		{A2F03A8F-4136-4410-ABF5-4E3EB8BCAC3A}.Release.Build.0 = Release|Win32
	EndGlobalSection
	GlobalSection(ExtensibilityGlobals) = postSolution
	EndGlobalSection
	GlobalSection(ExtensibilityAddIns) = postSolution
	EndGlobalSection
EndGlobal
