Microsoft Visual Studio Solution File, Format Version 8.00
Project("{8BC9CEB8-8B4A-11D0-8D11-00A0C91BC942}") = "NAVLUCBK", "NAVLUCBK.vcproj", "{0745616C-96F2-41F9-9293-8CCE153F9BC6}"
	ProjectSection(ProjectDependencies) = postProject
	EndProjectSection
EndProject
Project("{8BC9CEB8-8B4A-11D0-8D11-00A0C91BC942}") = "NAVLUCbkRes", "..\NAVLUCbkRes\NAVLUCbkRes.vcproj", "{88EAFAB7-9483-4B44-AB08-070DE7C5E1DB}"
	ProjectSection(ProjectDependencies) = postProject
	EndProjectSection
EndProject
Global
	GlobalSection(SourceCodeControl) = preSolution
		SccNumberOfProjects = 1
		SccProjectUniqueName0 = NAVLUCBK.vcproj
		SccProjectName0 = NAVLUCBK
		SccLocalPath0 = .
		SccProvider0 = MSSCCI:Perforce\u0020SCM
	EndGlobalSection
	GlobalSection(SolutionConfiguration) = preSolution
		Debug = Debug
		Release = Release
	EndGlobalSection
	GlobalSection(ProjectConfiguration) = postSolution
		{0745616C-96F2-41F9-9293-8CCE153F9BC6}.Debug.ActiveCfg = Debug|Win32
		{0745616C-96F2-41F9-9293-8CCE153F9BC6}.Debug.Build.0 = Debug|Win32
		{0745616C-96F2-41F9-9293-8CCE153F9BC6}.Release.ActiveCfg = Release|Win32
		{0745616C-96F2-41F9-9293-8CCE153F9BC6}.Release.Build.0 = Release|Win32
		{88EAFAB7-9483-4B44-AB08-070DE7C5E1DB}.Debug.ActiveCfg = Debug|Win32
		{88EAFAB7-9483-4B44-AB08-070DE7C5E1DB}.Debug.Build.0 = Debug|Win32
		{88EAFAB7-9483-4B44-AB08-070DE7C5E1DB}.Release.ActiveCfg = Release|Win32
		{88EAFAB7-9483-4B44-AB08-070DE7C5E1DB}.Release.Build.0 = Release|Win32
	EndGlobalSection
	GlobalSection(ExtensibilityGlobals) = postSolution
	EndGlobalSection
	GlobalSection(ExtensibilityAddIns) = postSolution
	EndGlobalSection
EndGlobal
