Microsoft Visual Studio Solution File, Format Version 8.00
Project("{8BC9CEB8-8B4A-11D0-8D11-00A0C91BC942}") = "apwutil", "apwutil.vcproj", "{7C633437-679B-4E77-BADB-92023B794D3D}"
	ProjectSection(ProjectDependencies) = postProject
	EndProjectSection
EndProject
Project("{8BC9CEB8-8B4A-11D0-8D11-00A0C91BC942}") = "apwutilres", "..\apwutilres\apwutilres.vcproj", "{22ABA702-19DF-474E-B50A-AAEB937A68D0}"
	ProjectSection(ProjectDependencies) = postProject
	EndProjectSection
EndProject
Global
	GlobalSection(SourceCodeControl) = preSolution
		SccNumberOfProjects = 1
		SccProjectUniqueName0 = apwutil.vcproj
		SccProjectName0 = Perforce\u0020Project
		SccLocalPath0 = .
		SccProvider0 = MSSCCI:Perforce\u0020SCM
	EndGlobalSection
	GlobalSection(SolutionConfiguration) = preSolution
		Debug = Debug
		Release = Release
	EndGlobalSection
	GlobalSection(ProjectConfiguration) = postSolution
		{7C633437-679B-4E77-BADB-92023B794D3D}.Debug.ActiveCfg = Debug|Win32
		{7C633437-679B-4E77-BADB-92023B794D3D}.Debug.Build.0 = Debug|Win32
		{7C633437-679B-4E77-BADB-92023B794D3D}.Release.ActiveCfg = Release|Win32
		{7C633437-679B-4E77-BADB-92023B794D3D}.Release.Build.0 = Release|Win32
		{22ABA702-19DF-474E-B50A-AAEB937A68D0}.Debug.ActiveCfg = Debug|Win32
		{22ABA702-19DF-474E-B50A-AAEB937A68D0}.Debug.Build.0 = Debug|Win32
		{22ABA702-19DF-474E-B50A-AAEB937A68D0}.Release.ActiveCfg = Release|Win32
		{22ABA702-19DF-474E-B50A-AAEB937A68D0}.Release.Build.0 = Release|Win32
	EndGlobalSection
	GlobalSection(ExtensibilityGlobals) = postSolution
	EndGlobalSection
	GlobalSection(ExtensibilityAddIns) = postSolution
	EndGlobalSection
EndGlobal
