Microsoft Visual Studio Solution File, Format Version 8.00
Project("{8BC9CEB8-8B4A-11D0-8D11-00A0C91BC942}") = "ApwCmdNTRes", "AutoProtect\ApwCmdRes\ApwCmdNTRes\ApwCmdNTRes.vcproj", "{6A36C7E5-9CAD-48CF-A268-BAE8C9F55D6E}"
	ProjectSection(ProjectDependencies) = postProject
	EndProjectSection
EndProject
Project("{8BC9CEB8-8B4A-11D0-8D11-00A0C91BC942}") = "ApwUIRes", "AutoProtect\ApwUIRes\ApwUIRes.vcproj", "{7252EEF1-8DD4-4244-8973-1D21DC45CEEA}"
	ProjectSection(ProjectDependencies) = postProject
	EndProjectSection
EndProject
Project("{8BC9CEB8-8B4A-11D0-8D11-00A0C91BC942}") = "apwutilres", "AutoProtect\apwutilres\apwutilres.vcproj", "{22ABA702-19DF-474E-B50A-AAEB937A68D0}"
	ProjectSection(ProjectDependencies) = postProject
	EndProjectSection
EndProject
Project("{8BC9CEB8-8B4A-11D0-8D11-00A0C91BC942}") = "NavErrorRes", "Engine\NavErrorRes\NavErrorRes.vcproj", "{5CCA9E1A-8C20-45A5-A840-6B86354C0A2C}"
	ProjectSection(ProjectDependencies) = postProject
	EndProjectSection
EndProject
Project("{8BC9CEB8-8B4A-11D0-8D11-00A0C91BC942}") = "DefAlertRes", "UI\DefAlertRes\DefAlertRes.vcproj", "{8E265390-7DAE-4E2D-B9AB-DBB779A1A7E1}"
	ProjectSection(ProjectDependencies) = postProject
	EndProjectSection
EndProject
Project("{8BC9CEB8-8B4A-11D0-8D11-00A0C91BC942}") = "NAVLogVRes", "UI\NAVLogVRes\NAVLogVRes.vcproj", "{5CA723E5-A6B2-4278-86E4-E7618250169C}"
	ProjectSection(ProjectDependencies) = postProject
	EndProjectSection
EndProject
Project("{8BC9CEB8-8B4A-11D0-8D11-00A0C91BC942}") = "NAVLUCbkRes", "Engine\NAVLUCbkRes\NAVLUCbkRes.vcproj", "{88EAFAB7-9483-4B44-AB08-070DE7C5E1DB}"
	ProjectSection(ProjectDependencies) = postProject
	EndProjectSection
EndProject
Project("{8BC9CEB8-8B4A-11D0-8D11-00A0C91BC942}") = "NavOptionsRes", "UI\NavOptionsRes\NavOptionsRes.vcproj", "{35957F74-A959-48E9-933E-FB2063B33F36}"
	ProjectSection(ProjectDependencies) = postProject
	EndProjectSection
EndProject
Project("{8BC9CEB8-8B4A-11D0-8D11-00A0C91BC942}") = "CDStartRes", "Install\CDStartRes\CDStartRes.vcproj", "{BFFE8090-4E74-46AC-9097-435F4A8FFDCA}"
	ProjectSection(ProjectDependencies) = postProject
	EndProjectSection
EndProject
Project("{8BC9CEB8-8B4A-11D0-8D11-00A0C91BC942}") = "navapsvcres", "AutoProtect\navapsvcres\navapsvcres.vcproj", "{AE2E54D9-5FCC-4F98-83FA-CAAE1FF6FDB7}"
	ProjectSection(ProjectDependencies) = postProject
	EndProjectSection
EndProject
Project("{8BC9CEB8-8B4A-11D0-8D11-00A0C91BC942}") = "IWPLogRes", "UI\SNLogRes\SNLogRes.vcproj", "{CCAE0B89-4B3A-4926-B0C5-98D57F15CF88}"
	ProjectSection(ProjectDependencies) = postProject
	EndProjectSection
EndProject
Project("{8BC9CEB8-8B4A-11D0-8D11-00A0C91BC942}") = "NAVComUIRes", "UI\NavComUIRes\NAVComUIRes.vcproj", "{0FAE8BE8-C03B-45C8-8420-658C5E9E15F5}"
	ProjectSection(ProjectDependencies) = postProject
	EndProjectSection
EndProject
Project("{8BC9CEB8-8B4A-11D0-8D11-00A0C91BC942}") = "AdvChkRes", "Install\AdvChkRes\AdvChkRes.vcproj", "{2F8E1D77-C14C-45D7-9CD9-F45A3FE305A5}"
	ProjectSection(ProjectDependencies) = postProject
	EndProjectSection
EndProject
Project("{8BC9CEB8-8B4A-11D0-8D11-00A0C91BC942}") = "NavOptionsStubRes", "UI\NavOptionsStubRes\NavOptionsStubRes.vcproj", "{2B94006B-0129-4BC8-A0D2-C145E6FB740D}"
	ProjectSection(ProjectDependencies) = postProject
	EndProjectSection
EndProject
Project("{8BC9CEB8-8B4A-11D0-8D11-00A0C91BC942}") = "NavProdRes", "Engine\NavProdRes\NavProdRes.vcproj", "{E4D7E859-C60D-4E47-B69C-041219237036}"
	ProjectSection(ProjectDependencies) = postProject
	EndProjectSection
EndProject
Project("{8BC9CEB8-8B4A-11D0-8D11-00A0C91BC942}") = "NavUIRes", "UI\NavUIRes\NavUIRes.vcproj", "{6C1591B8-364E-438C-8016-ACCE33D9A810}"
	ProjectSection(ProjectDependencies) = postProject
	EndProjectSection
EndProject
Project("{8BC9CEB8-8B4A-11D0-8D11-00A0C91BC942}") = "Navw32Res", "Engine\Navw32Res\Navw32Res.vcproj", "{FC0D964E-FFFE-4318-BD2A-B6CE6A2776B9}"
	ProjectSection(ProjectDependencies) = postProject
	EndProjectSection
EndProject
Project("{8BC9CEB8-8B4A-11D0-8D11-00A0C91BC942}") = "NAVTasksRes", "UI\NavTasksRes\NAVTasksRes.vcproj", "{DE3451C3-9FD2-4025-805B-674E7C9A73E9}"
	ProjectSection(ProjectDependencies) = postProject
	EndProjectSection
EndProject
Project("{8BC9CEB8-8B4A-11D0-8D11-00A0C91BC942}") = "HPPResources", "SpywarePlus\HomePageProtectionResources\SpywarePlusRes.vcproj", "{35957F74-A959-48E9-933E-FB2063B33F36}"
	ProjectSection(ProjectDependencies) = postProject
	EndProjectSection
EndProject
Project("{8BC9CEB8-8B4A-11D0-8D11-00A0C91BC942}") = "avNSCPlgRes", "UI\avNSCPlgRes\avNSCPlgRes.vcproj", "{FCFDBC94-2322-4005-9629-5285E703A0FB}"
	ProjectSection(ProjectDependencies) = postProject
	EndProjectSection
	ProjectSection(ProjectDependencies) = postProject
	EndProjectSection
EndProject
Project("{8BC9CEB8-8B4A-11D0-8D11-00A0C91BC942}") = "SendMeRes", "Engine\SND\SendMeRes\SendMeRes.vcproj", "{9FB6883B-CC83-4369-84D3-29551BBF17AB}"
	ProjectSection(ProjectDependencies) = postProject
	EndProjectSection
EndProject
Global
	GlobalSection(SolutionConfiguration) = preSolution
		Debug = Debug
		Release = Release
	EndGlobalSection
	GlobalSection(ProjectConfiguration) = postSolution
		{6A36C7E5-9CAD-48CF-A268-BAE8C9F55D6E}.Debug.ActiveCfg = Debug|Win32
		{6A36C7E5-9CAD-48CF-A268-BAE8C9F55D6E}.Debug.Build.0 = Debug|Win32
		{6A36C7E5-9CAD-48CF-A268-BAE8C9F55D6E}.Release.ActiveCfg = Release|Win32
		{6A36C7E5-9CAD-48CF-A268-BAE8C9F55D6E}.Release.Build.0 = Release|Win32
		{7252EEF1-8DD4-4244-8973-1D21DC45CEEA}.Debug.ActiveCfg = Debug|Win32
		{7252EEF1-8DD4-4244-8973-1D21DC45CEEA}.Debug.Build.0 = Debug|Win32
		{7252EEF1-8DD4-4244-8973-1D21DC45CEEA}.Release.ActiveCfg = Release|Win32
		{7252EEF1-8DD4-4244-8973-1D21DC45CEEA}.Release.Build.0 = Release|Win32
		{22ABA702-19DF-474E-B50A-AAEB937A68D0}.Debug.ActiveCfg = Debug|Win32
		{22ABA702-19DF-474E-B50A-AAEB937A68D0}.Debug.Build.0 = Debug|Win32
		{22ABA702-19DF-474E-B50A-AAEB937A68D0}.Release.ActiveCfg = Release|Win32
		{22ABA702-19DF-474E-B50A-AAEB937A68D0}.Release.Build.0 = Release|Win32
		{5CCA9E1A-8C20-45A5-A840-6B86354C0A2C}.Debug.ActiveCfg = Debug|Win32
		{5CCA9E1A-8C20-45A5-A840-6B86354C0A2C}.Debug.Build.0 = Debug|Win32
		{5CCA9E1A-8C20-45A5-A840-6B86354C0A2C}.Release.ActiveCfg = Release|Win32
		{5CCA9E1A-8C20-45A5-A840-6B86354C0A2C}.Release.Build.0 = Release|Win32
		{8E265390-7DAE-4E2D-B9AB-DBB779A1A7E1}.Debug.ActiveCfg = Debug|Win32
		{8E265390-7DAE-4E2D-B9AB-DBB779A1A7E1}.Debug.Build.0 = Debug|Win32
		{8E265390-7DAE-4E2D-B9AB-DBB779A1A7E1}.Release.ActiveCfg = Release|Win32
		{8E265390-7DAE-4E2D-B9AB-DBB779A1A7E1}.Release.Build.0 = Release|Win32
		{5CA723E5-A6B2-4278-86E4-E7618250169C}.Debug.ActiveCfg = Debug|Win32
		{5CA723E5-A6B2-4278-86E4-E7618250169C}.Debug.Build.0 = Debug|Win32
		{5CA723E5-A6B2-4278-86E4-E7618250169C}.Release.ActiveCfg = Release|Win32
		{5CA723E5-A6B2-4278-86E4-E7618250169C}.Release.Build.0 = Release|Win32
		{88EAFAB7-9483-4B44-AB08-070DE7C5E1DB}.Debug.ActiveCfg = Debug|Win32
		{88EAFAB7-9483-4B44-AB08-070DE7C5E1DB}.Debug.Build.0 = Debug|Win32
		{88EAFAB7-9483-4B44-AB08-070DE7C5E1DB}.Release.ActiveCfg = Release|Win32
		{88EAFAB7-9483-4B44-AB08-070DE7C5E1DB}.Release.Build.0 = Release|Win32
		{35957F74-A959-48E9-933E-FB2063B33F36}.Debug.ActiveCfg = Debug|Win32
		{35957F74-A959-48E9-933E-FB2063B33F36}.Debug.Build.0 = Debug|Win32
		{35957F74-A959-48E9-933E-FB2063B33F36}.Release.ActiveCfg = Release|Win32
		{35957F74-A959-48E9-933E-FB2063B33F36}.Release.Build.0 = Release|Win32
		{BFFE8090-4E74-46AC-9097-435F4A8FFDCA}.Debug.ActiveCfg = Debug|Win32
		{BFFE8090-4E74-46AC-9097-435F4A8FFDCA}.Debug.Build.0 = Debug|Win32
		{BFFE8090-4E74-46AC-9097-435F4A8FFDCA}.Release.ActiveCfg = Release|Win32
		{BFFE8090-4E74-46AC-9097-435F4A8FFDCA}.Release.Build.0 = Release|Win32
		{AE2E54D9-5FCC-4F98-83FA-CAAE1FF6FDB7}.Debug.ActiveCfg = Debug|Win32
		{AE2E54D9-5FCC-4F98-83FA-CAAE1FF6FDB7}.Debug.Build.0 = Debug|Win32
		{AE2E54D9-5FCC-4F98-83FA-CAAE1FF6FDB7}.Release.ActiveCfg = Release|Win32
		{AE2E54D9-5FCC-4F98-83FA-CAAE1FF6FDB7}.Release.Build.0 = Release|Win32
		{CCAE0B89-4B3A-4926-B0C5-98D57F15CF88}.Debug.ActiveCfg = Debug|Win32
		{CCAE0B89-4B3A-4926-B0C5-98D57F15CF88}.Debug.Build.0 = Debug|Win32
		{CCAE0B89-4B3A-4926-B0C5-98D57F15CF88}.Release.ActiveCfg = Release|Win32
		{CCAE0B89-4B3A-4926-B0C5-98D57F15CF88}.Release.Build.0 = Release|Win32
		{0FAE8BE8-C03B-45C8-8420-658C5E9E15F5}.Debug.ActiveCfg = Debug|Win32
		{0FAE8BE8-C03B-45C8-8420-658C5E9E15F5}.Debug.Build.0 = Debug|Win32
		{0FAE8BE8-C03B-45C8-8420-658C5E9E15F5}.Release.ActiveCfg = Release|Win32
		{0FAE8BE8-C03B-45C8-8420-658C5E9E15F5}.Release.Build.0 = Release|Win32
		{2F8E1D77-C14C-45D7-9CD9-F45A3FE305A5}.Debug.ActiveCfg = Debug|Win32
		{2F8E1D77-C14C-45D7-9CD9-F45A3FE305A5}.Debug.Build.0 = Debug|Win32
		{2F8E1D77-C14C-45D7-9CD9-F45A3FE305A5}.Release.ActiveCfg = Release|Win32
		{2F8E1D77-C14C-45D7-9CD9-F45A3FE305A5}.Release.Build.0 = Release|Win32
		{2B94006B-0129-4BC8-A0D2-C145E6FB740D}.Debug.ActiveCfg = Debug|Win32
		{2B94006B-0129-4BC8-A0D2-C145E6FB740D}.Debug.Build.0 = Debug|Win32
		{2B94006B-0129-4BC8-A0D2-C145E6FB740D}.Release.ActiveCfg = Release|Win32
		{2B94006B-0129-4BC8-A0D2-C145E6FB740D}.Release.Build.0 = Release|Win32
		{E4D7E859-C60D-4E47-B69C-041219237036}.Debug.ActiveCfg = Debug|Win32
		{E4D7E859-C60D-4E47-B69C-041219237036}.Debug.Build.0 = Debug|Win32
		{E4D7E859-C60D-4E47-B69C-041219237036}.Release.ActiveCfg = Release|Win32
		{E4D7E859-C60D-4E47-B69C-041219237036}.Release.Build.0 = Release|Win32
		{6C1591B8-364E-438C-8016-ACCE33D9A810}.Debug.ActiveCfg = Debug|Win32
		{6C1591B8-364E-438C-8016-ACCE33D9A810}.Debug.Build.0 = Debug|Win32
		{6C1591B8-364E-438C-8016-ACCE33D9A810}.Release.ActiveCfg = Release|Win32
		{6C1591B8-364E-438C-8016-ACCE33D9A810}.Release.Build.0 = Release|Win32
		{FC0D964E-FFFE-4318-BD2A-B6CE6A2776B9}.Debug.ActiveCfg = Debug|Win32
		{FC0D964E-FFFE-4318-BD2A-B6CE6A2776B9}.Debug.Build.0 = Debug|Win32
		{FC0D964E-FFFE-4318-BD2A-B6CE6A2776B9}.Release.ActiveCfg = Release|Win32
		{FC0D964E-FFFE-4318-BD2A-B6CE6A2776B9}.Release.Build.0 = Release|Win32
		{DE3451C3-9FD2-4025-805B-674E7C9A73E9}.Debug.ActiveCfg = Debug|Win32
		{DE3451C3-9FD2-4025-805B-674E7C9A73E9}.Debug.Build.0 = Debug|Win32
		{DE3451C3-9FD2-4025-805B-674E7C9A73E9}.Release.ActiveCfg = Release|Win32
		{DE3451C3-9FD2-4025-805B-674E7C9A73E9}.Release.Build.0 = Release|Win32
		{35957F74-A959-48E9-933E-FB2063B33F36}.Debug.ActiveCfg = Debug|Win32
		{35957F74-A959-48E9-933E-FB2063B33F36}.Debug.Build.0 = Debug|Win32
		{35957F74-A959-48E9-933E-FB2063B33F36}.Release.ActiveCfg = Release|Win32
		{35957F74-A959-48E9-933E-FB2063B33F36}.Release.Build.0 = Release|Win32
		{FCFDBC94-2322-4005-9629-5285E703A0FB}.Debug.ActiveCfg = Debug|Win32
		{FCFDBC94-2322-4005-9629-5285E703A0FB}.Debug.Build.0 = Debug|Win32
		{FCFDBC94-2322-4005-9629-5285E703A0FB}.Release.ActiveCfg = Release|Win32
		{FCFDBC94-2322-4005-9629-5285E703A0FB}.Release.Build.0 = Release|Win32
		{9FB6883B-CC83-4369-84D3-29551BBF17AB}.Debug.ActiveCfg = Debug|Win32
		{9FB6883B-CC83-4369-84D3-29551BBF17AB}.Debug.Build.0 = Debug|Win32
		{9FB6883B-CC83-4369-84D3-29551BBF17AB}.Release.ActiveCfg = Release|Win32
		{9FB6883B-CC83-4369-84D3-29551BBF17AB}.Release.Build.0 = Release|Win32
	EndGlobalSection
	GlobalSection(ExtensibilityGlobals) = postSolution
	EndGlobalSection
	GlobalSection(ExtensibilityAddIns) = postSolution
	EndGlobalSection
EndGlobal
