Microsoft Visual Studio Solution File, Format Version 8.00
Project("{8BC9CEB8-8B4A-11D0-8D11-00A0C91BC942}") = "AdvChk", "Install\AdvChk\AdvChk.vcproj", "{157B2968-2AD6-4251-BA01-6F4FF162FC1B}"
	ProjectSection(ProjectDependencies) = postProject
	EndProjectSection
EndProject
Project("{8BC9CEB8-8B4A-11D0-8D11-00A0C91BC942}") = "CDStart", "Install\CDStart\CDStart.vcproj", "{C1CA7CBD-E193-41E6-ACD9-E1DF71218C3B}"
	ProjectSection(ProjectDependencies) = postProject
	EndProjectSection
EndProject
Project("{8BC9CEB8-8B4A-11D0-8D11-00A0C91BC942}") = "DefAlert", "UI\DefAlert\DefAlert.vcproj", "{0F467156-780B-43EF-969F-B7981142D028}"
	ProjectSection(ProjectDependencies) = postProject
		{AC603794-88D6-4101-8B00-FE72FA954746} = {AC603794-88D6-4101-8B00-FE72FA954746}
		{1B1D3ADF-E58C-43A8-B225-C485EA7D7502} = {1B1D3ADF-E58C-43A8-B225-C485EA7D7502}
	EndProjectSection
EndProject
Project("{8BC9CEB8-8B4A-11D0-8D11-00A0C91BC942}") = "NAVLUCBK", "Engine\navlucbk\NAVLUCBK.vcproj", "{96C42F02-566F-4ED5-8DD8-19186D84ABB8}"
	ProjectSection(ProjectDependencies) = postProject
		{1B1D3ADF-E58C-43A8-B225-C485EA7D7502} = {1B1D3ADF-E58C-43A8-B225-C485EA7D7502}
	EndProjectSection
EndProject
Project("{8BC9CEB8-8B4A-11D0-8D11-00A0C91BC942}") = "NAVLicense", "UI\NAVLicense\NAVLicense.vcproj", "{AC603794-88D6-4101-8B00-FE72FA954746}"
	ProjectSection(ProjectDependencies) = postProject
		{65217443-52F8-4336-967F-36CC419339AA} = {65217443-52F8-4336-967F-36CC419339AA}
	EndProjectSection
EndProject
Project("{8BC9CEB8-8B4A-11D0-8D11-00A0C91BC942}") = "NAVLnch", "UI\NAVLnch\NAVLnch.vcproj", "{C4B23CB1-627C-479A-8C7D-9B95B015C88E}"
	ProjectSection(ProjectDependencies) = postProject
		{3C71DA25-FFE3-4E5C-B287-CF398F8C4B08} = {3C71DA25-FFE3-4E5C-B287-CF398F8C4B08}
		{65217443-52F8-4336-967F-36CC419339AA} = {65217443-52F8-4336-967F-36CC419339AA}
	EndProjectSection
EndProject
Project("{8BC9CEB8-8B4A-11D0-8D11-00A0C91BC942}") = "NAVLogV", "UI\NAVLogV\NAVLogV.vcproj", "{55F4E3C8-D99A-44F3-8D20-E62021074105}"
	ProjectSection(ProjectDependencies) = postProject
		{1B1D3ADF-E58C-43A8-B225-C485EA7D7502} = {1B1D3ADF-E58C-43A8-B225-C485EA7D7502}
	EndProjectSection
EndProject
Project("{8BC9CEB8-8B4A-11D0-8D11-00A0C91BC942}") = "NAVOptions", "UI\NAVOptions\NAVOptions.vcproj", "{3C71DA25-FFE3-4E5C-B287-CF398F8C4B08}"
	ProjectSection(ProjectDependencies) = postProject
		{65217443-52F8-4336-967F-36CC419339AA} = {65217443-52F8-4336-967F-36CC419339AA}
		{1B1D3ADF-E58C-43A8-B225-C485EA7D7502} = {1B1D3ADF-E58C-43A8-B225-C485EA7D7502}
	EndProjectSection
EndProject
Project("{8BC9CEB8-8B4A-11D0-8D11-00A0C91BC942}") = "NAVOptionsStub", "UI\NAVOptionsStub\NAVOptionsStub.vcproj", "{D532C337-8F1E-4D0D-A808-3B0E35260C6D}"
	ProjectSection(ProjectDependencies) = postProject
		{1B1D3ADF-E58C-43A8-B225-C485EA7D7502} = {1B1D3ADF-E58C-43A8-B225-C485EA7D7502}
	EndProjectSection
EndProject
Project("{8BC9CEB8-8B4A-11D0-8D11-00A0C91BC942}") = "NAVTaskWizard", "UI\NAVTaskWizard\NAVTaskWizard.vcproj", "{F663A7D5-ED85-4F76-A7F2-78E6165C7392}"
	ProjectSection(ProjectDependencies) = postProject
		{1B1D3ADF-E58C-43A8-B225-C485EA7D7502} = {1B1D3ADF-E58C-43A8-B225-C485EA7D7502}
	EndProjectSection
EndProject
Project("{8BC9CEB8-8B4A-11D0-8D11-00A0C91BC942}") = "NAVTasks", "UI\NAVTasks\NAVTasks.vcproj", "{EC0CD07F-FF25-4EF6-BCA1-8BD7ED199FDE}"
	ProjectSection(ProjectDependencies) = postProject
		{65217443-52F8-4336-967F-36CC419339AA} = {65217443-52F8-4336-967F-36CC419339AA}
		{F663A7D5-ED85-4F76-A7F2-78E6165C7392} = {F663A7D5-ED85-4F76-A7F2-78E6165C7392}
		{1B1D3ADF-E58C-43A8-B225-C485EA7D7502} = {1B1D3ADF-E58C-43A8-B225-C485EA7D7502}
	EndProjectSection
EndProject
Project("{8BC9CEB8-8B4A-11D0-8D11-00A0C91BC942}") = "NAVToolBox", "Util\NAVToolBox\NAVToolBox.vcproj", "{1B1D3ADF-E58C-43A8-B225-C485EA7D7502}"
	ProjectSection(ProjectDependencies) = postProject
	EndProjectSection
EndProject
Project("{8BC9CEB8-8B4A-11D0-8D11-00A0C91BC942}") = "NAVUI", "UI\NAVUI\NAVUI.vcproj", "{F25042F4-A3FC-4237-863D-FF9ABFE99EC1}"
	ProjectSection(ProjectDependencies) = postProject
		{0353A113-1B33-46E5-AA6C-82BC280EDABD} = {0353A113-1B33-46E5-AA6C-82BC280EDABD}
		{AC603794-88D6-4101-8B00-FE72FA954746} = {AC603794-88D6-4101-8B00-FE72FA954746}
		{C4B23CB1-627C-479A-8C7D-9B95B015C88E} = {C4B23CB1-627C-479A-8C7D-9B95B015C88E}
		{1B1D3ADF-E58C-43A8-B225-C485EA7D7502} = {1B1D3ADF-E58C-43A8-B225-C485EA7D7502}
	EndProjectSection
EndProject
Project("{8BC9CEB8-8B4A-11D0-8D11-00A0C91BC942}") = "NuAbout", "UI\AboutPlg\NuAbout.vcproj", "{BF254CC3-187D-415C-9224-6E0FAE7DC033}"
	ProjectSection(ProjectDependencies) = postProject
	EndProjectSection
EndProject
Project("{8BC9CEB8-8B4A-11D0-8D11-00A0C91BC942}") = "NuInst", "Install\NuInst\NuInst.vcproj", "{8EC72A50-AB06-4DEB-AB4D-82DE29A95C19}"
	ProjectSection(ProjectDependencies) = postProject
	EndProjectSection
EndProject
Project("{8BC9CEB8-8B4A-11D0-8D11-00A0C91BC942}") = "OMigrate", "Install\OMigrate\OMigrate.vcproj", "{4E82BE1E-17EA-419D-8460-62A081B25776}"
	ProjectSection(ProjectDependencies) = postProject
	EndProjectSection
EndProject
Project("{8BC9CEB8-8B4A-11D0-8D11-00A0C91BC942}") = "Status", "Engine\Status\Status.vcproj", "{E157661A-A40C-4322-90EB-227B36908178}"
	ProjectSection(ProjectDependencies) = postProject
		{0353A113-1B33-46E5-AA6C-82BC280EDABD} = {0353A113-1B33-46E5-AA6C-82BC280EDABD}
		{3C71DA25-FFE3-4E5C-B287-CF398F8C4B08} = {3C71DA25-FFE3-4E5C-B287-CF398F8C4B08}
		{65217443-52F8-4336-967F-36CC419339AA} = {65217443-52F8-4336-967F-36CC419339AA}
		{42FFDF4F-1763-4F23-B379-598F848E0CC0} = {42FFDF4F-1763-4F23-B379-598F848E0CC0}
		{EC0CD07F-FF25-4EF6-BCA1-8BD7ED199FDE} = {EC0CD07F-FF25-4EF6-BCA1-8BD7ED199FDE}
		{98E6D8AF-05A7-4FDB-9237-91E103C27EAF} = {98E6D8AF-05A7-4FDB-9237-91E103C27EAF}
		{1B1D3ADF-E58C-43A8-B225-C485EA7D7502} = {1B1D3ADF-E58C-43A8-B225-C485EA7D7502}
	EndProjectSection
EndProject
Project("{8BC9CEB8-8B4A-11D0-8D11-00A0C91BC942}") = "navinst", "Install\NavInst\navinst.vcproj", "{D8B91D76-EDB8-42D0-875F-0558E8B4F23D}"
	ProjectSection(ProjectDependencies) = postProject
		{0353A113-1B33-46E5-AA6C-82BC280EDABD} = {0353A113-1B33-46E5-AA6C-82BC280EDABD}
		{3C71DA25-FFE3-4E5C-B287-CF398F8C4B08} = {3C71DA25-FFE3-4E5C-B287-CF398F8C4B08}
		{EC0CD07F-FF25-4EF6-BCA1-8BD7ED199FDE} = {EC0CD07F-FF25-4EF6-BCA1-8BD7ED199FDE}
	EndProjectSection
EndProject
Project("{8BC9CEB8-8B4A-11D0-8D11-00A0C91BC942}") = "navprod", "Engine\NavProductPlugin\navprod.vcproj", "{48FF9847-290F-4F64-98F5-766330ED40D9}"
	ProjectSection(ProjectDependencies) = postProject
		{1B1D3ADF-E58C-43A8-B225-C485EA7D7502} = {1B1D3ADF-E58C-43A8-B225-C485EA7D7502}
	EndProjectSection
EndProject
Project("{8BC9CEB8-8B4A-11D0-8D11-00A0C91BC942}") = "NAVAPSCR", "AutoProtect\navapscr\NAVAPSCR.vcproj", "{0353A113-1B33-46E5-AA6C-82BC280EDABD}"
	ProjectSection(ProjectDependencies) = postProject
		{65217443-52F8-4336-967F-36CC419339AA} = {65217443-52F8-4336-967F-36CC419339AA}
		{42FFDF4F-1763-4F23-B379-598F848E0CC0} = {42FFDF4F-1763-4F23-B379-598F848E0CC0}
	EndProjectSection
EndProject
Project("{8BC9CEB8-8B4A-11D0-8D11-00A0C91BC942}") = "Navw32", "Engine\Navw32\Navw32.vcproj", "{464E1C10-4197-4BD2-BE66-7042A249E6BD}"
	ProjectSection(ProjectDependencies) = postProject
		{4B1DFC83-911D-4387-8F75-D4860FE3BED4} = {4B1DFC83-911D-4387-8F75-D4860FE3BED4}
		{FCBA99BE-7D79-4779-878D-4C8C485D61CB} = {FCBA99BE-7D79-4779-878D-4C8C485D61CB}
	EndProjectSection
EndProject
Project("{8BC9CEB8-8B4A-11D0-8D11-00A0C91BC942}") = "Navwnt", "Engine\NavwNT\Navwnt.vcproj", "{6C93579B-E8F6-4042-9836-0C40CB776A96}"
	ProjectSection(ProjectDependencies) = postProject
	EndProjectSection
EndProject
Project("{8BC9CEB8-8B4A-11D0-8D11-00A0C91BC942}") = "NAVComUI", "UI\NAVComUI\NAVComUI.vcproj", "{FCBA99BE-7D79-4779-878D-4C8C485D61CB}"
	ProjectSection(ProjectDependencies) = postProject
		{AC603794-88D6-4101-8B00-FE72FA954746} = {AC603794-88D6-4101-8B00-FE72FA954746}
		{C4B23CB1-627C-479A-8C7D-9B95B015C88E} = {C4B23CB1-627C-479A-8C7D-9B95B015C88E}
		{1B1D3ADF-E58C-43A8-B225-C485EA7D7502} = {1B1D3ADF-E58C-43A8-B225-C485EA7D7502}
	EndProjectSection
EndProject
Project("{8BC9CEB8-8B4A-11D0-8D11-00A0C91BC942}") = "qconres", "Quarantine\QConRes\QCONRES.vcproj", "{807ABB5F-C061-4D0E-8EE1-575C6E40E109}"
	ProjectSection(ProjectDependencies) = postProject
	EndProjectSection
EndProject
Project("{8BC9CEB8-8B4A-11D0-8D11-00A0C91BC942}") = "qconsole", "Quarantine\QConsole\QConsole.vcproj", "{695DF143-2165-463F-929F-C51E6CD29662}"
	ProjectSection(ProjectDependencies) = postProject
		{807ABB5F-C061-4D0E-8EE1-575C6E40E109} = {807ABB5F-C061-4D0E-8EE1-575C6E40E109}
		{1B1D3ADF-E58C-43A8-B225-C485EA7D7502} = {1B1D3ADF-E58C-43A8-B225-C485EA7D7502}
	EndProjectSection
EndProject
Project("{8BC9CEB8-8B4A-11D0-8D11-00A0C91BC942}") = "qspak32", "Quarantine\qspak32\qspak32.vcproj", "{AD33427D-4613-4D91-9551-B0173F8B3273}"
	ProjectSection(ProjectDependencies) = postProject
	EndProjectSection
EndProject
Project("{8BC9CEB8-8B4A-11D0-8D11-00A0C91BC942}") = "Quar32", "Quarantine\Quar32\Quar32.vcproj", "{2F352C4A-D75D-4EBA-9D4D-92A603151DF9}"
	ProjectSection(ProjectDependencies) = postProject
		{AD33427D-4613-4D91-9551-B0173F8B3273} = {AD33427D-4613-4D91-9551-B0173F8B3273}
		{1B1D3ADF-E58C-43A8-B225-C485EA7D7502} = {1B1D3ADF-E58C-43A8-B225-C485EA7D7502}
	EndProjectSection
EndProject
Project("{8BC9CEB8-8B4A-11D0-8D11-00A0C91BC942}") = "ScanMgr", "Engine\ScanMgr\ScanMgr.vcproj", "{4B1DFC83-911D-4387-8F75-D4860FE3BED4}"
	ProjectSection(ProjectDependencies) = postProject
		{42FFDF4F-1763-4F23-B379-598F848E0CC0} = {42FFDF4F-1763-4F23-B379-598F848E0CC0}
		{FCBA99BE-7D79-4779-878D-4C8C485D61CB} = {FCBA99BE-7D79-4779-878D-4C8C485D61CB}
		{1B1D3ADF-E58C-43A8-B225-C485EA7D7502} = {1B1D3ADF-E58C-43A8-B225-C485EA7D7502}
	EndProjectSection
EndProject
Project("{8BC9CEB8-8B4A-11D0-8D11-00A0C91BC942}") = "NAVNTUTL", "Quarantine\navntutil\NAVNTUTL.vcproj", "{90AD16C4-EEF2-4532-82B5-C7532461C44C}"
	ProjectSection(ProjectDependencies) = postProject
	EndProjectSection
EndProject
Project("{8BC9CEB8-8B4A-11D0-8D11-00A0C91BC942}") = "NAVEvents", "Engine\NAVEvents\NAVEvents.vcproj", "{98E6D8AF-05A7-4FDB-9237-91E103C27EAF}"
	ProjectSection(ProjectDependencies) = postProject
		{1B1D3ADF-E58C-43A8-B225-C485EA7D7502} = {1B1D3ADF-E58C-43A8-B225-C485EA7D7502}
	EndProjectSection
EndProject
Project("{8BC9CEB8-8B4A-11D0-8D11-00A0C91BC942}") = "NAVError", "Engine\NAVError\NAVError.vcproj", "{65217443-52F8-4336-967F-36CC419339AA}"
	ProjectSection(ProjectDependencies) = postProject
		{1B1D3ADF-E58C-43A8-B225-C485EA7D7502} = {1B1D3ADF-E58C-43A8-B225-C485EA7D7502}
	EndProjectSection
EndProject
Project("{8BC9CEB8-8B4A-11D0-8D11-00A0C91BC942}") = "ACSAPI", "Engine\SND\ACSAPI\ACSAPI.vcproj", "{E01D7274-4128-4ADC-B825-8FDBC65D4813}"
	ProjectSection(ProjectDependencies) = postProject
	EndProjectSection
EndProject
Project("{8BC9CEB8-8B4A-11D0-8D11-00A0C91BC942}") = "CRC32", "Engine\SND\CRC32\CRC32.vcproj", "{583458BB-8A1E-43EA-809B-C00718AFEF81}"
	ProjectSection(ProjectDependencies) = postProject
	EndProjectSection
EndProject
Project("{8BC9CEB8-8B4A-11D0-8D11-00A0C91BC942}") = "GRENLEAF", "Engine\SND\GRENLEAF\GRENLEAF.vcproj", "{0A0A2C52-07F9-4AD3-82D8-5532221C885B}"
	ProjectSection(ProjectDependencies) = postProject
	EndProjectSection
EndProject
Project("{8BC9CEB8-8B4A-11D0-8D11-00A0C91BC942}") = "O97API", "Engine\SND\O97API\O97API.vcproj", "{C41EB0B0-BBCB-432B-97DE-61C5D5A0C4E2}"
	ProjectSection(ProjectDependencies) = postProject
	EndProjectSection
EndProject
Project("{8BC9CEB8-8B4A-11D0-8D11-00A0C91BC942}") = "OLESSAPI", "Engine\SND\OLESSAPI\OLESSAPI.vcproj", "{40626FCE-3CAF-413A-BEB6-8A0E655F06CA}"
	ProjectSection(ProjectDependencies) = postProject
	EndProjectSection
EndProject
Project("{8BC9CEB8-8B4A-11D0-8D11-00A0C91BC942}") = "SCANDLVR", "Engine\SND\SCANDLVR\SCANDLVR.vcproj", "{666548F6-8668-4BF6-949A-2BFDDF5111EE}"
	ProjectSection(ProjectDependencies) = postProject
		{7EC83737-F86C-4E19-8DCA-C43801B93917} = {7EC83737-F86C-4E19-8DCA-C43801B93917}
		{6AFBCB78-30CF-4E2A-999D-6A306A5530D0} = {6AFBCB78-30CF-4E2A-999D-6A306A5530D0}
		{3FBABDBD-713F-4A84-8FB4-8A5C533B51B5} = {3FBABDBD-713F-4A84-8FB4-8A5C533B51B5}
		{1B1D3ADF-E58C-43A8-B225-C485EA7D7502} = {1B1D3ADF-E58C-43A8-B225-C485EA7D7502}
		{6A8383F0-6049-4679-BE6B-E6A718D19133} = {6A8383F0-6049-4679-BE6B-E6A718D19133}
	EndProjectSection
EndProject
Project("{8BC9CEB8-8B4A-11D0-8D11-00A0C91BC942}") = "SCANDRES", "Engine\SND\SCANDRES\SCANDRES.vcproj", "{FFDDD02F-3D68-446E-9E74-2F9925D4EFD0}"
	ProjectSection(ProjectDependencies) = postProject
	EndProjectSection
EndProject
Project("{8BC9CEB8-8B4A-11D0-8D11-00A0C91BC942}") = "SDPACK", "Engine\SND\SDPACK\SDPACK.vcproj", "{6AFBCB78-30CF-4E2A-999D-6A306A5530D0}"
	ProjectSection(ProjectDependencies) = postProject
		{0A0A2C52-07F9-4AD3-82D8-5532221C885B} = {0A0A2C52-07F9-4AD3-82D8-5532221C885B}
		{583458BB-8A1E-43EA-809B-C00718AFEF81} = {583458BB-8A1E-43EA-809B-C00718AFEF81}
	EndProjectSection
EndProject
Project("{8BC9CEB8-8B4A-11D0-8D11-00A0C91BC942}") = "SDSOCKET", "Engine\SND\SDSOCKET\SDSOCKET.vcproj", "{6A8383F0-6049-4679-BE6B-E6A718D19133}"
	ProjectSection(ProjectDependencies) = postProject
	EndProjectSection
EndProject
Project("{8BC9CEB8-8B4A-11D0-8D11-00A0C91BC942}") = "SDSTRIP", "Engine\SND\SDSTRIP\SDSTRIP.vcproj", "{7EC83737-F86C-4E19-8DCA-C43801B93917}"
	ProjectSection(ProjectDependencies) = postProject
		{7649A627-5E62-4469-886E-903E4F81E22A} = {7649A627-5E62-4469-886E-903E4F81E22A}
		{C41EB0B0-BBCB-432B-97DE-61C5D5A0C4E2} = {C41EB0B0-BBCB-432B-97DE-61C5D5A0C4E2}
		{583458BB-8A1E-43EA-809B-C00718AFEF81} = {583458BB-8A1E-43EA-809B-C00718AFEF81}
		{40626FCE-3CAF-413A-BEB6-8A0E655F06CA} = {40626FCE-3CAF-413A-BEB6-8A0E655F06CA}
		{099B10F2-0301-452F-BB35-513F95E5120F} = {099B10F2-0301-452F-BB35-513F95E5120F}
	EndProjectSection
EndProject
Project("{8BC9CEB8-8B4A-11D0-8D11-00A0C91BC942}") = "SENDME", "Engine\SND\SENDME\SENDME.vcproj", "{3FBABDBD-713F-4A84-8FB4-8A5C533B51B5}"
	ProjectSection(ProjectDependencies) = postProject
	EndProjectSection
EndProject
Project("{8BC9CEB8-8B4A-11D0-8D11-00A0C91BC942}") = "WD7API", "Engine\SND\WD7API\WD7API.vcproj", "{099B10F2-0301-452F-BB35-513F95E5120F}"
	ProjectSection(ProjectDependencies) = postProject
	EndProjectSection
EndProject
Project("{8BC9CEB8-8B4A-11D0-8D11-00A0C91BC942}") = "XL5API", "Engine\SND\XL5API\XL5API.vcproj", "{7649A627-5E62-4469-886E-903E4F81E22A}"
	ProjectSection(ProjectDependencies) = postProject
	EndProjectSection
EndProject
Project("{8BC9CEB8-8B4A-11D0-8D11-00A0C91BC942}") = "apwcmdNT", "AutoProtect\apwcmd\apwcmdNT.vcproj", "{4DC1E894-8474-494F-97BD-9F5166EAEB40}"
	ProjectSection(ProjectDependencies) = postProject
		{7C633437-679B-4E77-BADB-92023B794D3D} = {7C633437-679B-4E77-BADB-92023B794D3D}
		{1B1D3ADF-E58C-43A8-B225-C485EA7D7502} = {1B1D3ADF-E58C-43A8-B225-C485EA7D7502}
	EndProjectSection
EndProject
Project("{8BC9CEB8-8B4A-11D0-8D11-00A0C91BC942}") = "apwui", "AutoProtect\apwui\apwui.vcproj", "{BB39EC68-4442-4287-A44F-249D0F0AF0DD}"
	ProjectSection(ProjectDependencies) = postProject
		{0353A113-1B33-46E5-AA6C-82BC280EDABD} = {0353A113-1B33-46E5-AA6C-82BC280EDABD}
		{3C71DA25-FFE3-4E5C-B287-CF398F8C4B08} = {3C71DA25-FFE3-4E5C-B287-CF398F8C4B08}
		{7C633437-679B-4E77-BADB-92023B794D3D} = {7C633437-679B-4E77-BADB-92023B794D3D}
		{D5751F3C-D2D7-4539-9C15-827921E03D8C} = {D5751F3C-D2D7-4539-9C15-827921E03D8C}
		{42FFDF4F-1763-4F23-B379-598F848E0CC0} = {42FFDF4F-1763-4F23-B379-598F848E0CC0}
	EndProjectSection
EndProject
Project("{8BC9CEB8-8B4A-11D0-8D11-00A0C91BC942}") = "apwutil", "AutoProtect\apwutil\apwutil.vcproj", "{7C633437-679B-4E77-BADB-92023B794D3D}"
	ProjectSection(ProjectDependencies) = postProject
		{65217443-52F8-4336-967F-36CC419339AA} = {65217443-52F8-4336-967F-36CC419339AA}
	EndProjectSection
EndProject
Project("{8BC9CEB8-8B4A-11D0-8D11-00A0C91BC942}") = "navapsvc", "AutoProtect\navapsvc\navapsvc.vcproj", "{42FFDF4F-1763-4F23-B379-598F848E0CC0}"
	ProjectSection(ProjectDependencies) = postProject
		{7C633437-679B-4E77-BADB-92023B794D3D} = {7C633437-679B-4E77-BADB-92023B794D3D}
	EndProjectSection
EndProject
Project("{8BC9CEB8-8B4A-11D0-8D11-00A0C91BC942}") = "NAVSetup", "Install\SymSetup\NAVSetup.vcproj", "{8DEB4701-C84E-4368-ADF1-80323A6956CD}"
	ProjectSection(ProjectDependencies) = postProject
		{1B1D3ADF-E58C-43A8-B225-C485EA7D7502} = {1B1D3ADF-E58C-43A8-B225-C485EA7D7502}
	EndProjectSection
EndProject
Project("{8BC9CEB8-8B4A-11D0-8D11-00A0C91BC942}") = "NAVOptRefresh", "Engine\NAVOptRefresh\NAVOptRefresh.vcproj", "{E913088D-EC8F-438D-AE39-C9E9146DFA54}"
	ProjectSection(ProjectDependencies) = postProject
		{0353A113-1B33-46E5-AA6C-82BC280EDABD} = {0353A113-1B33-46E5-AA6C-82BC280EDABD}
		{3C71DA25-FFE3-4E5C-B287-CF398F8C4B08} = {3C71DA25-FFE3-4E5C-B287-CF398F8C4B08}
	EndProjectSection
EndProject
Project("{8BC9CEB8-8B4A-11D0-8D11-00A0C91BC942}") = "NAVSuiteOwner", "Licensing\SuiteOwners\NAVSuiteOwner\NAVSuiteOwner.vcproj", "{75D10F9B-E0C0-44E8-B425-C54B3CE3576B}"
	ProjectSection(ProjectDependencies) = postProject
	EndProjectSection
EndProject
Project("{8BC9CEB8-8B4A-11D0-8D11-00A0C91BC942}") = "NAVCfgWizDll", "Install\ConfigWiz\NAVCfgWizDll\NAVCfgWizDll.vcproj", "{63189BA0-430B-4F34-8E93-0C8A08BFC2B8}"
	ProjectSection(ProjectDependencies) = postProject
	EndProjectSection
EndProject
Project("{8BC9CEB8-8B4A-11D0-8D11-00A0C91BC942}") = "CfgWzRes", "Install\ConfigWiz\NAVCfgWizRes\CfgWzRes.vcproj", "{7BADAD9E-4A70-4615-AA35-89A737FC84C9}"
	ProjectSection(ProjectDependencies) = postProject
		{63189BA0-430B-4F34-8E93-0C8A08BFC2B8} = {63189BA0-430B-4F34-8E93-0C8A08BFC2B8}
		{1B1D3ADF-E58C-43A8-B225-C485EA7D7502} = {1B1D3ADF-E58C-43A8-B225-C485EA7D7502}
	EndProjectSection
EndProject
Project("{8BC9CEB8-8B4A-11D0-8D11-00A0C91BC942}") = "StatusHelper", "Engine\StatusHelper\StatusHelper.vcproj", "{D0F4751F-7818-4116-B792-0EA7731CC9B1}"
	ProjectSection(ProjectDependencies) = postProject
		{1B1D3ADF-E58C-43A8-B225-C485EA7D7502} = {1B1D3ADF-E58C-43A8-B225-C485EA7D7502}
	EndProjectSection
EndProject
Project("{8BC9CEB8-8B4A-11D0-8D11-00A0C91BC942}") = "PtchInst", "Install\PtchInst\PtchInst.vcproj", "{ED6C2B63-017F-41EB-AAC4-E8B04ABA9656}"
	ProjectSection(ProjectDependencies) = postProject
	EndProjectSection
EndProject
Project("{8BC9CEB8-8B4A-11D0-8D11-00A0C91BC942}") = "NAVUIHTM", "UI\NAVUIHTM\NAVUIHTM.vcproj", "{6E1825B3-E967-4389-8013-80066793F65F}"
	ProjectSection(ProjectDependencies) = postProject
	EndProjectSection
EndProject
Project("{8BC9CEB8-8B4A-11D0-8D11-00A0C91BC942}") = "IWP", "IWP\IWP\IWP.vcproj", "{E21FC94F-886C-4DB1-BEA7-2C6FD509D780}"
	ProjectSection(ProjectDependencies) = postProject
		{1B1D3ADF-E58C-43A8-B225-C485EA7D7502} = {1B1D3ADF-E58C-43A8-B225-C485EA7D7502}
	EndProjectSection
EndProject
Project("{8BC9CEB8-8B4A-11D0-8D11-00A0C91BC942}") = "NPFMntor", "IWP\NPFMonitor\NPFMonitor.vcproj", "{70AB2CAE-F91D-45B4-994A-BE1274AAAFBE}"
	ProjectSection(ProjectDependencies) = postProject
		{1B1D3ADF-E58C-43A8-B225-C485EA7D7502} = {1B1D3ADF-E58C-43A8-B225-C485EA7D7502}
	EndProjectSection
EndProject
Project("{8BC9CEB8-8B4A-11D0-8D11-00A0C91BC942}") = "AVRES", "UI\AVRES\AVRES.vcproj", "{9306AE67-055B-4D45-B4C8-F105E87F2A5B}"
	ProjectSection(ProjectDependencies) = postProject
	EndProjectSection
EndProject
Project("{8BC9CEB8-8B4A-11D0-8D11-00A0C91BC942}") = "IWPInst", "Install\IWPInst\IWPInst.vcproj", "{A9FF0B19-3136-4CF9-8DDA-9E7584A8028E}"
	ProjectSection(ProjectDependencies) = postProject
	EndProjectSection
EndProject
Project("{8BC9CEB8-8B4A-11D0-8D11-00A0C91BC942}") = "IWPLUCallback", "IWP\IWPLUCallback\IWPLUCallback.vcproj", "{150134CC-4E56-490D-A264-513120503CB0}"
	ProjectSection(ProjectDependencies) = postProject
	EndProjectSection
EndProject
Project("{8BC9CEB8-8B4A-11D0-8D11-00A0C91BC942}") = "IWPLog", "UI\SNLog\SNLog.vcproj", "{7F86C421-A434-4AC6-A70F-EBFF07B5D669}"
	ProjectSection(ProjectDependencies) = postProject
	EndProjectSection
EndProject
Project("{8BC9CEB8-8B4A-11D0-8D11-00A0C91BC942}") = "AVSTEInst", "Install\AVSTEInst\AVSTEInst.vcproj", "{7B796B00-0E36-4EA5-9A7B-581E603BF704}"
	ProjectSection(ProjectDependencies) = postProject
	EndProjectSection
EndProject
Project("{8BC9CEB8-8B4A-11D0-8D11-00A0C91BC942}") = "avcompbr", "Engine\AVCompBR\AVCompBR.vcproj", "{0698932B-D295-44B5-8F0C-E858EB87A4A5}"
	ProjectSection(ProjectDependencies) = postProject
	EndProjectSection
EndProject
Project("{8BC9CEB8-8B4A-11D0-8D11-00A0C91BC942}") = "N32Exclu", "Util\N32Exclu\N32Exclu.vcproj", "{45F113E8-5ACD-4CF5-B0E7-4FBBDE960B14}"
	ProjectSection(ProjectDependencies) = postProject
		{1B1D3ADF-E58C-43A8-B225-C485EA7D7502} = {1B1D3ADF-E58C-43A8-B225-C485EA7D7502}
	EndProjectSection
EndProject
Project("{8BC9CEB8-8B4A-11D0-8D11-00A0C91BC942}") = "avNSCPlg", "UI\avNSCPlg\avNSCPlg.vcproj", "{5DD593AC-0084-4664-A425-9C1F2042869A}"
	ProjectSection(ProjectDependencies) = postProject
	EndProjectSection
EndProject
Project("{8BC9CEB8-8B4A-11D0-8D11-00A0C91BC942}") = "AVScanner", "Install\AVScanner\AVScanner.vcproj", "{861B6151-8C8D-4245-B5A9-6E5B8A0820AE}"
	ProjectSection(ProjectDependencies) = postProject
	EndProjectSection
EndProject
Project("{8BC9CEB8-8B4A-11D0-8D11-00A0C91BC942}") = "HPPApp", "SpywarePlus\HomePageProtectionApp\HomePageProtectionApp.vcproj", "{223E4707-AC82-405D-9DD2-2EA1B43B1F58}"
	ProjectSection(ProjectDependencies) = postProject
		{98E6D8AF-05A7-4FDB-9237-91E103C27EAF} = {98E6D8AF-05A7-4FDB-9237-91E103C27EAF}
		{1B1D3ADF-E58C-43A8-B225-C485EA7D7502} = {1B1D3ADF-E58C-43A8-B225-C485EA7D7502}
	EndProjectSection
EndProject
Project("{8BC9CEB8-8B4A-11D0-8D11-00A0C91BC942}") = "HPPEvents", "SpywarePlus\HomePageProtectionEvents\HPPEvents.vcproj", "{B534908E-5337-4173-89B2-3AD5BD658E35}"
	ProjectSection(ProjectDependencies) = postProject
		{98E6D8AF-05A7-4FDB-9237-91E103C27EAF} = {98E6D8AF-05A7-4FDB-9237-91E103C27EAF}
	EndProjectSection
EndProject
Project("{8BC9CEB8-8B4A-11D0-8D11-00A0C91BC942}") = "HPPLogViewer", "SpywarePlus\HomePageProtectionLogViewer\HPPLogViewer.vcproj", "{D7A483BC-BC17-4039-B4ED-93BC6A400C10}"
	ProjectSection(ProjectDependencies) = postProject
		{98E6D8AF-05A7-4FDB-9237-91E103C27EAF} = {98E6D8AF-05A7-4FDB-9237-91E103C27EAF}
		{1B1D3ADF-E58C-43A8-B225-C485EA7D7502} = {1B1D3ADF-E58C-43A8-B225-C485EA7D7502}
	EndProjectSection
EndProject
Project("{8BC9CEB8-8B4A-11D0-8D11-00A0C91BC942}") = "HPPScriptableObj", "SpywarePlus\HomePageProtectionScriptableObj\HomePageProtectionScriptableObj.vcproj", "{2853A75A-785E-4A82-9013-F4255993F653}"
	ProjectSection(ProjectDependencies) = postProject
		{98E6D8AF-05A7-4FDB-9237-91E103C27EAF} = {98E6D8AF-05A7-4FDB-9237-91E103C27EAF}
	EndProjectSection
EndProject
Project("{8BC9CEB8-8B4A-11D0-8D11-00A0C91BC942}") = "NavShellExtEx", "UI\NavShellExtEx\NavShellExtEx.vcproj", "{4AEA016D-2671-4005-A65C-8DB4C8FAA849}"
	ProjectSection(ProjectDependencies) = postProject
		{8D99ED64-B212-4947-BCDA-0EF32E81C471} = {8D99ED64-B212-4947-BCDA-0EF32E81C471}
	EndProjectSection
EndProject
Project("{8BC9CEB8-8B4A-11D0-8D11-00A0C91BC942}") = "NavShellExtHelper", "UI\NavShellExtHelper\NavShellExtHelper.vcproj", "{F9D96C7C-50D3-48A2-87BB-53B61CBA8AEB}"
	ProjectSection(ProjectDependencies) = postProject
		{C4B23CB1-627C-479A-8C7D-9B95B015C88E} = {C4B23CB1-627C-479A-8C7D-9B95B015C88E}
	EndProjectSection
EndProject
Project("{8BC9CEB8-8B4A-11D0-8D11-00A0C91BC942}") = "NavShellExtHelperPS", "UI\NavShellExtHelper\NavShellExtHelperPS.vcproj", "{8D99ED64-B212-4947-BCDA-0EF32E81C471}"
	ProjectSection(ProjectDependencies) = postProject
		{F9D96C7C-50D3-48A2-87BB-53B61CBA8AEB} = {F9D96C7C-50D3-48A2-87BB-53B61CBA8AEB}
	EndProjectSection
EndProject
Project("{8BC9CEB8-8B4A-11D0-8D11-00A0C91BC942}") = "NAVPwd", "Engine\NAVPwd\ccPasswd.vcproj", "{D5751F3C-D2D7-4539-9C15-827921E03D8C}"
	ProjectSection(ProjectDependencies) = postProject
	EndProjectSection
EndProject
Project("{8BC9CEB8-8B4A-11D0-8D11-00A0C91BC942}") = "NAVSuiteOwnerXL1.8", "Licensing\SuiteOwners\NAVSuiteOwnerXL1.8\NAVSuiteOwnerXL1.8.vcproj", "{B2C42DFE-F79F-4A2E-8152-CA771DD7D083}"
	ProjectSection(ProjectDependencies) = postProject
	EndProjectSection
EndProject
Project("{8BC9CEB8-8B4A-11D0-8D11-00A0C91BC942}") = "V2ResourceDLL_NAV", "Licensing\V2ResourceDll_NAV\V2ResourceDll_NAV.vcproj", "{1F80F276-DDB4-48D7-8C1A-CEA770B73A85}"
	ProjectSection(ProjectDependencies) = postProject
	EndProjectSection
EndProject
Project("{8BC9CEB8-8B4A-11D0-8D11-00A0C91BC942}") = "NAVOptRefresh_NOAS", "Engine\NAVOptRefreshNOAS\NAVOptRefresh_NOAS.vcproj", "{8967F456-9AAF-4D3D-B481-1BC7E86B83C1}"
	ProjectSection(ProjectDependencies) = postProject
		{0353A113-1B33-46E5-AA6C-82BC280EDABD} = {0353A113-1B33-46E5-AA6C-82BC280EDABD}
		{3C71DA25-FFE3-4E5C-B287-CF398F8C4B08} = {3C71DA25-FFE3-4E5C-B287-CF398F8C4B08}
	EndProjectSection
EndProject
Project("{8BC9CEB8-8B4A-11D0-8D11-00A0C91BC942}") = "V2ResourceDLL_NAVNOAS", "Licensing\V2ResourceDll_NAVNOAS\V2ResourceDll_NAVNOAS.vcproj", "{5FEBE022-1BB8-4D51-A4D1-CBAD04476374}"
	ProjectSection(ProjectDependencies) = postProject
	EndProjectSection
EndProject
Global
	GlobalSection(SolutionConfiguration) = preSolution
		Debug = Debug
		Release = Release
	EndGlobalSection
	GlobalSection(ProjectConfiguration) = postSolution
		{157B2968-2AD6-4251-BA01-6F4FF162FC1B}.Debug.ActiveCfg = Debug|Win32
		{157B2968-2AD6-4251-BA01-6F4FF162FC1B}.Debug.Build.0 = Debug|Win32
		{157B2968-2AD6-4251-BA01-6F4FF162FC1B}.Release.ActiveCfg = Release|Win32
		{157B2968-2AD6-4251-BA01-6F4FF162FC1B}.Release.Build.0 = Release|Win32
		{C1CA7CBD-E193-41E6-ACD9-E1DF71218C3B}.Debug.ActiveCfg = Debug|Win32
		{C1CA7CBD-E193-41E6-ACD9-E1DF71218C3B}.Debug.Build.0 = Debug|Win32
		{C1CA7CBD-E193-41E6-ACD9-E1DF71218C3B}.Release.ActiveCfg = Release|Win32
		{C1CA7CBD-E193-41E6-ACD9-E1DF71218C3B}.Release.Build.0 = Release|Win32
		{0F467156-780B-43EF-969F-B7981142D028}.Debug.ActiveCfg = Debug|Win32
		{0F467156-780B-43EF-969F-B7981142D028}.Debug.Build.0 = Debug|Win32
		{0F467156-780B-43EF-969F-B7981142D028}.Release.ActiveCfg = Release|Win32
		{0F467156-780B-43EF-969F-B7981142D028}.Release.Build.0 = Release|Win32
		{96C42F02-566F-4ED5-8DD8-19186D84ABB8}.Debug.ActiveCfg = Debug|Win32
		{96C42F02-566F-4ED5-8DD8-19186D84ABB8}.Debug.Build.0 = Debug|Win32
		{96C42F02-566F-4ED5-8DD8-19186D84ABB8}.Release.ActiveCfg = Release|Win32
		{96C42F02-566F-4ED5-8DD8-19186D84ABB8}.Release.Build.0 = Release|Win32
		{AC603794-88D6-4101-8B00-FE72FA954746}.Debug.ActiveCfg = Debug|Win32
		{AC603794-88D6-4101-8B00-FE72FA954746}.Debug.Build.0 = Debug|Win32
		{AC603794-88D6-4101-8B00-FE72FA954746}.Release.ActiveCfg = Release|Win32
		{AC603794-88D6-4101-8B00-FE72FA954746}.Release.Build.0 = Release|Win32
		{C4B23CB1-627C-479A-8C7D-9B95B015C88E}.Debug.ActiveCfg = Debug|Win32
		{C4B23CB1-627C-479A-8C7D-9B95B015C88E}.Debug.Build.0 = Debug|Win32
		{C4B23CB1-627C-479A-8C7D-9B95B015C88E}.Release.ActiveCfg = Release|Win32
		{C4B23CB1-627C-479A-8C7D-9B95B015C88E}.Release.Build.0 = Release|Win32
		{55F4E3C8-D99A-44F3-8D20-E62021074105}.Debug.ActiveCfg = Debug|Win32
		{55F4E3C8-D99A-44F3-8D20-E62021074105}.Debug.Build.0 = Debug|Win32
		{55F4E3C8-D99A-44F3-8D20-E62021074105}.Release.ActiveCfg = Release|Win32
		{55F4E3C8-D99A-44F3-8D20-E62021074105}.Release.Build.0 = Release|Win32
		{3C71DA25-FFE3-4E5C-B287-CF398F8C4B08}.Debug.ActiveCfg = Debug|Win32
		{3C71DA25-FFE3-4E5C-B287-CF398F8C4B08}.Debug.Build.0 = Debug|Win32
		{3C71DA25-FFE3-4E5C-B287-CF398F8C4B08}.Release.ActiveCfg = Release|Win32
		{3C71DA25-FFE3-4E5C-B287-CF398F8C4B08}.Release.Build.0 = Release|Win32
		{D532C337-8F1E-4D0D-A808-3B0E35260C6D}.Debug.ActiveCfg = Debug|Win32
		{D532C337-8F1E-4D0D-A808-3B0E35260C6D}.Debug.Build.0 = Debug|Win32
		{D532C337-8F1E-4D0D-A808-3B0E35260C6D}.Release.ActiveCfg = Release|Win32
		{D532C337-8F1E-4D0D-A808-3B0E35260C6D}.Release.Build.0 = Release|Win32
		{F663A7D5-ED85-4F76-A7F2-78E6165C7392}.Debug.ActiveCfg = Debug|Win32
		{F663A7D5-ED85-4F76-A7F2-78E6165C7392}.Debug.Build.0 = Debug|Win32
		{F663A7D5-ED85-4F76-A7F2-78E6165C7392}.Release.ActiveCfg = Release|Win32
		{F663A7D5-ED85-4F76-A7F2-78E6165C7392}.Release.Build.0 = Release|Win32
		{EC0CD07F-FF25-4EF6-BCA1-8BD7ED199FDE}.Debug.ActiveCfg = Debug|Win32
		{EC0CD07F-FF25-4EF6-BCA1-8BD7ED199FDE}.Debug.Build.0 = Debug|Win32
		{EC0CD07F-FF25-4EF6-BCA1-8BD7ED199FDE}.Release.ActiveCfg = Release|Win32
		{EC0CD07F-FF25-4EF6-BCA1-8BD7ED199FDE}.Release.Build.0 = Release|Win32
		{1B1D3ADF-E58C-43A8-B225-C485EA7D7502}.Debug.ActiveCfg = Debug|Win32
		{1B1D3ADF-E58C-43A8-B225-C485EA7D7502}.Debug.Build.0 = Debug|Win32
		{1B1D3ADF-E58C-43A8-B225-C485EA7D7502}.Release.ActiveCfg = Release|Win32
		{1B1D3ADF-E58C-43A8-B225-C485EA7D7502}.Release.Build.0 = Release|Win32
		{F25042F4-A3FC-4237-863D-FF9ABFE99EC1}.Debug.ActiveCfg = Debug|Win32
		{F25042F4-A3FC-4237-863D-FF9ABFE99EC1}.Debug.Build.0 = Debug|Win32
		{F25042F4-A3FC-4237-863D-FF9ABFE99EC1}.Release.ActiveCfg = Release|Win32
		{F25042F4-A3FC-4237-863D-FF9ABFE99EC1}.Release.Build.0 = Release|Win32
		{BF254CC3-187D-415C-9224-6E0FAE7DC033}.Debug.ActiveCfg = Debug|Win32
		{BF254CC3-187D-415C-9224-6E0FAE7DC033}.Debug.Build.0 = Debug|Win32
		{BF254CC3-187D-415C-9224-6E0FAE7DC033}.Release.ActiveCfg = Release|Win32
		{BF254CC3-187D-415C-9224-6E0FAE7DC033}.Release.Build.0 = Release|Win32
		{8EC72A50-AB06-4DEB-AB4D-82DE29A95C19}.Debug.ActiveCfg = Debug|Win32
		{8EC72A50-AB06-4DEB-AB4D-82DE29A95C19}.Debug.Build.0 = Debug|Win32
		{8EC72A50-AB06-4DEB-AB4D-82DE29A95C19}.Release.ActiveCfg = Release|Win32
		{8EC72A50-AB06-4DEB-AB4D-82DE29A95C19}.Release.Build.0 = Release|Win32
		{4E82BE1E-17EA-419D-8460-62A081B25776}.Debug.ActiveCfg = Debug|Win32
		{4E82BE1E-17EA-419D-8460-62A081B25776}.Debug.Build.0 = Debug|Win32
		{4E82BE1E-17EA-419D-8460-62A081B25776}.Release.ActiveCfg = Release|Win32
		{4E82BE1E-17EA-419D-8460-62A081B25776}.Release.Build.0 = Release|Win32
		{E157661A-A40C-4322-90EB-227B36908178}.Debug.ActiveCfg = Debug|Win32
		{E157661A-A40C-4322-90EB-227B36908178}.Debug.Build.0 = Debug|Win32
		{E157661A-A40C-4322-90EB-227B36908178}.Release.ActiveCfg = Release|Win32
		{E157661A-A40C-4322-90EB-227B36908178}.Release.Build.0 = Release|Win32
		{D8B91D76-EDB8-42D0-875F-0558E8B4F23D}.Debug.ActiveCfg = Debug|Win32
		{D8B91D76-EDB8-42D0-875F-0558E8B4F23D}.Debug.Build.0 = Debug|Win32
		{D8B91D76-EDB8-42D0-875F-0558E8B4F23D}.Release.ActiveCfg = Release|Win32
		{D8B91D76-EDB8-42D0-875F-0558E8B4F23D}.Release.Build.0 = Release|Win32
		{48FF9847-290F-4F64-98F5-766330ED40D9}.Debug.ActiveCfg = Debug|Win32
		{48FF9847-290F-4F64-98F5-766330ED40D9}.Debug.Build.0 = Debug|Win32
		{48FF9847-290F-4F64-98F5-766330ED40D9}.Release.ActiveCfg = Release|Win32
		{48FF9847-290F-4F64-98F5-766330ED40D9}.Release.Build.0 = Release|Win32
		{0353A113-1B33-46E5-AA6C-82BC280EDABD}.Debug.ActiveCfg = Debug|Win32
		{0353A113-1B33-46E5-AA6C-82BC280EDABD}.Debug.Build.0 = Debug|Win32
		{0353A113-1B33-46E5-AA6C-82BC280EDABD}.Release.ActiveCfg = Release|Win32
		{0353A113-1B33-46E5-AA6C-82BC280EDABD}.Release.Build.0 = Release|Win32
		{464E1C10-4197-4BD2-BE66-7042A249E6BD}.Debug.ActiveCfg = Debug|Win32
		{464E1C10-4197-4BD2-BE66-7042A249E6BD}.Debug.Build.0 = Debug|Win32
		{464E1C10-4197-4BD2-BE66-7042A249E6BD}.Release.ActiveCfg = Release|Win32
		{464E1C10-4197-4BD2-BE66-7042A249E6BD}.Release.Build.0 = Release|Win32
		{6C93579B-E8F6-4042-9836-0C40CB776A96}.Debug.ActiveCfg = Debug|Win32
		{6C93579B-E8F6-4042-9836-0C40CB776A96}.Debug.Build.0 = Debug|Win32
		{6C93579B-E8F6-4042-9836-0C40CB776A96}.Release.ActiveCfg = Release|Win32
		{6C93579B-E8F6-4042-9836-0C40CB776A96}.Release.Build.0 = Release|Win32
		{FCBA99BE-7D79-4779-878D-4C8C485D61CB}.Debug.ActiveCfg = Debug|Win32
		{FCBA99BE-7D79-4779-878D-4C8C485D61CB}.Debug.Build.0 = Debug|Win32
		{FCBA99BE-7D79-4779-878D-4C8C485D61CB}.Release.ActiveCfg = Release|Win32
		{FCBA99BE-7D79-4779-878D-4C8C485D61CB}.Release.Build.0 = Release|Win32
		{807ABB5F-C061-4D0E-8EE1-575C6E40E109}.Debug.ActiveCfg = Debug|Win32
		{807ABB5F-C061-4D0E-8EE1-575C6E40E109}.Debug.Build.0 = Debug|Win32
		{807ABB5F-C061-4D0E-8EE1-575C6E40E109}.Release.ActiveCfg = Release|Win32
		{807ABB5F-C061-4D0E-8EE1-575C6E40E109}.Release.Build.0 = Release|Win32
		{695DF143-2165-463F-929F-C51E6CD29662}.Debug.ActiveCfg = Debug|Win32
		{695DF143-2165-463F-929F-C51E6CD29662}.Debug.Build.0 = Debug|Win32
		{695DF143-2165-463F-929F-C51E6CD29662}.Release.ActiveCfg = Release|Win32
		{695DF143-2165-463F-929F-C51E6CD29662}.Release.Build.0 = Release|Win32
		{AD33427D-4613-4D91-9551-B0173F8B3273}.Debug.ActiveCfg = Debug|Win32
		{AD33427D-4613-4D91-9551-B0173F8B3273}.Debug.Build.0 = Debug|Win32
		{AD33427D-4613-4D91-9551-B0173F8B3273}.Release.ActiveCfg = Release|Win32
		{AD33427D-4613-4D91-9551-B0173F8B3273}.Release.Build.0 = Release|Win32
		{2F352C4A-D75D-4EBA-9D4D-92A603151DF9}.Debug.ActiveCfg = Debug|Win32
		{2F352C4A-D75D-4EBA-9D4D-92A603151DF9}.Debug.Build.0 = Debug|Win32
		{2F352C4A-D75D-4EBA-9D4D-92A603151DF9}.Release.ActiveCfg = Release|Win32
		{2F352C4A-D75D-4EBA-9D4D-92A603151DF9}.Release.Build.0 = Release|Win32
		{4B1DFC83-911D-4387-8F75-D4860FE3BED4}.Debug.ActiveCfg = Debug|Win32
		{4B1DFC83-911D-4387-8F75-D4860FE3BED4}.Debug.Build.0 = Debug|Win32
		{4B1DFC83-911D-4387-8F75-D4860FE3BED4}.Release.ActiveCfg = Release|Win32
		{4B1DFC83-911D-4387-8F75-D4860FE3BED4}.Release.Build.0 = Release|Win32
		{90AD16C4-EEF2-4532-82B5-C7532461C44C}.Debug.ActiveCfg = Debug|Win32
		{90AD16C4-EEF2-4532-82B5-C7532461C44C}.Debug.Build.0 = Debug|Win32
		{90AD16C4-EEF2-4532-82B5-C7532461C44C}.Release.ActiveCfg = Release|Win32
		{90AD16C4-EEF2-4532-82B5-C7532461C44C}.Release.Build.0 = Release|Win32
		{98E6D8AF-05A7-4FDB-9237-91E103C27EAF}.Debug.ActiveCfg = Debug|Win32
		{98E6D8AF-05A7-4FDB-9237-91E103C27EAF}.Debug.Build.0 = Debug|Win32
		{98E6D8AF-05A7-4FDB-9237-91E103C27EAF}.Release.ActiveCfg = Release|Win32
		{98E6D8AF-05A7-4FDB-9237-91E103C27EAF}.Release.Build.0 = Release|Win32
		{65217443-52F8-4336-967F-36CC419339AA}.Debug.ActiveCfg = Debug|Win32
		{65217443-52F8-4336-967F-36CC419339AA}.Debug.Build.0 = Debug|Win32
		{65217443-52F8-4336-967F-36CC419339AA}.Release.ActiveCfg = Release|Win32
		{65217443-52F8-4336-967F-36CC419339AA}.Release.Build.0 = Release|Win32
		{E01D7274-4128-4ADC-B825-8FDBC65D4813}.Debug.ActiveCfg = Debug|Win32
		{E01D7274-4128-4ADC-B825-8FDBC65D4813}.Debug.Build.0 = Debug|Win32
		{E01D7274-4128-4ADC-B825-8FDBC65D4813}.Release.ActiveCfg = Release|Win32
		{E01D7274-4128-4ADC-B825-8FDBC65D4813}.Release.Build.0 = Release|Win32
		{583458BB-8A1E-43EA-809B-C00718AFEF81}.Debug.ActiveCfg = Debug|Win32
		{583458BB-8A1E-43EA-809B-C00718AFEF81}.Debug.Build.0 = Debug|Win32
		{583458BB-8A1E-43EA-809B-C00718AFEF81}.Release.ActiveCfg = Release|Win32
		{583458BB-8A1E-43EA-809B-C00718AFEF81}.Release.Build.0 = Release|Win32
		{0A0A2C52-07F9-4AD3-82D8-5532221C885B}.Debug.ActiveCfg = Debug|Win32
		{0A0A2C52-07F9-4AD3-82D8-5532221C885B}.Debug.Build.0 = Debug|Win32
		{0A0A2C52-07F9-4AD3-82D8-5532221C885B}.Release.ActiveCfg = Release|Win32
		{0A0A2C52-07F9-4AD3-82D8-5532221C885B}.Release.Build.0 = Release|Win32
		{C41EB0B0-BBCB-432B-97DE-61C5D5A0C4E2}.Debug.ActiveCfg = Debug|Win32
		{C41EB0B0-BBCB-432B-97DE-61C5D5A0C4E2}.Debug.Build.0 = Debug|Win32
		{C41EB0B0-BBCB-432B-97DE-61C5D5A0C4E2}.Release.ActiveCfg = Release|Win32
		{C41EB0B0-BBCB-432B-97DE-61C5D5A0C4E2}.Release.Build.0 = Release|Win32
		{40626FCE-3CAF-413A-BEB6-8A0E655F06CA}.Debug.ActiveCfg = Debug|Win32
		{40626FCE-3CAF-413A-BEB6-8A0E655F06CA}.Debug.Build.0 = Debug|Win32
		{40626FCE-3CAF-413A-BEB6-8A0E655F06CA}.Release.ActiveCfg = Release|Win32
		{40626FCE-3CAF-413A-BEB6-8A0E655F06CA}.Release.Build.0 = Release|Win32
		{666548F6-8668-4BF6-949A-2BFDDF5111EE}.Debug.ActiveCfg = Debug|Win32
		{666548F6-8668-4BF6-949A-2BFDDF5111EE}.Debug.Build.0 = Debug|Win32
		{666548F6-8668-4BF6-949A-2BFDDF5111EE}.Release.ActiveCfg = Release|Win32
		{666548F6-8668-4BF6-949A-2BFDDF5111EE}.Release.Build.0 = Release|Win32
		{FFDDD02F-3D68-446E-9E74-2F9925D4EFD0}.Debug.ActiveCfg = Debug|Win32
		{FFDDD02F-3D68-446E-9E74-2F9925D4EFD0}.Debug.Build.0 = Debug|Win32
		{FFDDD02F-3D68-446E-9E74-2F9925D4EFD0}.Release.ActiveCfg = Release|Win32
		{FFDDD02F-3D68-446E-9E74-2F9925D4EFD0}.Release.Build.0 = Release|Win32
		{6AFBCB78-30CF-4E2A-999D-6A306A5530D0}.Debug.ActiveCfg = Debug|Win32
		{6AFBCB78-30CF-4E2A-999D-6A306A5530D0}.Debug.Build.0 = Debug|Win32
		{6AFBCB78-30CF-4E2A-999D-6A306A5530D0}.Release.ActiveCfg = Release|Win32
		{6AFBCB78-30CF-4E2A-999D-6A306A5530D0}.Release.Build.0 = Release|Win32
		{6A8383F0-6049-4679-BE6B-E6A718D19133}.Debug.ActiveCfg = Debug|Win32
		{6A8383F0-6049-4679-BE6B-E6A718D19133}.Debug.Build.0 = Debug|Win32
		{6A8383F0-6049-4679-BE6B-E6A718D19133}.Release.ActiveCfg = Release|Win32
		{6A8383F0-6049-4679-BE6B-E6A718D19133}.Release.Build.0 = Release|Win32
		{7EC83737-F86C-4E19-8DCA-C43801B93917}.Debug.ActiveCfg = Debug|Win32
		{7EC83737-F86C-4E19-8DCA-C43801B93917}.Debug.Build.0 = Debug|Win32
		{7EC83737-F86C-4E19-8DCA-C43801B93917}.Release.ActiveCfg = Release|Win32
		{7EC83737-F86C-4E19-8DCA-C43801B93917}.Release.Build.0 = Release|Win32
		{3FBABDBD-713F-4A84-8FB4-8A5C533B51B5}.Debug.ActiveCfg = Debug|Win32
		{3FBABDBD-713F-4A84-8FB4-8A5C533B51B5}.Debug.Build.0 = Debug|Win32
		{3FBABDBD-713F-4A84-8FB4-8A5C533B51B5}.Release.ActiveCfg = Release|Win32
		{3FBABDBD-713F-4A84-8FB4-8A5C533B51B5}.Release.Build.0 = Release|Win32
		{099B10F2-0301-452F-BB35-513F95E5120F}.Debug.ActiveCfg = Debug|Win32
		{099B10F2-0301-452F-BB35-513F95E5120F}.Debug.Build.0 = Debug|Win32
		{099B10F2-0301-452F-BB35-513F95E5120F}.Release.ActiveCfg = Release|Win32
		{099B10F2-0301-452F-BB35-513F95E5120F}.Release.Build.0 = Release|Win32
		{7649A627-5E62-4469-886E-903E4F81E22A}.Debug.ActiveCfg = Debug|Win32
		{7649A627-5E62-4469-886E-903E4F81E22A}.Debug.Build.0 = Debug|Win32
		{7649A627-5E62-4469-886E-903E4F81E22A}.Release.ActiveCfg = Release|Win32
		{7649A627-5E62-4469-886E-903E4F81E22A}.Release.Build.0 = Release|Win32
		{4DC1E894-8474-494F-97BD-9F5166EAEB40}.Debug.ActiveCfg = Debug|Win32
		{4DC1E894-8474-494F-97BD-9F5166EAEB40}.Debug.Build.0 = Debug|Win32
		{4DC1E894-8474-494F-97BD-9F5166EAEB40}.Release.ActiveCfg = Release|Win32
		{4DC1E894-8474-494F-97BD-9F5166EAEB40}.Release.Build.0 = Release|Win32
		{BB39EC68-4442-4287-A44F-249D0F0AF0DD}.Debug.ActiveCfg = Debug|Win32
		{BB39EC68-4442-4287-A44F-249D0F0AF0DD}.Debug.Build.0 = Debug|Win32
		{BB39EC68-4442-4287-A44F-249D0F0AF0DD}.Release.ActiveCfg = Release|Win32
		{BB39EC68-4442-4287-A44F-249D0F0AF0DD}.Release.Build.0 = Release|Win32
		{7C633437-679B-4E77-BADB-92023B794D3D}.Debug.ActiveCfg = Debug|Win32
		{7C633437-679B-4E77-BADB-92023B794D3D}.Debug.Build.0 = Debug|Win32
		{7C633437-679B-4E77-BADB-92023B794D3D}.Release.ActiveCfg = Release|Win32
		{7C633437-679B-4E77-BADB-92023B794D3D}.Release.Build.0 = Release|Win32
		{42FFDF4F-1763-4F23-B379-598F848E0CC0}.Debug.ActiveCfg = Debug|Win32
		{42FFDF4F-1763-4F23-B379-598F848E0CC0}.Debug.Build.0 = Debug|Win32
		{42FFDF4F-1763-4F23-B379-598F848E0CC0}.Release.ActiveCfg = Release|Win32
		{42FFDF4F-1763-4F23-B379-598F848E0CC0}.Release.Build.0 = Release|Win32
		{8DEB4701-C84E-4368-ADF1-80323A6956CD}.Debug.ActiveCfg = Debug|Win32
		{8DEB4701-C84E-4368-ADF1-80323A6956CD}.Debug.Build.0 = Debug|Win32
		{8DEB4701-C84E-4368-ADF1-80323A6956CD}.Release.ActiveCfg = Release|Win32
		{8DEB4701-C84E-4368-ADF1-80323A6956CD}.Release.Build.0 = Release|Win32
		{E913088D-EC8F-438D-AE39-C9E9146DFA54}.Debug.ActiveCfg = Debug Licensed NAV SuiteChild|Win32
		{E913088D-EC8F-438D-AE39-C9E9146DFA54}.Debug.Build.0 = Debug Licensed NAV SuiteChild|Win32
		{E913088D-EC8F-438D-AE39-C9E9146DFA54}.Release.ActiveCfg = Release Licensed NAV SuiteChild|Win32
		{E913088D-EC8F-438D-AE39-C9E9146DFA54}.Release.Build.0 = Release Licensed NAV SuiteChild|Win32
		{75D10F9B-E0C0-44E8-B425-C54B3CE3576B}.Debug.ActiveCfg = ReleaseXL_XL|Win32
		{75D10F9B-E0C0-44E8-B425-C54B3CE3576B}.Debug.Build.0 = ReleaseXL_XL|Win32
		{75D10F9B-E0C0-44E8-B425-C54B3CE3576B}.Release.ActiveCfg = ReleaseXL_XL|Win32
		{75D10F9B-E0C0-44E8-B425-C54B3CE3576B}.Release.Build.0 = ReleaseXL_XL|Win32
		{63189BA0-430B-4F34-8E93-0C8A08BFC2B8}.Debug.ActiveCfg = Debug|Win32
		{63189BA0-430B-4F34-8E93-0C8A08BFC2B8}.Debug.Build.0 = Debug|Win32
		{63189BA0-430B-4F34-8E93-0C8A08BFC2B8}.Release.ActiveCfg = Release|Win32
		{63189BA0-430B-4F34-8E93-0C8A08BFC2B8}.Release.Build.0 = Release|Win32
		{7BADAD9E-4A70-4615-AA35-89A737FC84C9}.Debug.ActiveCfg = Debug|Win32
		{7BADAD9E-4A70-4615-AA35-89A737FC84C9}.Debug.Build.0 = Debug|Win32
		{7BADAD9E-4A70-4615-AA35-89A737FC84C9}.Release.ActiveCfg = Release|Win32
		{7BADAD9E-4A70-4615-AA35-89A737FC84C9}.Release.Build.0 = Release|Win32
		{D0F4751F-7818-4116-B792-0EA7731CC9B1}.Debug.ActiveCfg = Debug|Win32
		{D0F4751F-7818-4116-B792-0EA7731CC9B1}.Debug.Build.0 = Debug|Win32
		{D0F4751F-7818-4116-B792-0EA7731CC9B1}.Release.ActiveCfg = Release|Win32
		{D0F4751F-7818-4116-B792-0EA7731CC9B1}.Release.Build.0 = Release|Win32
		{ED6C2B63-017F-41EB-AAC4-E8B04ABA9656}.Debug.ActiveCfg = Debug|Win32
		{ED6C2B63-017F-41EB-AAC4-E8B04ABA9656}.Debug.Build.0 = Debug|Win32
		{ED6C2B63-017F-41EB-AAC4-E8B04ABA9656}.Release.ActiveCfg = Release|Win32
		{ED6C2B63-017F-41EB-AAC4-E8B04ABA9656}.Release.Build.0 = Release|Win32
		{6E1825B3-E967-4389-8013-80066793F65F}.Debug.ActiveCfg = Debug|Win32
		{6E1825B3-E967-4389-8013-80066793F65F}.Debug.Build.0 = Debug|Win32
		{6E1825B3-E967-4389-8013-80066793F65F}.Release.ActiveCfg = Release|Win32
		{6E1825B3-E967-4389-8013-80066793F65F}.Release.Build.0 = Release|Win32
		{E21FC94F-886C-4DB1-BEA7-2C6FD509D780}.Debug.ActiveCfg = Debug|Win32
		{E21FC94F-886C-4DB1-BEA7-2C6FD509D780}.Debug.Build.0 = Debug|Win32
		{E21FC94F-886C-4DB1-BEA7-2C6FD509D780}.Release.ActiveCfg = Release|Win32
		{E21FC94F-886C-4DB1-BEA7-2C6FD509D780}.Release.Build.0 = Release|Win32
		{70AB2CAE-F91D-45B4-994A-BE1274AAAFBE}.Debug.ActiveCfg = Debug|Win32
		{70AB2CAE-F91D-45B4-994A-BE1274AAAFBE}.Debug.Build.0 = Debug|Win32
		{70AB2CAE-F91D-45B4-994A-BE1274AAAFBE}.Release.ActiveCfg = Release|Win32
		{70AB2CAE-F91D-45B4-994A-BE1274AAAFBE}.Release.Build.0 = Release|Win32
		{9306AE67-055B-4D45-B4C8-F105E87F2A5B}.Debug.ActiveCfg = Release Licensed Generic_ISP NOSPY|Win32
		{9306AE67-055B-4D45-B4C8-F105E87F2A5B}.Debug.Build.0 = Release Licensed Generic_ISP NOSPY|Win32
		{9306AE67-055B-4D45-B4C8-F105E87F2A5B}.Release.ActiveCfg = Release Licensed NAV|Win32
		{9306AE67-055B-4D45-B4C8-F105E87F2A5B}.Release.Build.0 = Release Licensed NAV|Win32
		{A9FF0B19-3136-4CF9-8DDA-9E7584A8028E}.Debug.ActiveCfg = Debug|Win32
		{A9FF0B19-3136-4CF9-8DDA-9E7584A8028E}.Debug.Build.0 = Debug|Win32
		{A9FF0B19-3136-4CF9-8DDA-9E7584A8028E}.Release.ActiveCfg = Release|Win32
		{A9FF0B19-3136-4CF9-8DDA-9E7584A8028E}.Release.Build.0 = Release|Win32
		{150134CC-4E56-490D-A264-513120503CB0}.Debug.ActiveCfg = Debug|Win32
		{150134CC-4E56-490D-A264-513120503CB0}.Debug.Build.0 = Debug|Win32
		{150134CC-4E56-490D-A264-513120503CB0}.Release.ActiveCfg = Release|Win32
		{150134CC-4E56-490D-A264-513120503CB0}.Release.Build.0 = Release|Win32
		{7F86C421-A434-4AC6-A70F-EBFF07B5D669}.Debug.ActiveCfg = Debug|Win32
		{7F86C421-A434-4AC6-A70F-EBFF07B5D669}.Debug.Build.0 = Debug|Win32
		{7F86C421-A434-4AC6-A70F-EBFF07B5D669}.Release.ActiveCfg = Release|Win32
		{7F86C421-A434-4AC6-A70F-EBFF07B5D669}.Release.Build.0 = Release|Win32
		{7B796B00-0E36-4EA5-9A7B-581E603BF704}.Debug.ActiveCfg = Debug|Win32
		{7B796B00-0E36-4EA5-9A7B-581E603BF704}.Debug.Build.0 = Debug|Win32
		{7B796B00-0E36-4EA5-9A7B-581E603BF704}.Release.ActiveCfg = Release|Win32
		{7B796B00-0E36-4EA5-9A7B-581E603BF704}.Release.Build.0 = Release|Win32
		{0698932B-D295-44B5-8F0C-E858EB87A4A5}.Debug.ActiveCfg = Debug|Win32
		{0698932B-D295-44B5-8F0C-E858EB87A4A5}.Debug.Build.0 = Debug|Win32
		{0698932B-D295-44B5-8F0C-E858EB87A4A5}.Release.ActiveCfg = Release|Win32
		{0698932B-D295-44B5-8F0C-E858EB87A4A5}.Release.Build.0 = Release|Win32
		{45F113E8-5ACD-4CF5-B0E7-4FBBDE960B14}.Debug.ActiveCfg = Debug|Win32
		{45F113E8-5ACD-4CF5-B0E7-4FBBDE960B14}.Debug.Build.0 = Debug|Win32
		{45F113E8-5ACD-4CF5-B0E7-4FBBDE960B14}.Release.ActiveCfg = Release|Win32
		{45F113E8-5ACD-4CF5-B0E7-4FBBDE960B14}.Release.Build.0 = Release|Win32
		{5DD593AC-0084-4664-A425-9C1F2042869A}.Debug.ActiveCfg = Debug|Win32
		{5DD593AC-0084-4664-A425-9C1F2042869A}.Debug.Build.0 = Debug|Win32
		{5DD593AC-0084-4664-A425-9C1F2042869A}.Release.ActiveCfg = Release|Win32
		{5DD593AC-0084-4664-A425-9C1F2042869A}.Release.Build.0 = Release|Win32
		{861B6151-8C8D-4245-B5A9-6E5B8A0820AE}.Debug.ActiveCfg = Debug|Win32
		{861B6151-8C8D-4245-B5A9-6E5B8A0820AE}.Debug.Build.0 = Debug|Win32
		{861B6151-8C8D-4245-B5A9-6E5B8A0820AE}.Release.ActiveCfg = Release|Win32
		{861B6151-8C8D-4245-B5A9-6E5B8A0820AE}.Release.Build.0 = Release|Win32
		{223E4707-AC82-405D-9DD2-2EA1B43B1F58}.Debug.ActiveCfg = Debug|Win32
		{223E4707-AC82-405D-9DD2-2EA1B43B1F58}.Debug.Build.0 = Debug|Win32
		{223E4707-AC82-405D-9DD2-2EA1B43B1F58}.Release.ActiveCfg = Release|Win32
		{223E4707-AC82-405D-9DD2-2EA1B43B1F58}.Release.Build.0 = Release|Win32
		{B534908E-5337-4173-89B2-3AD5BD658E35}.Debug.ActiveCfg = Debug|Win32
		{B534908E-5337-4173-89B2-3AD5BD658E35}.Debug.Build.0 = Debug|Win32
		{B534908E-5337-4173-89B2-3AD5BD658E35}.Release.ActiveCfg = Release|Win32
		{B534908E-5337-4173-89B2-3AD5BD658E35}.Release.Build.0 = Release|Win32
		{D7A483BC-BC17-4039-B4ED-93BC6A400C10}.Debug.ActiveCfg = Debug|Win32
		{D7A483BC-BC17-4039-B4ED-93BC6A400C10}.Debug.Build.0 = Debug|Win32
		{D7A483BC-BC17-4039-B4ED-93BC6A400C10}.Release.ActiveCfg = Release|Win32
		{D7A483BC-BC17-4039-B4ED-93BC6A400C10}.Release.Build.0 = Release|Win32
		{2853A75A-785E-4A82-9013-F4255993F653}.Debug.ActiveCfg = Debug|Win32
		{2853A75A-785E-4A82-9013-F4255993F653}.Debug.Build.0 = Debug|Win32
		{2853A75A-785E-4A82-9013-F4255993F653}.Release.ActiveCfg = Release|Win32
		{2853A75A-785E-4A82-9013-F4255993F653}.Release.Build.0 = Release|Win32
		{4AEA016D-2671-4005-A65C-8DB4C8FAA849}.Debug.ActiveCfg = Debug|Win32
		{4AEA016D-2671-4005-A65C-8DB4C8FAA849}.Debug.Build.0 = Debug|Win32
		{4AEA016D-2671-4005-A65C-8DB4C8FAA849}.Release.ActiveCfg = Release|Win32
		{4AEA016D-2671-4005-A65C-8DB4C8FAA849}.Release.Build.0 = Release|Win32
		{F9D96C7C-50D3-48A2-87BB-53B61CBA8AEB}.Debug.ActiveCfg = Debug|Win32
		{F9D96C7C-50D3-48A2-87BB-53B61CBA8AEB}.Debug.Build.0 = Debug|Win32
		{F9D96C7C-50D3-48A2-87BB-53B61CBA8AEB}.Release.ActiveCfg = Release|Win32
		{F9D96C7C-50D3-48A2-87BB-53B61CBA8AEB}.Release.Build.0 = Release|Win32
		{8D99ED64-B212-4947-BCDA-0EF32E81C471}.Debug.ActiveCfg = Debug|Win32
		{8D99ED64-B212-4947-BCDA-0EF32E81C471}.Debug.Build.0 = Debug|Win32
		{8D99ED64-B212-4947-BCDA-0EF32E81C471}.Release.ActiveCfg = Release|Win32
		{8D99ED64-B212-4947-BCDA-0EF32E81C471}.Release.Build.0 = Release|Win32
		{D5751F3C-D2D7-4539-9C15-827921E03D8C}.Debug.ActiveCfg = Debug|Win32
		{D5751F3C-D2D7-4539-9C15-827921E03D8C}.Debug.Build.0 = Debug|Win32
		{D5751F3C-D2D7-4539-9C15-827921E03D8C}.Release.ActiveCfg = Release|Win32
		{D5751F3C-D2D7-4539-9C15-827921E03D8C}.Release.Build.0 = Release|Win32
		{B2C42DFE-F79F-4A2E-8152-CA771DD7D083}.Debug.ActiveCfg = Release AVSTE XL1.8|Win32
		{B2C42DFE-F79F-4A2E-8152-CA771DD7D083}.Debug.Build.0 = Release AVSTE XL1.8|Win32
		{B2C42DFE-F79F-4A2E-8152-CA771DD7D083}.Release.ActiveCfg = Release AVSTE XL1.8|Win32
		{B2C42DFE-F79F-4A2E-8152-CA771DD7D083}.Release.Build.0 = Release AVSTE XL1.8|Win32
		{1F80F276-DDB4-48D7-8C1A-CEA770B73A85}.Debug.ActiveCfg = Release|Win32
		{1F80F276-DDB4-48D7-8C1A-CEA770B73A85}.Debug.Build.0 = Release|Win32
		{1F80F276-DDB4-48D7-8C1A-CEA770B73A85}.Release.ActiveCfg = Release|Win32
		{1F80F276-DDB4-48D7-8C1A-CEA770B73A85}.Release.Build.0 = Release|Win32
		{8967F456-9AAF-4D3D-B481-1BC7E86B83C1}.Debug.ActiveCfg = Debug Licensed NAV SuiteChild|Win32
		{8967F456-9AAF-4D3D-B481-1BC7E86B83C1}.Debug.Build.0 = Debug Licensed NAV SuiteChild|Win32
		{8967F456-9AAF-4D3D-B481-1BC7E86B83C1}.Release.ActiveCfg = Release Licensed NAV SuiteChild|Win32
		{8967F456-9AAF-4D3D-B481-1BC7E86B83C1}.Release.Build.0 = Release Licensed NAV SuiteChild|Win32
		{5FEBE022-1BB8-4D51-A4D1-CBAD04476374}.Debug.ActiveCfg = Release|Win32
		{5FEBE022-1BB8-4D51-A4D1-CBAD04476374}.Debug.Build.0 = Release|Win32
		{5FEBE022-1BB8-4D51-A4D1-CBAD04476374}.Release.ActiveCfg = Release|Win32
		{5FEBE022-1BB8-4D51-A4D1-CBAD04476374}.Release.Build.0 = Release|Win32
	EndGlobalSection
	GlobalSection(SolutionItems) = postSolution
		include\OptNames.h = include\OptNames.h
	EndGlobalSection
	GlobalSection(ExtensibilityGlobals) = postSolution
	EndGlobalSection
	GlobalSection(ExtensibilityAddIns) = postSolution
	EndGlobalSection
	GlobalSection(DPCodeReviewSolutionGUID) = preSolution
		DPCodeReviewSolutionGUID = {00000000-0000-0000-0000-000000000000}
	EndGlobalSection
EndGlobal
