Microsoft Visual Studio Solution File, Format Version 8.00
Project("{8BC9CEB8-8B4A-11D0-8D11-00A0C91BC942}") = "NAVError", "NAVError.vcproj", "{65217443-52F8-4336-967F-36CC419339AA}"
	ProjectSection(ProjectDependencies) = postProject
	EndProjectSection
EndProject
Project("{8BC9CEB8-8B4A-11D0-8D11-00A0C91BC942}") = "NavErrorRes", "..\NavErrorRes\NavErrorRes.vcproj", "{5CCA9E1A-8C20-45A5-A840-6B86354C0A2C}"
	ProjectSection(ProjectDependencies) = postProject
	EndProjectSection
EndProject
Global
	GlobalSection(SourceCodeControl) = preSolution
		SccNumberOfProjects = 1
		SccProjectUniqueName0 = NAVError.vcproj
		SccProjectName0 = Perforce\u0020Project
		SccLocalPath0 = ..\\..
		SccProvider0 = MSSCCI:Perforce\u0020SCM
		SccProjectFilePathRelativizedFromConnection0 = Engine\\NAVError\\
	EndGlobalSection
	GlobalSection(SolutionConfiguration) = preSolution
		Debug = Debug
		Release = Release
	EndGlobalSection
	GlobalSection(ProjectConfiguration) = postSolution
		{65217443-52F8-4336-967F-36CC419339AA}.Debug.ActiveCfg = Debug|Win32
		{65217443-52F8-4336-967F-36CC419339AA}.Debug.Build.0 = Debug|Win32
		{65217443-52F8-4336-967F-36CC419339AA}.Release.ActiveCfg = Release|Win32
		{65217443-52F8-4336-967F-36CC419339AA}.Release.Build.0 = Release|Win32
		{5CCA9E1A-8C20-45A5-A840-6B86354C0A2C}.Debug.ActiveCfg = Debug|Win32
		{5CCA9E1A-8C20-45A5-A840-6B86354C0A2C}.Debug.Build.0 = Debug|Win32
		{5CCA9E1A-8C20-45A5-A840-6B86354C0A2C}.Release.ActiveCfg = Release|Win32
		{5CCA9E1A-8C20-45A5-A840-6B86354C0A2C}.Release.Build.0 = Release|Win32
	EndGlobalSection
	GlobalSection(ExtensibilityGlobals) = postSolution
	EndGlobalSection
	GlobalSection(ExtensibilityAddIns) = postSolution
	EndGlobalSection
EndGlobal
