Microsoft Visual Studio Solution File, Format Version 8.00
Project("{8BC9CEB8-8B4A-11D0-8D11-00A0C91BC942}") = "NAVLogV", "NAVLogV.vcproj", "{0434BF4F-03CE-4E2A-B44D-00A9FB91C2F0}"
	ProjectSection(ProjectDependencies) = postProject
	EndProjectSection
EndProject
Project("{8BC9CEB8-8B4A-11D0-8D11-00A0C91BC942}") = "NAVLogVRes", "..\NAVLogVRes\NAVLogVRes.vcproj", "{5CA723E5-A6B2-4278-86E4-E7618250169C}"
	ProjectSection(ProjectDependencies) = postProject
	EndProjectSection
EndProject
Global
	GlobalSection(SourceCodeControl) = preSolution
		SccNumberOfProjects = 1
		SccProjectUniqueName0 = NAVLogV.vcproj
		SccProjectName0 = Perforce\u0020Project
		SccLocalPath0 = ..\\..
		SccProvider0 = MSSCCI:Perforce\u0020SCM
		SccProjectFilePathRelativizedFromConnection0 = UI\\NAVLogV\\
	EndGlobalSection
	GlobalSection(SolutionConfiguration) = preSolution
		Debug = Debug
		Release = Release
	EndGlobalSection
	GlobalSection(ProjectConfiguration) = postSolution
		{0434BF4F-03CE-4E2A-B44D-00A9FB91C2F0}.Debug.ActiveCfg = Debug|Win32
		{0434BF4F-03CE-4E2A-B44D-00A9FB91C2F0}.Debug.Build.0 = Debug|Win32
		{0434BF4F-03CE-4E2A-B44D-00A9FB91C2F0}.Release.ActiveCfg = Release|Win32
		{0434BF4F-03CE-4E2A-B44D-00A9FB91C2F0}.Release.Build.0 = Release|Win32
		{5CA723E5-A6B2-4278-86E4-E7618250169C}.Debug.ActiveCfg = Debug|Win32
		{5CA723E5-A6B2-4278-86E4-E7618250169C}.Debug.Build.0 = Debug|Win32
		{5CA723E5-A6B2-4278-86E4-E7618250169C}.Release.ActiveCfg = Release|Win32
		{5CA723E5-A6B2-4278-86E4-E7618250169C}.Release.Build.0 = Release|Win32
	EndGlobalSection
	GlobalSection(ExtensibilityGlobals) = postSolution
	EndGlobalSection
	GlobalSection(ExtensibilityAddIns) = postSolution
	EndGlobalSection
EndGlobal
