Microsoft Visual Studio Solution File, Format Version 8.00
Project("{8BC9CEB8-8B4A-11D0-8D11-00A0C91BC942}") = "savMainCA", "savMainCA.vcproj", "{B7EC028B-F15F-4543-94ED-65200AF02794}"
	ProjectSection(ProjectDependencies) = postProject
	EndProjectSection
EndProject
Global
	GlobalSection(SourceCodeControl) = preSolution
		SccNumberOfProjects = 1
		SccProjectUniqueName0 = savMainCA.vcproj
		SccProjectName0 = \u0022//depot/Norton_AntiVirus/Corporate_Edition/Win32/trunk/src/Install/savMainCA\u0022
		SccLocalPath0 = .
		SccProvider0 = MSSCCI:Perforce\u0020SCM
		CanCheckoutShared = true
	EndGlobalSection
	GlobalSection(SolutionConfiguration) = preSolution
		Debug = Debug
		Release = Release
	EndGlobalSection
	GlobalSection(ProjectConfiguration) = postSolution
		{B7EC028B-F15F-4543-94ED-65200AF02794}.Debug.ActiveCfg = Debug|Win32
		{B7EC028B-F15F-4543-94ED-65200AF02794}.Debug.Build.0 = Debug|Win32
		{B7EC028B-F15F-4543-94ED-65200AF02794}.Release.ActiveCfg = Release|Win32
		{B7EC028B-F15F-4543-94ED-65200AF02794}.Release.Build.0 = Release|Win32
	EndGlobalSection
	GlobalSection(ExtensibilityGlobals) = postSolution
	EndGlobalSection
	GlobalSection(ExtensibilityAddIns) = postSolution
	EndGlobalSection
EndGlobal
