Microsoft Visual Studio Solution File, Format Version 8.00
Project("{8BC9CEB8-8B4A-11D0-8D11-00A0C91BC942}") = "SPTestSuite", "SPTestSuite.vcproj", "{2EBB5D62-34CC-4B78-9444-347A641554C7}"
	ProjectSection(ProjectDependencies) = postProject
	EndProjectSection
EndProject
Project("{8BC9CEB8-8B4A-11D0-8D11-00A0C91BC942}") = "AttackAll", "AttackAll\AttackAll.vcproj", "{A1A034EC-E097-4584-84DD-5B6953A69D5A}"
	ProjectSection(ProjectDependencies) = postProject
	EndProjectSection
EndProject
Global
	GlobalSection(SolutionConfiguration) = preSolution
		Debug = Debug
		Release = Release
	EndGlobalSection
	GlobalSection(ProjectConfiguration) = postSolution
		{2EBB5D62-34CC-4B78-9444-347A641554C7}.Debug.ActiveCfg = Debug|Win32
		{2EBB5D62-34CC-4B78-9444-347A641554C7}.Debug.Build.0 = Debug|Win32
		{2EBB5D62-34CC-4B78-9444-347A641554C7}.Release.ActiveCfg = Release|Win32
		{2EBB5D62-34CC-4B78-9444-347A641554C7}.Release.Build.0 = Release|Win32
		{A1A034EC-E097-4584-84DD-5B6953A69D5A}.Debug.ActiveCfg = Debug|Win32
		{A1A034EC-E097-4584-84DD-5B6953A69D5A}.Debug.Build.0 = Debug|Win32
		{A1A034EC-E097-4584-84DD-5B6953A69D5A}.Release.ActiveCfg = Release|Win32
		{A1A034EC-E097-4584-84DD-5B6953A69D5A}.Release.Build.0 = Release|Win32
	EndGlobalSection
	GlobalSection(ExtensibilityGlobals) = postSolution
	EndGlobalSection
	GlobalSection(ExtensibilityAddIns) = postSolution
	EndGlobalSection
EndGlobal
