Microsoft Visual Studio Solution File, Format Version 8.00
Project("{8BC9CEB8-8B4A-11D0-8D11-00A0C91BC942}") = "TestProbeGSE", "TestProbeGSE\TestProbeGSE.vcproj", "{93BE2F0C-605E-492F-8EB3-18568FDC3145}"
	ProjectSection(ProjectDependencies) = postProject
	EndProjectSection
EndProject
Project("{8BC9CEB8-8B4A-11D0-8D11-00A0C91BC942}") = "probeGSE", "probeGSE.vcproj", "{915CD26C-1DB2-4506-9035-BBDF2FB92890}"
	ProjectSection(ProjectDependencies) = postProject
	EndProjectSection
EndProject
Global
	GlobalSection(SolutionConfiguration) = preSolution
		Debug = Debug
		Release = Release
	EndGlobalSection
	GlobalSection(ProjectConfiguration) = postSolution
		{93BE2F0C-605E-492F-8EB3-18568FDC3145}.Debug.ActiveCfg = Debug|Win32
		{93BE2F0C-605E-492F-8EB3-18568FDC3145}.Debug.Build.0 = Debug|Win32
		{93BE2F0C-605E-492F-8EB3-18568FDC3145}.Release.ActiveCfg = Release|Win32
		{93BE2F0C-605E-492F-8EB3-18568FDC3145}.Release.Build.0 = Release|Win32
		{915CD26C-1DB2-4506-9035-BBDF2FB92890}.Debug.ActiveCfg = Debug|Win32
		{915CD26C-1DB2-4506-9035-BBDF2FB92890}.Debug.Build.0 = Debug|Win32
		{915CD26C-1DB2-4506-9035-BBDF2FB92890}.Release.ActiveCfg = Release|Win32
		{915CD26C-1DB2-4506-9035-BBDF2FB92890}.Release.Build.0 = Release|Win32
	EndGlobalSection
	GlobalSection(ExtensibilityGlobals) = postSolution
	EndGlobalSection
	GlobalSection(ExtensibilityAddIns) = postSolution
	EndGlobalSection
EndGlobal
