Microsoft Visual Studio Solution File, Format Version 8.00
Project("{8BC9CEB8-8B4A-11D0-8D11-00A0C91BC942}") = "navapsvc", "navapsvc.vcproj", "{42FFDF4F-1763-4F23-B379-598F848E0CC0}"
	ProjectSection(ProjectDependencies) = postProject
	EndProjectSection
EndProject
Project("{8BC9CEB8-8B4A-11D0-8D11-00A0C91BC942}") = "navapsvcres", "..\navapsvcres\navapsvcres.vcproj", "{AE2E54D9-5FCC-4F98-83FA-CAAE1FF6FDB7}"
	ProjectSection(ProjectDependencies) = postProject
	EndProjectSection
EndProject
Global
	GlobalSection(SourceCodeControl) = preSolution
		SccNumberOfProjects = 1
		SccProjectUniqueName0 = navapsvc.vcproj
		SccProjectName0 = Perforce\u0020Project
		SccLocalPath0 = .
		SccProvider0 = MSSCCI:Perforce\u0020SCM
	EndGlobalSection
	GlobalSection(SolutionConfiguration) = preSolution
		Debug = Debug
		Release = Release
	EndGlobalSection
	GlobalSection(ProjectConfiguration) = postSolution
		{42FFDF4F-1763-4F23-B379-598F848E0CC0}.Debug.ActiveCfg = Debug|Win32
		{42FFDF4F-1763-4F23-B379-598F848E0CC0}.Debug.Build.0 = Debug|Win32
		{42FFDF4F-1763-4F23-B379-598F848E0CC0}.Release.ActiveCfg = Release|Win32
		{42FFDF4F-1763-4F23-B379-598F848E0CC0}.Release.Build.0 = Release|Win32
		{AE2E54D9-5FCC-4F98-83FA-CAAE1FF6FDB7}.Debug.ActiveCfg = Debug|Win32
		{AE2E54D9-5FCC-4F98-83FA-CAAE1FF6FDB7}.Debug.Build.0 = Debug|Win32
		{AE2E54D9-5FCC-4F98-83FA-CAAE1FF6FDB7}.Release.ActiveCfg = Release|Win32
		{AE2E54D9-5FCC-4F98-83FA-CAAE1FF6FDB7}.Release.Build.0 = Release|Win32
	EndGlobalSection
	GlobalSection(ExtensibilityGlobals) = postSolution
	EndGlobalSection
	GlobalSection(ExtensibilityAddIns) = postSolution
	EndGlobalSection
EndGlobal
