Microsoft Visual Studio Solution File, Format Version 8.00
Project("{8BC9CEB8-8B4A-11D0-8D11-00A0C91BC942}") = "DJSMAR00", "..\..\..\..\DJSMAR00\DJSMAR00.vcproj", "{2C10B022-B955-46C3-B625-A5DCF058354C}"
	ProjectSection(ProjectDependencies) = postProject
	EndProjectSection
EndProject
Project("{8BC9CEB8-8B4A-11D0-8D11-00A0C91BC942}") = "OEMConfigWizardCore", "..\..\..\..\Core_Technology\LDVP_Shared\src\Common\OEM\OEMConfigWizardCore\OEMConfigWizardCore.vcproj", "{1FF1578D-F9D4-4996-B3C7-3439FA47E722}"
	ProjectSection(ProjectDependencies) = postProject
	EndProjectSection
EndProject
Project("{8BC9CEB8-8B4A-11D0-8D11-00A0C91BC942}") = "OEMConfigWizard", "..\..\..\..\Core_Technology\LDVP_Shared\src\Common\OEM\OEMConfigWizard\OEMConfigWizard.vcproj", "{2278C4A8-5A64-4165-8CA6-B8E25030EAE3}"
	ProjectSection(ProjectDependencies) = postProject
		{1FF1578D-F9D4-4996-B3C7-3439FA47E722} = {1FF1578D-F9D4-4996-B3C7-3439FA47E722}
	EndProjectSection
EndProject
Project("{8BC9CEB8-8B4A-11D0-8D11-00A0C91BC942}") = "Rtvscan", "Pscan\RTVScan\RTVScan.vcproj", "{3710A483-9DC2-4AD9-BF47-ED0582FD0AB9}"
	ProjectSection(ProjectDependencies) = postProject
	EndProjectSection
EndProject
Global
	GlobalSection(SolutionConfiguration) = preSolution
		Debug = Debug
		DebugLic = DebugLic
		DebugMD Unlicensed With LiveSubscribe = DebugMD Unlicensed With LiveSubscribe
		DebugScalability = DebugScalability
		Release = Release
		Release MinDependency = Release MinDependency
		Release MinSize = Release MinSize
		ReleaseLic = ReleaseLic
		ReleaseMD Unlicensed with LiveSubscribe = ReleaseMD Unlicensed with LiveSubscribe
		ReleaseScalability = ReleaseScalability
		Unicode Debug = Unicode Debug
		Unicode Release MinDependency = Unicode Release MinDependency
		Unicode Release MinSize = Unicode Release MinSize
	EndGlobalSection
	GlobalSection(ProjectConfiguration) = postSolution
		{2C10B022-B955-46C3-B625-A5DCF058354C}.Debug.ActiveCfg = DebugMD Unlicensed With LiveSubscribe|Win32
		{2C10B022-B955-46C3-B625-A5DCF058354C}.Debug.Build.0 = DebugMD Unlicensed With LiveSubscribe|Win32
		{2C10B022-B955-46C3-B625-A5DCF058354C}.DebugLic.ActiveCfg = DebugMD Unlicensed With LiveSubscribe|Win32
		{2C10B022-B955-46C3-B625-A5DCF058354C}.DebugLic.Build.0 = DebugMD Unlicensed With LiveSubscribe|Win32
		{2C10B022-B955-46C3-B625-A5DCF058354C}.DebugMD Unlicensed With LiveSubscribe.ActiveCfg = DebugMD Unlicensed With LiveSubscribe|Win32
		{2C10B022-B955-46C3-B625-A5DCF058354C}.DebugMD Unlicensed With LiveSubscribe.Build.0 = DebugMD Unlicensed With LiveSubscribe|Win32
		{2C10B022-B955-46C3-B625-A5DCF058354C}.DebugScalability.ActiveCfg = DebugMD Unlicensed With LiveSubscribe|Win32
		{2C10B022-B955-46C3-B625-A5DCF058354C}.DebugScalability.Build.0 = DebugMD Unlicensed With LiveSubscribe|Win32
		{2C10B022-B955-46C3-B625-A5DCF058354C}.Release.ActiveCfg = ReleaseMD Unlicensed with LiveSubscribe|Win32
		{2C10B022-B955-46C3-B625-A5DCF058354C}.Release.Build.0 = ReleaseMD Unlicensed with LiveSubscribe|Win32
		{2C10B022-B955-46C3-B625-A5DCF058354C}.Release MinDependency.ActiveCfg = ReleaseMD Unlicensed with LiveSubscribe|Win32
		{2C10B022-B955-46C3-B625-A5DCF058354C}.Release MinDependency.Build.0 = ReleaseMD Unlicensed with LiveSubscribe|Win32
		{2C10B022-B955-46C3-B625-A5DCF058354C}.Release MinSize.ActiveCfg = ReleaseMD Unlicensed with LiveSubscribe|Win32
		{2C10B022-B955-46C3-B625-A5DCF058354C}.Release MinSize.Build.0 = ReleaseMD Unlicensed with LiveSubscribe|Win32
		{2C10B022-B955-46C3-B625-A5DCF058354C}.ReleaseLic.ActiveCfg = ReleaseMD Unlicensed with LiveSubscribe|Win32
		{2C10B022-B955-46C3-B625-A5DCF058354C}.ReleaseLic.Build.0 = ReleaseMD Unlicensed with LiveSubscribe|Win32
		{2C10B022-B955-46C3-B625-A5DCF058354C}.ReleaseMD Unlicensed with LiveSubscribe.ActiveCfg = ReleaseMD Unlicensed with LiveSubscribe|Win32
		{2C10B022-B955-46C3-B625-A5DCF058354C}.ReleaseMD Unlicensed with LiveSubscribe.Build.0 = ReleaseMD Unlicensed with LiveSubscribe|Win32
		{2C10B022-B955-46C3-B625-A5DCF058354C}.ReleaseScalability.ActiveCfg = ReleaseMD Unlicensed with LiveSubscribe|Win32
		{2C10B022-B955-46C3-B625-A5DCF058354C}.ReleaseScalability.Build.0 = ReleaseMD Unlicensed with LiveSubscribe|Win32
		{2C10B022-B955-46C3-B625-A5DCF058354C}.Unicode Debug.ActiveCfg = ReleaseMD Unlicensed with LiveSubscribe|Win32
		{2C10B022-B955-46C3-B625-A5DCF058354C}.Unicode Debug.Build.0 = ReleaseMD Unlicensed with LiveSubscribe|Win32
		{2C10B022-B955-46C3-B625-A5DCF058354C}.Unicode Release MinDependency.ActiveCfg = ReleaseMD Unlicensed with LiveSubscribe|Win32
		{2C10B022-B955-46C3-B625-A5DCF058354C}.Unicode Release MinDependency.Build.0 = ReleaseMD Unlicensed with LiveSubscribe|Win32
		{2C10B022-B955-46C3-B625-A5DCF058354C}.Unicode Release MinSize.ActiveCfg = ReleaseMD Unlicensed with LiveSubscribe|Win32
		{2C10B022-B955-46C3-B625-A5DCF058354C}.Unicode Release MinSize.Build.0 = ReleaseMD Unlicensed with LiveSubscribe|Win32
		{1FF1578D-F9D4-4996-B3C7-3439FA47E722}.Debug.ActiveCfg = Debug|Win32
		{1FF1578D-F9D4-4996-B3C7-3439FA47E722}.Debug.Build.0 = Debug|Win32
		{1FF1578D-F9D4-4996-B3C7-3439FA47E722}.DebugLic.ActiveCfg = Debug|Win32
		{1FF1578D-F9D4-4996-B3C7-3439FA47E722}.DebugLic.Build.0 = Debug|Win32
		{1FF1578D-F9D4-4996-B3C7-3439FA47E722}.DebugMD Unlicensed With LiveSubscribe.ActiveCfg = Debug|Win32
		{1FF1578D-F9D4-4996-B3C7-3439FA47E722}.DebugMD Unlicensed With LiveSubscribe.Build.0 = Debug|Win32
		{1FF1578D-F9D4-4996-B3C7-3439FA47E722}.DebugScalability.ActiveCfg = Debug|Win32
		{1FF1578D-F9D4-4996-B3C7-3439FA47E722}.DebugScalability.Build.0 = Debug|Win32
		{1FF1578D-F9D4-4996-B3C7-3439FA47E722}.Release.ActiveCfg = Release MinSize|Win32
		{1FF1578D-F9D4-4996-B3C7-3439FA47E722}.Release.Build.0 = Release MinSize|Win32
		{1FF1578D-F9D4-4996-B3C7-3439FA47E722}.Release MinDependency.ActiveCfg = Release MinDependency|Win32
		{1FF1578D-F9D4-4996-B3C7-3439FA47E722}.Release MinDependency.Build.0 = Release MinDependency|Win32
		{1FF1578D-F9D4-4996-B3C7-3439FA47E722}.Release MinSize.ActiveCfg = Release MinSize|Win32
		{1FF1578D-F9D4-4996-B3C7-3439FA47E722}.Release MinSize.Build.0 = Release MinSize|Win32
		{1FF1578D-F9D4-4996-B3C7-3439FA47E722}.ReleaseLic.ActiveCfg = Release MinDependency|Win32
		{1FF1578D-F9D4-4996-B3C7-3439FA47E722}.ReleaseLic.Build.0 = Release MinDependency|Win32
		{1FF1578D-F9D4-4996-B3C7-3439FA47E722}.ReleaseMD Unlicensed with LiveSubscribe.ActiveCfg = Release MinDependency|Win32
		{1FF1578D-F9D4-4996-B3C7-3439FA47E722}.ReleaseMD Unlicensed with LiveSubscribe.Build.0 = Release MinDependency|Win32
		{1FF1578D-F9D4-4996-B3C7-3439FA47E722}.ReleaseScalability.ActiveCfg = Release MinDependency|Win32
		{1FF1578D-F9D4-4996-B3C7-3439FA47E722}.ReleaseScalability.Build.0 = Release MinDependency|Win32
		{1FF1578D-F9D4-4996-B3C7-3439FA47E722}.Unicode Debug.ActiveCfg = Unicode Debug|Win32
		{1FF1578D-F9D4-4996-B3C7-3439FA47E722}.Unicode Debug.Build.0 = Unicode Debug|Win32
		{1FF1578D-F9D4-4996-B3C7-3439FA47E722}.Unicode Release MinDependency.ActiveCfg = Unicode Release MinDependency|Win32
		{1FF1578D-F9D4-4996-B3C7-3439FA47E722}.Unicode Release MinDependency.Build.0 = Unicode Release MinDependency|Win32
		{1FF1578D-F9D4-4996-B3C7-3439FA47E722}.Unicode Release MinSize.ActiveCfg = Unicode Release MinSize|Win32
		{1FF1578D-F9D4-4996-B3C7-3439FA47E722}.Unicode Release MinSize.Build.0 = Unicode Release MinSize|Win32
		{2278C4A8-5A64-4165-8CA6-B8E25030EAE3}.Debug.ActiveCfg = Debug|Win32
		{2278C4A8-5A64-4165-8CA6-B8E25030EAE3}.Debug.Build.0 = Debug|Win32
		{2278C4A8-5A64-4165-8CA6-B8E25030EAE3}.DebugLic.ActiveCfg = Debug|Win32
		{2278C4A8-5A64-4165-8CA6-B8E25030EAE3}.DebugLic.Build.0 = Debug|Win32
		{2278C4A8-5A64-4165-8CA6-B8E25030EAE3}.DebugMD Unlicensed With LiveSubscribe.ActiveCfg = Debug|Win32
		{2278C4A8-5A64-4165-8CA6-B8E25030EAE3}.DebugMD Unlicensed With LiveSubscribe.Build.0 = Debug|Win32
		{2278C4A8-5A64-4165-8CA6-B8E25030EAE3}.DebugScalability.ActiveCfg = Debug|Win32
		{2278C4A8-5A64-4165-8CA6-B8E25030EAE3}.DebugScalability.Build.0 = Debug|Win32
		{2278C4A8-5A64-4165-8CA6-B8E25030EAE3}.Release.ActiveCfg = Release|Win32
		{2278C4A8-5A64-4165-8CA6-B8E25030EAE3}.Release.Build.0 = Release|Win32
		{2278C4A8-5A64-4165-8CA6-B8E25030EAE3}.Release MinDependency.ActiveCfg = Release|Win32
		{2278C4A8-5A64-4165-8CA6-B8E25030EAE3}.Release MinDependency.Build.0 = Release|Win32
		{2278C4A8-5A64-4165-8CA6-B8E25030EAE3}.Release MinSize.ActiveCfg = Release|Win32
		{2278C4A8-5A64-4165-8CA6-B8E25030EAE3}.Release MinSize.Build.0 = Release|Win32
		{2278C4A8-5A64-4165-8CA6-B8E25030EAE3}.ReleaseLic.ActiveCfg = Release|Win32
		{2278C4A8-5A64-4165-8CA6-B8E25030EAE3}.ReleaseLic.Build.0 = Release|Win32
		{2278C4A8-5A64-4165-8CA6-B8E25030EAE3}.ReleaseMD Unlicensed with LiveSubscribe.ActiveCfg = Release|Win32
		{2278C4A8-5A64-4165-8CA6-B8E25030EAE3}.ReleaseMD Unlicensed with LiveSubscribe.Build.0 = Release|Win32
		{2278C4A8-5A64-4165-8CA6-B8E25030EAE3}.ReleaseScalability.ActiveCfg = Release|Win32
		{2278C4A8-5A64-4165-8CA6-B8E25030EAE3}.ReleaseScalability.Build.0 = Release|Win32
		{2278C4A8-5A64-4165-8CA6-B8E25030EAE3}.Unicode Debug.ActiveCfg = Debug|Win32
		{2278C4A8-5A64-4165-8CA6-B8E25030EAE3}.Unicode Debug.Build.0 = Debug|Win32
		{2278C4A8-5A64-4165-8CA6-B8E25030EAE3}.Unicode Release MinDependency.ActiveCfg = Release|Win32
		{2278C4A8-5A64-4165-8CA6-B8E25030EAE3}.Unicode Release MinDependency.Build.0 = Release|Win32
		{2278C4A8-5A64-4165-8CA6-B8E25030EAE3}.Unicode Release MinSize.ActiveCfg = Release|Win32
		{2278C4A8-5A64-4165-8CA6-B8E25030EAE3}.Unicode Release MinSize.Build.0 = Release|Win32
		{3710A483-9DC2-4AD9-BF47-ED0582FD0AB9}.Debug.ActiveCfg = Debug|Win32
		{3710A483-9DC2-4AD9-BF47-ED0582FD0AB9}.Debug.Build.0 = Debug|Win32
		{3710A483-9DC2-4AD9-BF47-ED0582FD0AB9}.DebugLic.ActiveCfg = DebugLic|Win32
		{3710A483-9DC2-4AD9-BF47-ED0582FD0AB9}.DebugLic.Build.0 = DebugLic|Win32
		{3710A483-9DC2-4AD9-BF47-ED0582FD0AB9}.DebugMD Unlicensed With LiveSubscribe.ActiveCfg = DebugScalability|Win32
		{3710A483-9DC2-4AD9-BF47-ED0582FD0AB9}.DebugMD Unlicensed With LiveSubscribe.Build.0 = DebugScalability|Win32
		{3710A483-9DC2-4AD9-BF47-ED0582FD0AB9}.DebugScalability.ActiveCfg = DebugScalability|Win32
		{3710A483-9DC2-4AD9-BF47-ED0582FD0AB9}.DebugScalability.Build.0 = DebugScalability|Win32
		{3710A483-9DC2-4AD9-BF47-ED0582FD0AB9}.Release.ActiveCfg = Release|Win32
		{3710A483-9DC2-4AD9-BF47-ED0582FD0AB9}.Release.Build.0 = Release|Win32
		{3710A483-9DC2-4AD9-BF47-ED0582FD0AB9}.Release MinDependency.ActiveCfg = Release|Win32
		{3710A483-9DC2-4AD9-BF47-ED0582FD0AB9}.Release MinDependency.Build.0 = Release|Win32
		{3710A483-9DC2-4AD9-BF47-ED0582FD0AB9}.Release MinSize.ActiveCfg = Release|Win32
		{3710A483-9DC2-4AD9-BF47-ED0582FD0AB9}.Release MinSize.Build.0 = Release|Win32
		{3710A483-9DC2-4AD9-BF47-ED0582FD0AB9}.ReleaseLic.ActiveCfg = ReleaseLic|Win32
		{3710A483-9DC2-4AD9-BF47-ED0582FD0AB9}.ReleaseLic.Build.0 = ReleaseLic|Win32
		{3710A483-9DC2-4AD9-BF47-ED0582FD0AB9}.ReleaseMD Unlicensed with LiveSubscribe.ActiveCfg = ReleaseScalability|Win32
		{3710A483-9DC2-4AD9-BF47-ED0582FD0AB9}.ReleaseMD Unlicensed with LiveSubscribe.Build.0 = ReleaseScalability|Win32
		{3710A483-9DC2-4AD9-BF47-ED0582FD0AB9}.ReleaseScalability.ActiveCfg = ReleaseScalability|Win32
		{3710A483-9DC2-4AD9-BF47-ED0582FD0AB9}.ReleaseScalability.Build.0 = ReleaseScalability|Win32
		{3710A483-9DC2-4AD9-BF47-ED0582FD0AB9}.Unicode Debug.ActiveCfg = Debug|Win32
		{3710A483-9DC2-4AD9-BF47-ED0582FD0AB9}.Unicode Debug.Build.0 = Debug|Win32
		{3710A483-9DC2-4AD9-BF47-ED0582FD0AB9}.Unicode Release MinDependency.ActiveCfg = Release|Win32
		{3710A483-9DC2-4AD9-BF47-ED0582FD0AB9}.Unicode Release MinDependency.Build.0 = Release|Win32
		{3710A483-9DC2-4AD9-BF47-ED0582FD0AB9}.Unicode Release MinSize.ActiveCfg = Release|Win32
		{3710A483-9DC2-4AD9-BF47-ED0582FD0AB9}.Unicode Release MinSize.Build.0 = Release|Win32
	EndGlobalSection
	GlobalSection(ExtensibilityGlobals) = postSolution
	EndGlobalSection
	GlobalSection(ExtensibilityAddIns) = postSolution
	EndGlobalSection
	GlobalSection(DPCodeReviewSolutionGUID) = preSolution
		DPCodeReviewSolutionGUID = {00000000-0000-0000-0000-000000000000}
	EndGlobalSection
EndGlobal
