Microsoft Visual Studio Solution File, Format Version 9.00
# Visual Studio 2005
Project("{8BC9CEB8-8B4A-11D0-8D11-00A0C91BC942}") = "SavUI", "SavUI.vcproj", "{7060B586-0CD8-4B42-836E-DBC9C3F4400C}"
EndProject
Project("{8BC9CEB8-8B4A-11D0-8D11-00A0C91BC942}") = "SavUITest", "SavUITest\SavUITest.vcproj", "{01168FBC-D3C6-489E-8419-A093DF7FDEAB}"
EndProject
Global
	GlobalSection(SolutionConfigurationPlatforms) = preSolution
		Debug|Win32 = Debug|Win32
		Release|Win32 = Release|Win32
	EndGlobalSection
	GlobalSection(ProjectConfigurationPlatforms) = postSolution
		{7060B586-0CD8-4B42-836E-DBC9C3F4400C}.Debug|Win32.ActiveCfg = Debug|Win32
		{7060B586-0CD8-4B42-836E-DBC9C3F4400C}.Debug|Win32.Build.0 = Debug|Win32
		{7060B586-0CD8-4B42-836E-DBC9C3F4400C}.Release|Win32.ActiveCfg = Release|Win32
		{7060B586-0CD8-4B42-836E-DBC9C3F4400C}.Release|Win32.Build.0 = Release|Win32
		{01168FBC-D3C6-489E-8419-A093DF7FDEAB}.Debug|Win32.ActiveCfg = Debug|Win32
		{01168FBC-D3C6-489E-8419-A093DF7FDEAB}.Debug|Win32.Build.0 = Debug|Win32
		{01168FBC-D3C6-489E-8419-A093DF7FDEAB}.Release|Win32.ActiveCfg = Release|Win32
		{01168FBC-D3C6-489E-8419-A093DF7FDEAB}.Release|Win32.Build.0 = Release|Win32
	EndGlobalSection
	GlobalSection(SolutionProperties) = preSolution
		HideSolutionNode = FALSE
	EndGlobalSection
	GlobalSection(DPCodeReviewSolutionGUID) = preSolution
		DPCodeReviewSolutionGUID = {00000000-0000-0000-0000-000000000000}
	EndGlobalSection
EndGlobal
