Microsoft Visual Studio Solution File, Format Version 9.00
# Visual Studio 2005
Project("{8BC9CEB8-8B4A-11D0-8D11-00A0C91BC942}") = "DJSMAR00", "DJSMAR00.vcproj", "{2C10B022-B955-46C3-B625-A5DCF058354C}"
EndProject
Global
	GlobalSection(SolutionConfigurationPlatforms) = preSolution
		Debug|Win32 = Debug|Win32
		DebugMD Unlicensed With LiveSubscribe|Win32 = DebugMD Unlicensed With LiveSubscribe|Win32
		Release|Win32 = Release|Win32
		ReleaseMD Unlicensed with LiveSubscribe|Win32 = ReleaseMD Unlicensed with LiveSubscribe|Win32
	EndGlobalSection
	GlobalSection(ProjectConfigurationPlatforms) = postSolution
		{2C10B022-B955-46C3-B625-A5DCF058354C}.Debug|Win32.ActiveCfg = DebugMD Unlicensed With LiveSubscribe|Win32
		{2C10B022-B955-46C3-B625-A5DCF058354C}.Debug|Win32.Build.0 = DebugMD Unlicensed With LiveSubscribe|Win32
		{2C10B022-B955-46C3-B625-A5DCF058354C}.DebugMD Unlicensed With LiveSubscribe|Win32.ActiveCfg = DebugMD Unlicensed With LiveSubscribe|Win32
		{2C10B022-B955-46C3-B625-A5DCF058354C}.DebugMD Unlicensed With LiveSubscribe|Win32.Build.0 = DebugMD Unlicensed With LiveSubscribe|Win32
		{2C10B022-B955-46C3-B625-A5DCF058354C}.Release|Win32.ActiveCfg = ReleaseMD Unlicensed with LiveSubscribe|Win32
		{2C10B022-B955-46C3-B625-A5DCF058354C}.Release|Win32.Build.0 = ReleaseMD Unlicensed with LiveSubscribe|Win32
		{2C10B022-B955-46C3-B625-A5DCF058354C}.ReleaseMD Unlicensed with LiveSubscribe|Win32.ActiveCfg = ReleaseMD Unlicensed with LiveSubscribe|Win32
		{2C10B022-B955-46C3-B625-A5DCF058354C}.ReleaseMD Unlicensed with LiveSubscribe|Win32.Build.0 = ReleaseMD Unlicensed with LiveSubscribe|Win32
	EndGlobalSection
	GlobalSection(SolutionProperties) = preSolution
		HideSolutionNode = FALSE
	EndGlobalSection
EndGlobal
