Microsoft Visual Studio Solution File, Format Version 7.00
Project("{8BC9CEB8-8B4A-11D0-8D11-00A0C91BC942}") = "GRENLEAF", "..\GRENLEAF\GRENLEAF.vcproj", "{0A0A2C52-07F9-4AD3-82D8-5532221C885B}"
EndProject
Project("{8BC9CEB8-8B4A-11D0-8D11-00A0C91BC942}") = "CRC32", "..\CRC32\CRC32.vcproj", "{583458BB-8A1E-43EA-809B-C00718AFEF81}"
EndProject
Project("{8BC9CEB8-8B4A-11D0-8D11-00A0C91BC942}") = "SDPACK", "..\SDPACK\SDPACK.vcproj", "{6AFBCB78-30CF-4E2A-999D-6A306A5530D0}"
EndProject
Project("{8BC9CEB8-8B4A-11D0-8D11-00A0C91BC942}") = "OLESSAPI", "..\OLESSAPI\OLESSAPI.vcproj", "{40626FCE-3CAF-413A-BEB6-8A0E655F06CA}"
EndProject
Project("{8BC9CEB8-8B4A-11D0-8D11-00A0C91BC942}") = "ACSAPI", "..\ACSAPI\ACSAPI.vcproj", "{E01D7274-4128-4ADC-B825-8FDBC65D4813}"
EndProject
Project("{8BC9CEB8-8B4A-11D0-8D11-00A0C91BC942}") = "O97API", "..\O97API\O97API.vcproj", "{C41EB0B0-BBCB-432B-97DE-61C5D5A0C4E2}"
EndProject
Project("{8BC9CEB8-8B4A-11D0-8D11-00A0C91BC942}") = "WD7API", "..\WD7API\WD7API.vcproj", "{099B10F2-0301-452F-BB35-513F95E5120F}"
EndProject
Project("{8BC9CEB8-8B4A-11D0-8D11-00A0C91BC942}") = "XL5API", "..\XL5API\XL5API.vcproj", "{7649A627-5E62-4469-886E-903E4F81E22A}"
EndProject
Project("{8BC9CEB8-8B4A-11D0-8D11-00A0C91BC942}") = "SDSOCKET", "..\SDSOCKET\SDSOCKET.vcproj", "{6A8383F0-6049-4679-BE6B-E6A718D19133}"
EndProject
Project("{8BC9CEB8-8B4A-11D0-8D11-00A0C91BC942}") = "SDSTRIP", "..\SDSTRIP\SDSTRIP.vcproj", "{7EC83737-F86C-4E19-8DCA-C43801B93917}"
EndProject
Project("{8BC9CEB8-8B4A-11D0-8D11-00A0C91BC942}") = "SENDME", "..\SENDME\SENDME.vcproj", "{3FBABDBD-713F-4A84-8FB4-8A5C533B51B5}"
EndProject
Project("{8BC9CEB8-8B4A-11D0-8D11-00A0C91BC942}") = "SCANDLVR", "..\SCANDLVR\SCANDLVR.vcproj", "{666548F6-8668-4BF6-949A-2BFDDF5111EE}"
EndProject
Project("{8BC9CEB8-8B4A-11D0-8D11-00A0C91BC942}") = "SCANDRES", "..\SCANDRES\SCANDRES.vcproj", "{FFDDD02F-3D68-446E-9E74-2F9925D4EFD0}"
EndProject
Global
	GlobalSection(SourceCodeControl) = preSolution
		SccNumberOfProjects = 2
		SccProjectUniqueName0 = ..\\SCANDLVR\\SCANDLVR.vcproj
		SccProjectName0 = Perforce\u0020Project
		SccLocalPath0 = ..\\SCANDLVR
		SccProvider0 = MSSCCI:Perforce\u0020SCM
		CanCheckoutShared = true
		SccProjectUniqueName1 = ..\\SCANDRES\\SCANDRES.vcproj
		SccProjectName1 = Perforce\u0020Project
		SccLocalPath1 = ..\\SCANDRES
		SccProvider1 = MSSCCI:Perforce\u0020SCM
		CanCheckoutShared = true
	EndGlobalSection
	GlobalSection(SolutionConfiguration) = preSolution
		ConfigName.0 = Debug
		ConfigName.1 = Release
	EndGlobalSection
	GlobalSection(ProjectDependencies) = postSolution
		{6AFBCB78-30CF-4E2A-999D-6A306A5530D0}.0 = {583458BB-8A1E-43EA-809B-C00718AFEF81}
		{6AFBCB78-30CF-4E2A-999D-6A306A5530D0}.1 = {0A0A2C52-07F9-4AD3-82D8-5532221C885B}
		{C41EB0B0-BBCB-432B-97DE-61C5D5A0C4E2}.0 = {583458BB-8A1E-43EA-809B-C00718AFEF81}
		{099B10F2-0301-452F-BB35-513F95E5120F}.0 = {583458BB-8A1E-43EA-809B-C00718AFEF81}
		{7649A627-5E62-4469-886E-903E4F81E22A}.0 = {583458BB-8A1E-43EA-809B-C00718AFEF81}
		{7EC83737-F86C-4E19-8DCA-C43801B93917}.0 = {583458BB-8A1E-43EA-809B-C00718AFEF81}
		{7EC83737-F86C-4E19-8DCA-C43801B93917}.1 = {C41EB0B0-BBCB-432B-97DE-61C5D5A0C4E2}
		{7EC83737-F86C-4E19-8DCA-C43801B93917}.2 = {40626FCE-3CAF-413A-BEB6-8A0E655F06CA}
		{7EC83737-F86C-4E19-8DCA-C43801B93917}.3 = {099B10F2-0301-452F-BB35-513F95E5120F}
		{7EC83737-F86C-4E19-8DCA-C43801B93917}.4 = {7649A627-5E62-4469-886E-903E4F81E22A}
		{666548F6-8668-4BF6-949A-2BFDDF5111EE}.0 = {3FBABDBD-713F-4A84-8FB4-8A5C533B51B5}
		{666548F6-8668-4BF6-949A-2BFDDF5111EE}.1 = {7EC83737-F86C-4E19-8DCA-C43801B93917}
		{666548F6-8668-4BF6-949A-2BFDDF5111EE}.2 = {6A8383F0-6049-4679-BE6B-E6A718D19133}
		{666548F6-8668-4BF6-949A-2BFDDF5111EE}.3 = {6AFBCB78-30CF-4E2A-999D-6A306A5530D0}
	EndGlobalSection
	GlobalSection(ProjectConfiguration) = postSolution
		{0A0A2C52-07F9-4AD3-82D8-5532221C885B}.Debug.ActiveCfg = Debug|Win32
		{0A0A2C52-07F9-4AD3-82D8-5532221C885B}.Debug.Build.0 = Debug|Win32
		{0A0A2C52-07F9-4AD3-82D8-5532221C885B}.Release.ActiveCfg = Release|Win32
		{0A0A2C52-07F9-4AD3-82D8-5532221C885B}.Release.Build.0 = Release|Win32
		{583458BB-8A1E-43EA-809B-C00718AFEF81}.Debug.ActiveCfg = Debug|Win32
		{583458BB-8A1E-43EA-809B-C00718AFEF81}.Debug.Build.0 = Debug|Win32
		{583458BB-8A1E-43EA-809B-C00718AFEF81}.Release.ActiveCfg = Release|Win32
		{583458BB-8A1E-43EA-809B-C00718AFEF81}.Release.Build.0 = Release|Win32
		{6AFBCB78-30CF-4E2A-999D-6A306A5530D0}.Debug.ActiveCfg = Debug|Win32
		{6AFBCB78-30CF-4E2A-999D-6A306A5530D0}.Debug.Build.0 = Debug|Win32
		{6AFBCB78-30CF-4E2A-999D-6A306A5530D0}.Release.ActiveCfg = Release|Win32
		{6AFBCB78-30CF-4E2A-999D-6A306A5530D0}.Release.Build.0 = Release|Win32
		{40626FCE-3CAF-413A-BEB6-8A0E655F06CA}.Debug.ActiveCfg = Debug|Win32
		{40626FCE-3CAF-413A-BEB6-8A0E655F06CA}.Debug.Build.0 = Debug|Win32
		{40626FCE-3CAF-413A-BEB6-8A0E655F06CA}.Release.ActiveCfg = Release|Win32
		{40626FCE-3CAF-413A-BEB6-8A0E655F06CA}.Release.Build.0 = Release|Win32
		{E01D7274-4128-4ADC-B825-8FDBC65D4813}.Debug.ActiveCfg = Debug|Win32
		{E01D7274-4128-4ADC-B825-8FDBC65D4813}.Debug.Build.0 = Debug|Win32
		{E01D7274-4128-4ADC-B825-8FDBC65D4813}.Release.ActiveCfg = Release|Win32
		{E01D7274-4128-4ADC-B825-8FDBC65D4813}.Release.Build.0 = Release|Win32
		{C41EB0B0-BBCB-432B-97DE-61C5D5A0C4E2}.Debug.ActiveCfg = Debug|Win32
		{C41EB0B0-BBCB-432B-97DE-61C5D5A0C4E2}.Debug.Build.0 = Debug|Win32
		{C41EB0B0-BBCB-432B-97DE-61C5D5A0C4E2}.Release.ActiveCfg = Release|Win32
		{C41EB0B0-BBCB-432B-97DE-61C5D5A0C4E2}.Release.Build.0 = Release|Win32
		{099B10F2-0301-452F-BB35-513F95E5120F}.Debug.ActiveCfg = Debug|Win32
		{099B10F2-0301-452F-BB35-513F95E5120F}.Debug.Build.0 = Debug|Win32
		{099B10F2-0301-452F-BB35-513F95E5120F}.Release.ActiveCfg = Release|Win32
		{099B10F2-0301-452F-BB35-513F95E5120F}.Release.Build.0 = Release|Win32
		{7649A627-5E62-4469-886E-903E4F81E22A}.Debug.ActiveCfg = Debug|Win32
		{7649A627-5E62-4469-886E-903E4F81E22A}.Debug.Build.0 = Debug|Win32
		{7649A627-5E62-4469-886E-903E4F81E22A}.Release.ActiveCfg = Release|Win32
		{7649A627-5E62-4469-886E-903E4F81E22A}.Release.Build.0 = Release|Win32
		{6A8383F0-6049-4679-BE6B-E6A718D19133}.Debug.ActiveCfg = Debug|Win32
		{6A8383F0-6049-4679-BE6B-E6A718D19133}.Debug.Build.0 = Debug|Win32
		{6A8383F0-6049-4679-BE6B-E6A718D19133}.Release.ActiveCfg = Release|Win32
		{6A8383F0-6049-4679-BE6B-E6A718D19133}.Release.Build.0 = Release|Win32
		{7EC83737-F86C-4E19-8DCA-C43801B93917}.Debug.ActiveCfg = Debug|Win32
		{7EC83737-F86C-4E19-8DCA-C43801B93917}.Debug.Build.0 = Debug|Win32
		{7EC83737-F86C-4E19-8DCA-C43801B93917}.Release.ActiveCfg = Release|Win32
		{7EC83737-F86C-4E19-8DCA-C43801B93917}.Release.Build.0 = Release|Win32
		{3FBABDBD-713F-4A84-8FB4-8A5C533B51B5}.Debug.ActiveCfg = Debug|Win32
		{3FBABDBD-713F-4A84-8FB4-8A5C533B51B5}.Debug.Build.0 = Debug|Win32
		{3FBABDBD-713F-4A84-8FB4-8A5C533B51B5}.Release.ActiveCfg = Release|Win32
		{3FBABDBD-713F-4A84-8FB4-8A5C533B51B5}.Release.Build.0 = Release|Win32
		{666548F6-8668-4BF6-949A-2BFDDF5111EE}.Debug.ActiveCfg = Debug|Win32
		{666548F6-8668-4BF6-949A-2BFDDF5111EE}.Debug.Build.0 = Debug|Win32
		{666548F6-8668-4BF6-949A-2BFDDF5111EE}.Release.ActiveCfg = Release|Win32
		{666548F6-8668-4BF6-949A-2BFDDF5111EE}.Release.Build.0 = Release|Win32
		{FFDDD02F-3D68-446E-9E74-2F9925D4EFD0}.Debug.ActiveCfg = Debug|Win32
		{FFDDD02F-3D68-446E-9E74-2F9925D4EFD0}.Debug.Build.0 = Debug|Win32
		{FFDDD02F-3D68-446E-9E74-2F9925D4EFD0}.Release.ActiveCfg = Release|Win32
		{FFDDD02F-3D68-446E-9E74-2F9925D4EFD0}.Release.Build.0 = Release|Win32
	EndGlobalSection
	GlobalSection(ExtensibilityGlobals) = postSolution
	EndGlobalSection
	GlobalSection(ExtensibilityAddIns) = postSolution
	EndGlobalSection
EndGlobal
