Microsoft Visual Studio Solution File, Format Version 8.00
Project("{8BC9CEB8-8B4A-11D0-8D11-00A0C91BC942}") = "HPPEvents", "HomePageProtectionEvents\HPPEvents.vcproj", "{B534908E-5337-4173-89B2-3AD5BD658E35}"
	ProjectSection(ProjectDependencies) = postProject
	EndProjectSection
EndProject
Project("{8BC9CEB8-8B4A-11D0-8D11-00A0C91BC942}") = "HPPLogViewer", "HomePageProtectionLogViewer\HPPLogViewer.vcproj", "{D7A483BC-BC17-4039-B4ED-93BC6A400C10}"
	ProjectSection(ProjectDependencies) = postProject
	EndProjectSection
EndProject
Project("{8BC9CEB8-8B4A-11D0-8D11-00A0C91BC942}") = "HPPApp", "HomePageProtectionApp\HomePageProtectionApp.vcproj", "{223E4707-AC82-405D-9DD2-2EA1B43B1F58}"
	ProjectSection(ProjectDependencies) = postProject
	EndProjectSection
EndProject
Project("{8BC9CEB8-8B4A-11D0-8D11-00A0C91BC942}") = "HPPScriptableObj", "HomePageProtectionScriptableObj\HomePageProtectionScriptableObj.vcproj", "{2853A75A-785E-4A82-9013-F4255993F653}"
	ProjectSection(ProjectDependencies) = postProject
	EndProjectSection
EndProject
Project("{8BC9CEB8-8B4A-11D0-8D11-00A0C91BC942}") = "HomePageProtectionRes", "HomePageProtectionResources\SpywarePlusRes.vcproj", "{35957F74-A959-48E9-933E-FB2063B33F36}"
	ProjectSection(ProjectDependencies) = postProject
	EndProjectSection
EndProject
Global
	GlobalSection(SolutionConfiguration) = preSolution
		Debug = Debug
		Release = Release
	EndGlobalSection
	GlobalSection(ProjectConfiguration) = postSolution
		{B534908E-5337-4173-89B2-3AD5BD658E35}.Debug.ActiveCfg = Debug|Win32
		{B534908E-5337-4173-89B2-3AD5BD658E35}.Debug.Build.0 = Debug|Win32
		{B534908E-5337-4173-89B2-3AD5BD658E35}.Release.ActiveCfg = Release|Win32
		{B534908E-5337-4173-89B2-3AD5BD658E35}.Release.Build.0 = Release|Win32
		{D7A483BC-BC17-4039-B4ED-93BC6A400C10}.Debug.ActiveCfg = Debug|Win32
		{D7A483BC-BC17-4039-B4ED-93BC6A400C10}.Debug.Build.0 = Debug|Win32
		{D7A483BC-BC17-4039-B4ED-93BC6A400C10}.Release.ActiveCfg = Release|Win32
		{D7A483BC-BC17-4039-B4ED-93BC6A400C10}.Release.Build.0 = Release|Win32
		{223E4707-AC82-405D-9DD2-2EA1B43B1F58}.Debug.ActiveCfg = Debug|Win32
		{223E4707-AC82-405D-9DD2-2EA1B43B1F58}.Debug.Build.0 = Debug|Win32
		{223E4707-AC82-405D-9DD2-2EA1B43B1F58}.Release.ActiveCfg = Release|Win32
		{223E4707-AC82-405D-9DD2-2EA1B43B1F58}.Release.Build.0 = Release|Win32
		{2853A75A-785E-4A82-9013-F4255993F653}.Debug.ActiveCfg = Debug|Win32
		{2853A75A-785E-4A82-9013-F4255993F653}.Debug.Build.0 = Debug|Win32
		{2853A75A-785E-4A82-9013-F4255993F653}.Release.ActiveCfg = Release|Win32
		{2853A75A-785E-4A82-9013-F4255993F653}.Release.Build.0 = Release|Win32
		{35957F74-A959-48E9-933E-FB2063B33F36}.Debug.ActiveCfg = Debug|Win32
		{35957F74-A959-48E9-933E-FB2063B33F36}.Debug.Build.0 = Debug|Win32
		{35957F74-A959-48E9-933E-FB2063B33F36}.Release.ActiveCfg = Release|Win32
		{35957F74-A959-48E9-933E-FB2063B33F36}.Release.Build.0 = Release|Win32
	EndGlobalSection
	GlobalSection(ExtensibilityGlobals) = postSolution
	EndGlobalSection
	GlobalSection(ExtensibilityAddIns) = postSolution
	EndGlobalSection
	GlobalSection(DPCodeReviewSolutionGUID) = preSolution
		DPCodeReviewSolutionGUID = {00000000-0000-0000-0000-000000000000}
	EndGlobalSection
EndGlobal
