Microsoft Visual Studio Solution File, Format Version 8.00
Project("{8BC9CEB8-8B4A-11D0-8D11-00A0C91BC942}") = "NavShellExtHelper", "NavShellExtHelper.vcproj", "{F9D96C7C-50D3-48A2-87BB-53B61CBA8AEB}"
	ProjectSection(ProjectDependencies) = postProject
	EndProjectSection
EndProject
Project("{8BC9CEB8-8B4A-11D0-8D11-00A0C91BC942}") = "NavShellExtHelperPS", "NavShellExtHelperPS.vcproj", "{8D99ED64-B212-4947-BCDA-0EF32E81C471}"
	ProjectSection(ProjectDependencies) = postProject
	EndProjectSection
EndProject
Project("{8BC9CEB8-8B4A-11D0-8D11-00A0C91BC942}") = "navinst", "..\..\Work\NavInst\navinst.vcproj", "{AD0E1691-3FC1-44FC-8049-5448535AC4CA}"
	ProjectSection(ProjectDependencies) = postProject
	EndProjectSection
EndProject
Project("{8BC9CEB8-8B4A-11D0-8D11-00A0C91BC942}") = "NavShellExtEx", "..\NavShellExtEx\NavShellExtEx.vcproj", "{4AEA016D-2671-4005-A65C-8DB4C8FAA849}"
	ProjectSection(ProjectDependencies) = postProject
	EndProjectSection
EndProject
Global
	GlobalSection(SourceCodeControl) = preSolution
		SccNumberOfProjects = 1
		SccProjectUniqueName0 = ..\\..\\Work\\NavInst\\navinst.vcproj
		SccProjectName0 = navinst
		SccLocalPath0 = ..\\..\\Work\\NavInst
		SccProvider0 = MSSCCI:Microsoft\u0020Visual\u0020SourceSafe
	EndGlobalSection
	GlobalSection(SolutionConfiguration) = preSolution
		Debug = Debug
		DebugAmd64 = DebugAmd64
		Release = Release
		ReleaseAmd64 = ReleaseAmd64
	EndGlobalSection
	GlobalSection(ProjectConfiguration) = postSolution
		{F9D96C7C-50D3-48A2-87BB-53B61CBA8AEB}.Debug.ActiveCfg = Debug|Win32
		{F9D96C7C-50D3-48A2-87BB-53B61CBA8AEB}.Debug.Build.0 = Debug|Win32
		{F9D96C7C-50D3-48A2-87BB-53B61CBA8AEB}.DebugAmd64.ActiveCfg = DebugAmd64|Win32
		{F9D96C7C-50D3-48A2-87BB-53B61CBA8AEB}.DebugAmd64.Build.0 = DebugAmd64|Win32
		{F9D96C7C-50D3-48A2-87BB-53B61CBA8AEB}.Release.ActiveCfg = Release|Win32
		{F9D96C7C-50D3-48A2-87BB-53B61CBA8AEB}.Release.Build.0 = Release|Win32
		{F9D96C7C-50D3-48A2-87BB-53B61CBA8AEB}.ReleaseAmd64.ActiveCfg = ReleaseAmd64|Win32
		{F9D96C7C-50D3-48A2-87BB-53B61CBA8AEB}.ReleaseAmd64.Build.0 = ReleaseAmd64|Win32
		{8D99ED64-B212-4947-BCDA-0EF32E81C471}.Debug.ActiveCfg = Debug|Win32
		{8D99ED64-B212-4947-BCDA-0EF32E81C471}.Debug.Build.0 = Debug|Win32
		{8D99ED64-B212-4947-BCDA-0EF32E81C471}.DebugAmd64.ActiveCfg = DebugAmd64|Win32
		{8D99ED64-B212-4947-BCDA-0EF32E81C471}.DebugAmd64.Build.0 = DebugAmd64|Win32
		{8D99ED64-B212-4947-BCDA-0EF32E81C471}.Release.ActiveCfg = Release|Win32
		{8D99ED64-B212-4947-BCDA-0EF32E81C471}.Release.Build.0 = Release|Win32
		{8D99ED64-B212-4947-BCDA-0EF32E81C471}.ReleaseAmd64.ActiveCfg = ReleaseAmd64|Win32
		{8D99ED64-B212-4947-BCDA-0EF32E81C471}.ReleaseAmd64.Build.0 = ReleaseAmd64|Win32
		{AD0E1691-3FC1-44FC-8049-5448535AC4CA}.Debug.ActiveCfg = Debug|Win32
		{AD0E1691-3FC1-44FC-8049-5448535AC4CA}.Debug.Build.0 = Debug|Win32
		{AD0E1691-3FC1-44FC-8049-5448535AC4CA}.DebugAmd64.ActiveCfg = Debug|Win32
		{AD0E1691-3FC1-44FC-8049-5448535AC4CA}.DebugAmd64.Build.0 = Debug|Win32
		{AD0E1691-3FC1-44FC-8049-5448535AC4CA}.Release.ActiveCfg = Release|Win32
		{AD0E1691-3FC1-44FC-8049-5448535AC4CA}.Release.Build.0 = Release|Win32
		{AD0E1691-3FC1-44FC-8049-5448535AC4CA}.ReleaseAmd64.ActiveCfg = Release|Win32
		{AD0E1691-3FC1-44FC-8049-5448535AC4CA}.ReleaseAmd64.Build.0 = Release|Win32
		{4AEA016D-2671-4005-A65C-8DB4C8FAA849}.Debug.ActiveCfg = Debug|Win32
		{4AEA016D-2671-4005-A65C-8DB4C8FAA849}.Debug.Build.0 = Debug|Win32
		{4AEA016D-2671-4005-A65C-8DB4C8FAA849}.DebugAmd64.ActiveCfg = DebugAmd64|Win32
		{4AEA016D-2671-4005-A65C-8DB4C8FAA849}.DebugAmd64.Build.0 = DebugAmd64|Win32
		{4AEA016D-2671-4005-A65C-8DB4C8FAA849}.Release.ActiveCfg = Release|Win32
		{4AEA016D-2671-4005-A65C-8DB4C8FAA849}.Release.Build.0 = Release|Win32
		{4AEA016D-2671-4005-A65C-8DB4C8FAA849}.ReleaseAmd64.ActiveCfg = ReleaseAmd64|Win32
		{4AEA016D-2671-4005-A65C-8DB4C8FAA849}.ReleaseAmd64.Build.0 = ReleaseAmd64|Win32
	EndGlobalSection
	GlobalSection(ExtensibilityGlobals) = postSolution
	EndGlobalSection
	GlobalSection(ExtensibilityAddIns) = postSolution
	EndGlobalSection
EndGlobal
