Microsoft Visual Studio Solution File, Format Version 7.00
Project("{8BC9CEB8-8B4A-11D0-8D11-00A0C91BC942}") = "NAVEvents", "NAVEvents.vcproj", "{498E4125-E542-4CF7-B192-769CBBED11CC}"
EndProject
Global
	GlobalSection(DevPartner Solution Properties) = postSolution
	EndGlobalSection
	GlobalSection(SolutionConfiguration) = preSolution
		ConfigName.0 = Debug DLL
		ConfigName.1 = Release DLL
	EndGlobalSection
	GlobalSection(ProjectDependencies) = postSolution
	EndGlobalSection
	GlobalSection(ProjectConfiguration) = postSolution
		{498E4125-E542-4CF7-B192-769CBBED11CC}.Debug DLL.ActiveCfg = Debug DLL|Win32
		{498E4125-E542-4CF7-B192-769CBBED11CC}.Debug DLL.Build.0 = Debug DLL|Win32
		{498E4125-E542-4CF7-B192-769CBBED11CC}.Release DLL.ActiveCfg = Release DLL|Win32
		{498E4125-E542-4CF7-B192-769CBBED11CC}.Release DLL.Build.0 = Release DLL|Win32
	EndGlobalSection
	GlobalSection(ExtensibilityGlobals) = postSolution
	EndGlobalSection
	GlobalSection(ExtensibilityAddIns) = postSolution
	EndGlobalSection
EndGlobal
