Microsoft Visual Studio Solution File, Format Version 9.00
# Visual Studio 2005
Project("{8BC9CEB8-8B4A-11D0-8D11-00A0C91BC942}") = "Rtvscan", "RTVScan.vcproj", "{3710A483-9DC2-4AD9-BF47-ED0582FD0AB9}"
EndProject
Global
	GlobalSection(SolutionConfigurationPlatforms) = preSolution
		Debug|Win32 = Debug|Win32
		DebugLic|Win32 = DebugLic|Win32
		DebugScalability|Win32 = DebugScalability|Win32
		Release|Win32 = Release|Win32
		ReleaseLic|Win32 = ReleaseLic|Win32
		ReleaseScalability|Win32 = ReleaseScalability|Win32
	EndGlobalSection
	GlobalSection(ProjectConfigurationPlatforms) = postSolution
		{3710A483-9DC2-4AD9-BF47-ED0582FD0AB9}.Debug|Win32.ActiveCfg = Debug|Win32
		{3710A483-9DC2-4AD9-BF47-ED0582FD0AB9}.Debug|Win32.Build.0 = Debug|Win32
		{3710A483-9DC2-4AD9-BF47-ED0582FD0AB9}.DebugLic|Win32.ActiveCfg = DebugLic|Win32
		{3710A483-9DC2-4AD9-BF47-ED0582FD0AB9}.DebugLic|Win32.Build.0 = DebugLic|Win32
		{3710A483-9DC2-4AD9-BF47-ED0582FD0AB9}.DebugScalability|Win32.ActiveCfg = DebugScalability|Win32
		{3710A483-9DC2-4AD9-BF47-ED0582FD0AB9}.DebugScalability|Win32.Build.0 = DebugScalability|Win32
		{3710A483-9DC2-4AD9-BF47-ED0582FD0AB9}.Release|Win32.ActiveCfg = Release|Win32
		{3710A483-9DC2-4AD9-BF47-ED0582FD0AB9}.Release|Win32.Build.0 = Release|Win32
		{3710A483-9DC2-4AD9-BF47-ED0582FD0AB9}.ReleaseLic|Win32.ActiveCfg = ReleaseLic|Win32
		{3710A483-9DC2-4AD9-BF47-ED0582FD0AB9}.ReleaseLic|Win32.Build.0 = ReleaseLic|Win32
		{3710A483-9DC2-4AD9-BF47-ED0582FD0AB9}.ReleaseScalability|Win32.ActiveCfg = ReleaseScalability|Win32
		{3710A483-9DC2-4AD9-BF47-ED0582FD0AB9}.ReleaseScalability|Win32.Build.0 = ReleaseScalability|Win32
	EndGlobalSection
	GlobalSection(SolutionProperties) = preSolution
		HideSolutionNode = FALSE
	EndGlobalSection
EndGlobal
